// !$*UTF8*$!
{
	archiveVersion = 1;
	classes = {
	};
	objectVersion = 46;
	objects = {

/* Begin PBXBuildFile section */
		01B5C8681CC826D800694F4A /* VimeoNetworking.h in Headers */ = {isa = PBXBuildFile; fileRef = 01B5C8671CC826D800694F4A /* VimeoNetworking.h */; settings = {ATTRIBUTES = (Public, ); }; };
		01B5C86F1CC826D800694F4A /* VimeoNetworking.framework in Frameworks */ = {isa = PBXBuildFile; fileRef = 01B5C8641CC826D800694F4A /* VimeoNetworking.framework */; };
		01B5C8741CC826D800694F4A /* VimeoNetworkingTests.swift in Sources */ = {isa = PBXBuildFile; fileRef = 01B5C8731CC826D800694F4A /* VimeoNetworkingTests.swift */; };
		01B5C8D81CC8271A00694F4A /* VimeoNetworking.swift in Sources */ = {isa = PBXBuildFile; fileRef = 01B5C87E1CC8271A00694F4A /* VimeoNetworking.swift */; };
		01B5C8D91CC8271A00694F4A /* Constants.swift in Sources */ = {isa = PBXBuildFile; fileRef = 01B5C87F1CC8271A00694F4A /* Constants.swift */; };
		01B5C8DA1CC8271A00694F4A /* digicert-sha2.cer in Resources */ = {isa = PBXBuildFile; fileRef = 01B5C8801CC8271A00694F4A /* digicert-sha2.cer */; };
		01B5C8DB1CC8271A00694F4A /* AppConfiguration.swift in Sources */ = {isa = PBXBuildFile; fileRef = 01B5C8821CC8271A00694F4A /* AppConfiguration.swift */; };
		01B5C8DC1CC8271A00694F4A /* VimeoRequestSerializer.swift in Sources */ = {isa = PBXBuildFile; fileRef = 01B5C8831CC8271A00694F4A /* VimeoRequestSerializer.swift */; };
		01B5C8DD1CC8271A00694F4A /* VimeoResponseSerializer.swift in Sources */ = {isa = PBXBuildFile; fileRef = 01B5C8841CC8271A00694F4A /* VimeoResponseSerializer.swift */; };
		01B5C8DE1CC8271A00694F4A /* VimeoSessionManager.swift in Sources */ = {isa = PBXBuildFile; fileRef = 01B5C8851CC8271A00694F4A /* VimeoSessionManager.swift */; };
		01B5C8DF1CC8271A00694F4A /* VimeoClient.swift in Sources */ = {isa = PBXBuildFile; fileRef = 01B5C8861CC8271A00694F4A /* VimeoClient.swift */; };
		01B5C8E01CC8271A00694F4A /* VimeoSessionManager+Constructors.swift in Sources */ = {isa = PBXBuildFile; fileRef = 01B5C8871CC8271A00694F4A /* VimeoSessionManager+Constructors.swift */; };
		01B5C8E11CC8271A00694F4A /* VIMObjectMapper+Generic.swift in Sources */ = {isa = PBXBuildFile; fileRef = 01B5C8891CC8271A00694F4A /* VIMObjectMapper+Generic.swift */; };
		01B5C8E21CC8271A00694F4A /* Request.swift in Sources */ = {isa = PBXBuildFile; fileRef = 01B5C88B1CC8271A00694F4A /* Request.swift */; };
		01B5C8E31CC8271A00694F4A /* Request+User.swift in Sources */ = {isa = PBXBuildFile; fileRef = 01B5C88C1CC8271A00694F4A /* Request+User.swift */; };
		01B5C8E41CC8271A00694F4A /* Request+Authentication.swift in Sources */ = {isa = PBXBuildFile; fileRef = 01B5C88D1CC8271A00694F4A /* Request+Authentication.swift */; };
		01B5C8E51CC8271A00694F4A /* Request+Video.swift in Sources */ = {isa = PBXBuildFile; fileRef = 01B5C88E1CC8271A00694F4A /* Request+Video.swift */; };
		01B5C8E61CC8271A00694F4A /* Response.swift in Sources */ = {isa = PBXBuildFile; fileRef = 01B5C8901CC8271A00694F4A /* Response.swift */; };
		01B5C8E71CC8271A00694F4A /* AuthenticationController.swift in Sources */ = {isa = PBXBuildFile; fileRef = 01B5C8921CC8271A00694F4A /* AuthenticationController.swift */; };
		01B5C8E81CC8271A00694F4A /* Scope.swift in Sources */ = {isa = PBXBuildFile; fileRef = 01B5C8931CC8271A00694F4A /* Scope.swift */; };
		01B5C8E91CC8271A00694F4A /* AccountStore.swift in Sources */ = {isa = PBXBuildFile; fileRef = 01B5C8941CC8271A00694F4A /* AccountStore.swift */; };
		01B5C8EA1CC8271A00694F4A /* KeychainStore.swift in Sources */ = {isa = PBXBuildFile; fileRef = 01B5C8951CC8271A00694F4A /* KeychainStore.swift */; };
		01B5C8EB1CC8271A00694F4A /* ResponseCache.swift in Sources */ = {isa = PBXBuildFile; fileRef = 01B5C8971CC8271A00694F4A /* ResponseCache.swift */; };
		01B5C8EC1CC8271A00694F4A /* Request+Cache.swift in Sources */ = {isa = PBXBuildFile; fileRef = 01B5C8981CC8271A00694F4A /* Request+Cache.swift */; };
		01B5C8ED1CC8271A00694F4A /* Mappable.swift in Sources */ = {isa = PBXBuildFile; fileRef = 01B5C89A1CC8271A00694F4A /* Mappable.swift */; };
		01B5C8EE1CC8271A00694F4A /* String+Parameters.swift in Sources */ = {isa = PBXBuildFile; fileRef = 01B5C89C1CC8271A00694F4A /* String+Parameters.swift */; };
		01B5C8EF1CC8271A00694F4A /* Result.swift in Sources */ = {isa = PBXBuildFile; fileRef = 01B5C89D1CC8271A00694F4A /* Result.swift */; };
		01B5C8F01CC8271A00694F4A /* NSError+Extensions.swift in Sources */ = {isa = PBXBuildFile; fileRef = 01B5C89E1CC8271A00694F4A /* NSError+Extensions.swift */; };
		01B5C8F11CC8271A00694F4A /* VIMAccountNew.h in Headers */ = {isa = PBXBuildFile; fileRef = 01B5C8A01CC8271A00694F4A /* VIMAccountNew.h */; settings = {ATTRIBUTES = (Public, ); }; };
		01B5C8F21CC8271A00694F4A /* VIMAccount.h in Headers */ = {isa = PBXBuildFile; fileRef = 01B5C8A11CC8271A00694F4A /* VIMAccount.h */; settings = {ATTRIBUTES = (Public, ); }; };
		01B5C8F31CC8271A00694F4A /* VIMAccount.m in Sources */ = {isa = PBXBuildFile; fileRef = 01B5C8A21CC8271A00694F4A /* VIMAccount.m */; };
		01B5C8F41CC8271A00694F4A /* VIMAccountCredential.h in Headers */ = {isa = PBXBuildFile; fileRef = 01B5C8A31CC8271A00694F4A /* VIMAccountCredential.h */; settings = {ATTRIBUTES = (Public, ); }; };
		01B5C8F51CC8271A00694F4A /* VIMAccountCredential.m in Sources */ = {isa = PBXBuildFile; fileRef = 01B5C8A41CC8271A00694F4A /* VIMAccountCredential.m */; };
		01B5C8F61CC8271A00694F4A /* VIMAccountNew.m in Sources */ = {isa = PBXBuildFile; fileRef = 01B5C8A51CC8271A00694F4A /* VIMAccountNew.m */; };
		01B5C8F71CC8271A00694F4A /* VIMActivity.h in Headers */ = {isa = PBXBuildFile; fileRef = 01B5C8A61CC8271A00694F4A /* VIMActivity.h */; settings = {ATTRIBUTES = (Public, ); }; };
		01B5C8F81CC8271A00694F4A /* VIMActivity.m in Sources */ = {isa = PBXBuildFile; fileRef = 01B5C8A71CC8271A00694F4A /* VIMActivity.m */; };
		01B5C8F91CC8271A00694F4A /* VIMAppeal.h in Headers */ = {isa = PBXBuildFile; fileRef = 01B5C8A81CC8271A00694F4A /* VIMAppeal.h */; settings = {ATTRIBUTES = (Public, ); }; };
		01B5C8FA1CC8271A00694F4A /* VIMAppeal.m in Sources */ = {isa = PBXBuildFile; fileRef = 01B5C8A91CC8271A00694F4A /* VIMAppeal.m */; };
		01B5C8FB1CC8271A00694F4A /* VIMCategory.h in Headers */ = {isa = PBXBuildFile; fileRef = 01B5C8AA1CC8271A00694F4A /* VIMCategory.h */; settings = {ATTRIBUTES = (Public, ); }; };
		01B5C8FC1CC8271A00694F4A /* VIMCategory.m in Sources */ = {isa = PBXBuildFile; fileRef = 01B5C8AB1CC8271A00694F4A /* VIMCategory.m */; };
		01B5C8FD1CC8271A00694F4A /* VIMChannel.h in Headers */ = {isa = PBXBuildFile; fileRef = 01B5C8AC1CC8271A00694F4A /* VIMChannel.h */; settings = {ATTRIBUTES = (Public, ); }; };
		01B5C8FE1CC8271A00694F4A /* VIMChannel.m in Sources */ = {isa = PBXBuildFile; fileRef = 01B5C8AD1CC8271A00694F4A /* VIMChannel.m */; };
		01B5C8FF1CC8271A00694F4A /* VIMComment.h in Headers */ = {isa = PBXBuildFile; fileRef = 01B5C8AE1CC8271A00694F4A /* VIMComment.h */; settings = {ATTRIBUTES = (Public, ); }; };
		01B5C9001CC8271A00694F4A /* VIMComment.m in Sources */ = {isa = PBXBuildFile; fileRef = 01B5C8AF1CC8271A00694F4A /* VIMComment.m */; };
		01B5C9011CC8271A00694F4A /* VIMConnection.h in Headers */ = {isa = PBXBuildFile; fileRef = 01B5C8B01CC8271A00694F4A /* VIMConnection.h */; settings = {ATTRIBUTES = (Public, ); }; };
		01B5C9021CC8271A00694F4A /* VIMConnection.m in Sources */ = {isa = PBXBuildFile; fileRef = 01B5C8B11CC8271A00694F4A /* VIMConnection.m */; };
		01B5C9031CC8271A00694F4A /* VIMGroup.h in Headers */ = {isa = PBXBuildFile; fileRef = 01B5C8B21CC8271A00694F4A /* VIMGroup.h */; settings = {ATTRIBUTES = (Public, ); }; };
		01B5C9041CC8271A00694F4A /* VIMGroup.m in Sources */ = {isa = PBXBuildFile; fileRef = 01B5C8B31CC8271A00694F4A /* VIMGroup.m */; };
		01B5C9051CC8271A00694F4A /* VIMInteraction.h in Headers */ = {isa = PBXBuildFile; fileRef = 01B5C8B41CC8271A00694F4A /* VIMInteraction.h */; settings = {ATTRIBUTES = (Public, ); }; };
		01B5C9061CC8271A00694F4A /* VIMInteraction.m in Sources */ = {isa = PBXBuildFile; fileRef = 01B5C8B51CC8271A00694F4A /* VIMInteraction.m */; };
		01B5C9071CC8271A00694F4A /* VIMPicture.h in Headers */ = {isa = PBXBuildFile; fileRef = 01B5C8B61CC8271A00694F4A /* VIMPicture.h */; settings = {ATTRIBUTES = (Public, ); }; };
		01B5C9081CC8271A00694F4A /* VIMPicture.m in Sources */ = {isa = PBXBuildFile; fileRef = 01B5C8B71CC8271A00694F4A /* VIMPicture.m */; };
		01B5C9091CC8271A00694F4A /* VIMPictureCollection.h in Headers */ = {isa = PBXBuildFile; fileRef = 01B5C8B81CC8271A00694F4A /* VIMPictureCollection.h */; settings = {ATTRIBUTES = (Public, ); }; };
		01B5C90A1CC8271A00694F4A /* VIMPictureCollection.m in Sources */ = {isa = PBXBuildFile; fileRef = 01B5C8B91CC8271A00694F4A /* VIMPictureCollection.m */; };
		01B5C90B1CC8271A00694F4A /* VIMPreference.h in Headers */ = {isa = PBXBuildFile; fileRef = 01B5C8BA1CC8271A00694F4A /* VIMPreference.h */; settings = {ATTRIBUTES = (Public, ); }; };
		01B5C90C1CC8271A00694F4A /* VIMPreference.m in Sources */ = {isa = PBXBuildFile; fileRef = 01B5C8BB1CC8271A00694F4A /* VIMPreference.m */; };
		01B5C90D1CC8271A00694F4A /* VIMPrivacy.h in Headers */ = {isa = PBXBuildFile; fileRef = 01B5C8BC1CC8271A00694F4A /* VIMPrivacy.h */; settings = {ATTRIBUTES = (Public, ); }; };
		01B5C90E1CC8271A00694F4A /* VIMPrivacy.m in Sources */ = {isa = PBXBuildFile; fileRef = 01B5C8BD1CC8271A00694F4A /* VIMPrivacy.m */; };
		01B5C90F1CC8271A00694F4A /* VIMQuantityQuota.h in Headers */ = {isa = PBXBuildFile; fileRef = 01B5C8BE1CC8271A00694F4A /* VIMQuantityQuota.h */; settings = {ATTRIBUTES = (Public, ); }; };
		01B5C9101CC8271A00694F4A /* VIMQuantityQuota.m in Sources */ = {isa = PBXBuildFile; fileRef = 01B5C8BF1CC8271A00694F4A /* VIMQuantityQuota.m */; };
		01B5C9111CC8271A00694F4A /* VIMSizeQuota.h in Headers */ = {isa = PBXBuildFile; fileRef = 01B5C8C01CC8271A00694F4A /* VIMSizeQuota.h */; settings = {ATTRIBUTES = (Public, ); }; };
		01B5C9121CC8271A00694F4A /* VIMSizeQuota.m in Sources */ = {isa = PBXBuildFile; fileRef = 01B5C8C11CC8271A00694F4A /* VIMSizeQuota.m */; };
		01B5C9131CC8271A00694F4A /* VIMTag.h in Headers */ = {isa = PBXBuildFile; fileRef = 01B5C8C21CC8271A00694F4A /* VIMTag.h */; settings = {ATTRIBUTES = (Public, ); }; };
		01B5C9141CC8271A00694F4A /* VIMTag.m in Sources */ = {isa = PBXBuildFile; fileRef = 01B5C8C31CC8271A00694F4A /* VIMTag.m */; };
		01B5C9151CC8271A00694F4A /* VIMTrigger.h in Headers */ = {isa = PBXBuildFile; fileRef = 01B5C8C41CC8271A00694F4A /* VIMTrigger.h */; settings = {ATTRIBUTES = (Public, ); }; };
		01B5C9161CC8271A00694F4A /* VIMTrigger.m in Sources */ = {isa = PBXBuildFile; fileRef = 01B5C8C51CC8271A00694F4A /* VIMTrigger.m */; };
		01B5C9171CC8271A00694F4A /* VIMUploadQuota.h in Headers */ = {isa = PBXBuildFile; fileRef = 01B5C8C61CC8271A00694F4A /* VIMUploadQuota.h */; settings = {ATTRIBUTES = (Public, ); }; };
		01B5C9181CC8271A00694F4A /* VIMUploadQuota.m in Sources */ = {isa = PBXBuildFile; fileRef = 01B5C8C71CC8271A00694F4A /* VIMUploadQuota.m */; };
		01B5C9191CC8271A00694F4A /* VIMUploadTicket.h in Headers */ = {isa = PBXBuildFile; fileRef = 01B5C8C81CC8271A00694F4A /* VIMUploadTicket.h */; settings = {ATTRIBUTES = (Public, ); }; };
		01B5C91A1CC8271A00694F4A /* VIMUploadTicket.m in Sources */ = {isa = PBXBuildFile; fileRef = 01B5C8C91CC8271A00694F4A /* VIMUploadTicket.m */; };
		01B5C91B1CC8271A00694F4A /* VIMUser.h in Headers */ = {isa = PBXBuildFile; fileRef = 01B5C8CA1CC8271A00694F4A /* VIMUser.h */; settings = {ATTRIBUTES = (Public, ); }; };
		01B5C91C1CC8271A00694F4A /* VIMUser.m in Sources */ = {isa = PBXBuildFile; fileRef = 01B5C8CB1CC8271A00694F4A /* VIMUser.m */; };
		01B5C91D1CC8271A00694F4A /* VIMVideo.h in Headers */ = {isa = PBXBuildFile; fileRef = 01B5C8CC1CC8271A00694F4A /* VIMVideo.h */; settings = {ATTRIBUTES = (Public, ); }; };
		01B5C91E1CC8271A00694F4A /* VIMVideo.m in Sources */ = {isa = PBXBuildFile; fileRef = 01B5C8CD1CC8271A00694F4A /* VIMVideo.m */; };
		01B5C91F1CC8271A00694F4A /* VIMVideoFile.h in Headers */ = {isa = PBXBuildFile; fileRef = 01B5C8CE1CC8271A00694F4A /* VIMVideoFile.h */; settings = {ATTRIBUTES = (Public, ); }; };
		01B5C9201CC8271A00694F4A /* VIMVideoFile.m in Sources */ = {isa = PBXBuildFile; fileRef = 01B5C8CF1CC8271A00694F4A /* VIMVideoFile.m */; };
		01B5C9211CC8271A00694F4A /* VIMVideoLog.h in Headers */ = {isa = PBXBuildFile; fileRef = 01B5C8D01CC8271A00694F4A /* VIMVideoLog.h */; settings = {ATTRIBUTES = (Public, ); }; };
		01B5C9221CC8271A00694F4A /* VIMVideoLog.m in Sources */ = {isa = PBXBuildFile; fileRef = 01B5C8D11CC8271A00694F4A /* VIMVideoLog.m */; };
		01B5C9231CC8271A00694F4A /* VIMVideoPreference.h in Headers */ = {isa = PBXBuildFile; fileRef = 01B5C8D21CC8271A00694F4A /* VIMVideoPreference.h */; settings = {ATTRIBUTES = (Public, ); }; };
		01B5C9241CC8271A00694F4A /* VIMVideoPreference.m in Sources */ = {isa = PBXBuildFile; fileRef = 01B5C8D31CC8271A00694F4A /* VIMVideoPreference.m */; };
		01B5C9251CC8271A00694F4A /* VIMVideoUtils.h in Headers */ = {isa = PBXBuildFile; fileRef = 01B5C8D41CC8271A00694F4A /* VIMVideoUtils.h */; settings = {ATTRIBUTES = (Public, ); }; };
		01B5C9261CC8271A00694F4A /* VIMVideoUtils.m in Sources */ = {isa = PBXBuildFile; fileRef = 01B5C8D51CC8271A00694F4A /* VIMVideoUtils.m */; };
		B59A9DE6C5CBD60F8F0FA02A /* Pods_VimeoNetworking.framework in Frameworks */ = {isa = PBXBuildFile; fileRef = 0AF246275B609406583D4109 /* Pods_VimeoNetworking.framework */; };
/* End PBXBuildFile section */

/* Begin PBXContainerItemProxy section */
		01B5C8701CC826D800694F4A /* PBXContainerItemProxy */ = {
			isa = PBXContainerItemProxy;
			containerPortal = 01B5C85B1CC826D800694F4A /* Project object */;
			proxyType = 1;
			remoteGlobalIDString = 01B5C8631CC826D800694F4A;
			remoteInfo = VimeoNetworking;
		};
/* End PBXContainerItemProxy section */

/* Begin PBXFileReference section */
		01B5C8641CC826D800694F4A /* VimeoNetworking.framework */ = {isa = PBXFileReference; explicitFileType = wrapper.framework; includeInIndex = 0; path = VimeoNetworking.framework; sourceTree = BUILT_PRODUCTS_DIR; };
		01B5C8671CC826D800694F4A /* VimeoNetworking.h */ = {isa = PBXFileReference; lastKnownFileType = sourcecode.c.h; name = VimeoNetworking.h; path = ../VimeoNetworking/VimeoNetworking/VimeoNetworking.h; sourceTree = "<group>"; };
		01B5C8691CC826D800694F4A /* Info.plist */ = {isa = PBXFileReference; lastKnownFileType = text.plist.xml; name = Info.plist; path = ../VimeoNetworking/VimeoNetworking/Info.plist; sourceTree = "<group>"; };
		01B5C86E1CC826D800694F4A /* VimeoNetworkingTests.xctest */ = {isa = PBXFileReference; explicitFileType = wrapper.cfbundle; includeInIndex = 0; path = VimeoNetworkingTests.xctest; sourceTree = BUILT_PRODUCTS_DIR; };
		01B5C8731CC826D800694F4A /* VimeoNetworkingTests.swift */ = {isa = PBXFileReference; lastKnownFileType = sourcecode.swift; path = VimeoNetworkingTests.swift; sourceTree = "<group>"; };
		01B5C8751CC826D800694F4A /* Info.plist */ = {isa = PBXFileReference; lastKnownFileType = text.plist.xml; path = Info.plist; sourceTree = "<group>"; };
		01B5C87E1CC8271A00694F4A /* VimeoNetworking.swift */ = {isa = PBXFileReference; fileEncoding = 4; lastKnownFileType = sourcecode.swift; path = VimeoNetworking.swift; sourceTree = "<group>"; };
		01B5C87F1CC8271A00694F4A /* Constants.swift */ = {isa = PBXFileReference; fileEncoding = 4; lastKnownFileType = sourcecode.swift; path = Constants.swift; sourceTree = "<group>"; };
		01B5C8801CC8271A00694F4A /* digicert-sha2.cer */ = {isa = PBXFileReference; lastKnownFileType = file; path = "digicert-sha2.cer"; sourceTree = "<group>"; };
		01B5C8821CC8271A00694F4A /* AppConfiguration.swift */ = {isa = PBXFileReference; fileEncoding = 4; lastKnownFileType = sourcecode.swift; path = AppConfiguration.swift; sourceTree = "<group>"; };
		01B5C8831CC8271A00694F4A /* VimeoRequestSerializer.swift */ = {isa = PBXFileReference; fileEncoding = 4; lastKnownFileType = sourcecode.swift; path = VimeoRequestSerializer.swift; sourceTree = "<group>"; };
		01B5C8841CC8271A00694F4A /* VimeoResponseSerializer.swift */ = {isa = PBXFileReference; fileEncoding = 4; lastKnownFileType = sourcecode.swift; path = VimeoResponseSerializer.swift; sourceTree = "<group>"; };
		01B5C8851CC8271A00694F4A /* VimeoSessionManager.swift */ = {isa = PBXFileReference; fileEncoding = 4; lastKnownFileType = sourcecode.swift; path = VimeoSessionManager.swift; sourceTree = "<group>"; };
		01B5C8861CC8271A00694F4A /* VimeoClient.swift */ = {isa = PBXFileReference; fileEncoding = 4; lastKnownFileType = sourcecode.swift; path = VimeoClient.swift; sourceTree = "<group>"; };
		01B5C8871CC8271A00694F4A /* VimeoSessionManager+Constructors.swift */ = {isa = PBXFileReference; fileEncoding = 4; lastKnownFileType = sourcecode.swift; path = "VimeoSessionManager+Constructors.swift"; sourceTree = "<group>"; };
		01B5C8891CC8271A00694F4A /* VIMObjectMapper+Generic.swift */ = {isa = PBXFileReference; fileEncoding = 4; lastKnownFileType = sourcecode.swift; path = "VIMObjectMapper+Generic.swift"; sourceTree = "<group>"; };
		01B5C88B1CC8271A00694F4A /* Request.swift */ = {isa = PBXFileReference; fileEncoding = 4; lastKnownFileType = sourcecode.swift; path = Request.swift; sourceTree = "<group>"; };
		01B5C88C1CC8271A00694F4A /* Request+User.swift */ = {isa = PBXFileReference; fileEncoding = 4; lastKnownFileType = sourcecode.swift; path = "Request+User.swift"; sourceTree = "<group>"; };
		01B5C88D1CC8271A00694F4A /* Request+Authentication.swift */ = {isa = PBXFileReference; fileEncoding = 4; lastKnownFileType = sourcecode.swift; path = "Request+Authentication.swift"; sourceTree = "<group>"; };
		01B5C88E1CC8271A00694F4A /* Request+Video.swift */ = {isa = PBXFileReference; fileEncoding = 4; lastKnownFileType = sourcecode.swift; path = "Request+Video.swift"; sourceTree = "<group>"; };
		01B5C8901CC8271A00694F4A /* Response.swift */ = {isa = PBXFileReference; fileEncoding = 4; lastKnownFileType = sourcecode.swift; path = Response.swift; sourceTree = "<group>"; };
		01B5C8921CC8271A00694F4A /* AuthenticationController.swift */ = {isa = PBXFileReference; fileEncoding = 4; lastKnownFileType = sourcecode.swift; path = AuthenticationController.swift; sourceTree = "<group>"; };
		01B5C8931CC8271A00694F4A /* Scope.swift */ = {isa = PBXFileReference; fileEncoding = 4; lastKnownFileType = sourcecode.swift; path = Scope.swift; sourceTree = "<group>"; };
		01B5C8941CC8271A00694F4A /* AccountStore.swift */ = {isa = PBXFileReference; fileEncoding = 4; lastKnownFileType = sourcecode.swift; path = AccountStore.swift; sourceTree = "<group>"; };
		01B5C8951CC8271A00694F4A /* KeychainStore.swift */ = {isa = PBXFileReference; fileEncoding = 4; lastKnownFileType = sourcecode.swift; path = KeychainStore.swift; sourceTree = "<group>"; };
		01B5C8971CC8271A00694F4A /* ResponseCache.swift */ = {isa = PBXFileReference; fileEncoding = 4; lastKnownFileType = sourcecode.swift; path = ResponseCache.swift; sourceTree = "<group>"; };
		01B5C8981CC8271A00694F4A /* Request+Cache.swift */ = {isa = PBXFileReference; fileEncoding = 4; lastKnownFileType = sourcecode.swift; path = "Request+Cache.swift"; sourceTree = "<group>"; };
		01B5C89A1CC8271A00694F4A /* Mappable.swift */ = {isa = PBXFileReference; fileEncoding = 4; lastKnownFileType = sourcecode.swift; path = Mappable.swift; sourceTree = "<group>"; };
		01B5C89C1CC8271A00694F4A /* String+Parameters.swift */ = {isa = PBXFileReference; fileEncoding = 4; lastKnownFileType = sourcecode.swift; path = "String+Parameters.swift"; sourceTree = "<group>"; };
		01B5C89D1CC8271A00694F4A /* Result.swift */ = {isa = PBXFileReference; fileEncoding = 4; lastKnownFileType = sourcecode.swift; path = Result.swift; sourceTree = "<group>"; };
		01B5C89E1CC8271A00694F4A /* NSError+Extensions.swift */ = {isa = PBXFileReference; fileEncoding = 4; lastKnownFileType = sourcecode.swift; path = "NSError+Extensions.swift"; sourceTree = "<group>"; };
		01B5C8A01CC8271A00694F4A /* VIMAccountNew.h */ = {isa = PBXFileReference; fileEncoding = 4; lastKnownFileType = sourcecode.c.h; path = VIMAccountNew.h; sourceTree = "<group>"; };
		01B5C8A11CC8271A00694F4A /* VIMAccount.h */ = {isa = PBXFileReference; fileEncoding = 4; lastKnownFileType = sourcecode.c.h; path = VIMAccount.h; sourceTree = "<group>"; };
		01B5C8A21CC8271A00694F4A /* VIMAccount.m */ = {isa = PBXFileReference; fileEncoding = 4; lastKnownFileType = sourcecode.c.objc; path = VIMAccount.m; sourceTree = "<group>"; };
		01B5C8A31CC8271A00694F4A /* VIMAccountCredential.h */ = {isa = PBXFileReference; fileEncoding = 4; lastKnownFileType = sourcecode.c.h; path = VIMAccountCredential.h; sourceTree = "<group>"; };
		01B5C8A41CC8271A00694F4A /* VIMAccountCredential.m */ = {isa = PBXFileReference; fileEncoding = 4; lastKnownFileType = sourcecode.c.objc; path = VIMAccountCredential.m; sourceTree = "<group>"; };
		01B5C8A51CC8271A00694F4A /* VIMAccountNew.m */ = {isa = PBXFileReference; fileEncoding = 4; lastKnownFileType = sourcecode.c.objc; path = VIMAccountNew.m; sourceTree = "<group>"; };
		01B5C8A61CC8271A00694F4A /* VIMActivity.h */ = {isa = PBXFileReference; fileEncoding = 4; lastKnownFileType = sourcecode.c.h; path = VIMActivity.h; sourceTree = "<group>"; };
		01B5C8A71CC8271A00694F4A /* VIMActivity.m */ = {isa = PBXFileReference; fileEncoding = 4; lastKnownFileType = sourcecode.c.objc; path = VIMActivity.m; sourceTree = "<group>"; };
		01B5C8A81CC8271A00694F4A /* VIMAppeal.h */ = {isa = PBXFileReference; fileEncoding = 4; lastKnownFileType = sourcecode.c.h; path = VIMAppeal.h; sourceTree = "<group>"; };
		01B5C8A91CC8271A00694F4A /* VIMAppeal.m */ = {isa = PBXFileReference; fileEncoding = 4; lastKnownFileType = sourcecode.c.objc; path = VIMAppeal.m; sourceTree = "<group>"; };
		01B5C8AA1CC8271A00694F4A /* VIMCategory.h */ = {isa = PBXFileReference; fileEncoding = 4; lastKnownFileType = sourcecode.c.h; path = VIMCategory.h; sourceTree = "<group>"; };
		01B5C8AB1CC8271A00694F4A /* VIMCategory.m */ = {isa = PBXFileReference; fileEncoding = 4; lastKnownFileType = sourcecode.c.objc; path = VIMCategory.m; sourceTree = "<group>"; };
		01B5C8AC1CC8271A00694F4A /* VIMChannel.h */ = {isa = PBXFileReference; fileEncoding = 4; lastKnownFileType = sourcecode.c.h; path = VIMChannel.h; sourceTree = "<group>"; };
		01B5C8AD1CC8271A00694F4A /* VIMChannel.m */ = {isa = PBXFileReference; fileEncoding = 4; lastKnownFileType = sourcecode.c.objc; path = VIMChannel.m; sourceTree = "<group>"; };
		01B5C8AE1CC8271A00694F4A /* VIMComment.h */ = {isa = PBXFileReference; fileEncoding = 4; lastKnownFileType = sourcecode.c.h; path = VIMComment.h; sourceTree = "<group>"; };
		01B5C8AF1CC8271A00694F4A /* VIMComment.m */ = {isa = PBXFileReference; fileEncoding = 4; lastKnownFileType = sourcecode.c.objc; path = VIMComment.m; sourceTree = "<group>"; };
		01B5C8B01CC8271A00694F4A /* VIMConnection.h */ = {isa = PBXFileReference; fileEncoding = 4; lastKnownFileType = sourcecode.c.h; path = VIMConnection.h; sourceTree = "<group>"; };
		01B5C8B11CC8271A00694F4A /* VIMConnection.m */ = {isa = PBXFileReference; fileEncoding = 4; lastKnownFileType = sourcecode.c.objc; path = VIMConnection.m; sourceTree = "<group>"; };
		01B5C8B21CC8271A00694F4A /* VIMGroup.h */ = {isa = PBXFileReference; fileEncoding = 4; lastKnownFileType = sourcecode.c.h; path = VIMGroup.h; sourceTree = "<group>"; };
		01B5C8B31CC8271A00694F4A /* VIMGroup.m */ = {isa = PBXFileReference; fileEncoding = 4; lastKnownFileType = sourcecode.c.objc; path = VIMGroup.m; sourceTree = "<group>"; };
		01B5C8B41CC8271A00694F4A /* VIMInteraction.h */ = {isa = PBXFileReference; fileEncoding = 4; lastKnownFileType = sourcecode.c.h; path = VIMInteraction.h; sourceTree = "<group>"; };
		01B5C8B51CC8271A00694F4A /* VIMInteraction.m */ = {isa = PBXFileReference; fileEncoding = 4; lastKnownFileType = sourcecode.c.objc; path = VIMInteraction.m; sourceTree = "<group>"; };
		01B5C8B61CC8271A00694F4A /* VIMPicture.h */ = {isa = PBXFileReference; fileEncoding = 4; lastKnownFileType = sourcecode.c.h; path = VIMPicture.h; sourceTree = "<group>"; };
		01B5C8B71CC8271A00694F4A /* VIMPicture.m */ = {isa = PBXFileReference; fileEncoding = 4; lastKnownFileType = sourcecode.c.objc; path = VIMPicture.m; sourceTree = "<group>"; };
		01B5C8B81CC8271A00694F4A /* VIMPictureCollection.h */ = {isa = PBXFileReference; fileEncoding = 4; lastKnownFileType = sourcecode.c.h; path = VIMPictureCollection.h; sourceTree = "<group>"; };
		01B5C8B91CC8271A00694F4A /* VIMPictureCollection.m */ = {isa = PBXFileReference; fileEncoding = 4; lastKnownFileType = sourcecode.c.objc; path = VIMPictureCollection.m; sourceTree = "<group>"; };
		01B5C8BA1CC8271A00694F4A /* VIMPreference.h */ = {isa = PBXFileReference; fileEncoding = 4; lastKnownFileType = sourcecode.c.h; path = VIMPreference.h; sourceTree = "<group>"; };
		01B5C8BB1CC8271A00694F4A /* VIMPreference.m */ = {isa = PBXFileReference; fileEncoding = 4; lastKnownFileType = sourcecode.c.objc; path = VIMPreference.m; sourceTree = "<group>"; };
		01B5C8BC1CC8271A00694F4A /* VIMPrivacy.h */ = {isa = PBXFileReference; fileEncoding = 4; lastKnownFileType = sourcecode.c.h; path = VIMPrivacy.h; sourceTree = "<group>"; };
		01B5C8BD1CC8271A00694F4A /* VIMPrivacy.m */ = {isa = PBXFileReference; fileEncoding = 4; lastKnownFileType = sourcecode.c.objc; path = VIMPrivacy.m; sourceTree = "<group>"; };
		01B5C8BE1CC8271A00694F4A /* VIMQuantityQuota.h */ = {isa = PBXFileReference; fileEncoding = 4; lastKnownFileType = sourcecode.c.h; path = VIMQuantityQuota.h; sourceTree = "<group>"; };
		01B5C8BF1CC8271A00694F4A /* VIMQuantityQuota.m */ = {isa = PBXFileReference; fileEncoding = 4; lastKnownFileType = sourcecode.c.objc; path = VIMQuantityQuota.m; sourceTree = "<group>"; };
		01B5C8C01CC8271A00694F4A /* VIMSizeQuota.h */ = {isa = PBXFileReference; fileEncoding = 4; lastKnownFileType = sourcecode.c.h; path = VIMSizeQuota.h; sourceTree = "<group>"; };
		01B5C8C11CC8271A00694F4A /* VIMSizeQuota.m */ = {isa = PBXFileReference; fileEncoding = 4; lastKnownFileType = sourcecode.c.objc; path = VIMSizeQuota.m; sourceTree = "<group>"; };
		01B5C8C21CC8271A00694F4A /* VIMTag.h */ = {isa = PBXFileReference; fileEncoding = 4; lastKnownFileType = sourcecode.c.h; path = VIMTag.h; sourceTree = "<group>"; };
		01B5C8C31CC8271A00694F4A /* VIMTag.m */ = {isa = PBXFileReference; fileEncoding = 4; lastKnownFileType = sourcecode.c.objc; path = VIMTag.m; sourceTree = "<group>"; };
		01B5C8C41CC8271A00694F4A /* VIMTrigger.h */ = {isa = PBXFileReference; fileEncoding = 4; lastKnownFileType = sourcecode.c.h; path = VIMTrigger.h; sourceTree = "<group>"; };
		01B5C8C51CC8271A00694F4A /* VIMTrigger.m */ = {isa = PBXFileReference; fileEncoding = 4; lastKnownFileType = sourcecode.c.objc; path = VIMTrigger.m; sourceTree = "<group>"; };
		01B5C8C61CC8271A00694F4A /* VIMUploadQuota.h */ = {isa = PBXFileReference; fileEncoding = 4; lastKnownFileType = sourcecode.c.h; path = VIMUploadQuota.h; sourceTree = "<group>"; };
		01B5C8C71CC8271A00694F4A /* VIMUploadQuota.m */ = {isa = PBXFileReference; fileEncoding = 4; lastKnownFileType = sourcecode.c.objc; path = VIMUploadQuota.m; sourceTree = "<group>"; };
		01B5C8C81CC8271A00694F4A /* VIMUploadTicket.h */ = {isa = PBXFileReference; fileEncoding = 4; lastKnownFileType = sourcecode.c.h; path = VIMUploadTicket.h; sourceTree = "<group>"; };
		01B5C8C91CC8271A00694F4A /* VIMUploadTicket.m */ = {isa = PBXFileReference; fileEncoding = 4; lastKnownFileType = sourcecode.c.objc; path = VIMUploadTicket.m; sourceTree = "<group>"; };
		01B5C8CA1CC8271A00694F4A /* VIMUser.h */ = {isa = PBXFileReference; fileEncoding = 4; lastKnownFileType = sourcecode.c.h; path = VIMUser.h; sourceTree = "<group>"; };
		01B5C8CB1CC8271A00694F4A /* VIMUser.m */ = {isa = PBXFileReference; fileEncoding = 4; lastKnownFileType = sourcecode.c.objc; path = VIMUser.m; sourceTree = "<group>"; };
		01B5C8CC1CC8271A00694F4A /* VIMVideo.h */ = {isa = PBXFileReference; fileEncoding = 4; lastKnownFileType = sourcecode.c.h; path = VIMVideo.h; sourceTree = "<group>"; };
		01B5C8CD1CC8271A00694F4A /* VIMVideo.m */ = {isa = PBXFileReference; fileEncoding = 4; lastKnownFileType = sourcecode.c.objc; path = VIMVideo.m; sourceTree = "<group>"; };
		01B5C8CE1CC8271A00694F4A /* VIMVideoFile.h */ = {isa = PBXFileReference; fileEncoding = 4; lastKnownFileType = sourcecode.c.h; path = VIMVideoFile.h; sourceTree = "<group>"; };
		01B5C8CF1CC8271A00694F4A /* VIMVideoFile.m */ = {isa = PBXFileReference; fileEncoding = 4; lastKnownFileType = sourcecode.c.objc; path = VIMVideoFile.m; sourceTree = "<group>"; };
		01B5C8D01CC8271A00694F4A /* VIMVideoLog.h */ = {isa = PBXFileReference; fileEncoding = 4; lastKnownFileType = sourcecode.c.h; path = VIMVideoLog.h; sourceTree = "<group>"; };
		01B5C8D11CC8271A00694F4A /* VIMVideoLog.m */ = {isa = PBXFileReference; fileEncoding = 4; lastKnownFileType = sourcecode.c.objc; path = VIMVideoLog.m; sourceTree = "<group>"; };
		01B5C8D21CC8271A00694F4A /* VIMVideoPreference.h */ = {isa = PBXFileReference; fileEncoding = 4; lastKnownFileType = sourcecode.c.h; path = VIMVideoPreference.h; sourceTree = "<group>"; };
		01B5C8D31CC8271A00694F4A /* VIMVideoPreference.m */ = {isa = PBXFileReference; fileEncoding = 4; lastKnownFileType = sourcecode.c.objc; path = VIMVideoPreference.m; sourceTree = "<group>"; };
		01B5C8D41CC8271A00694F4A /* VIMVideoUtils.h */ = {isa = PBXFileReference; fileEncoding = 4; lastKnownFileType = sourcecode.c.h; path = VIMVideoUtils.h; sourceTree = "<group>"; };
		01B5C8D51CC8271A00694F4A /* VIMVideoUtils.m */ = {isa = PBXFileReference; fileEncoding = 4; lastKnownFileType = sourcecode.c.objc; path = VIMVideoUtils.m; sourceTree = "<group>"; };
		0AF246275B609406583D4109 /* Pods_VimeoNetworking.framework */ = {isa = PBXFileReference; explicitFileType = wrapper.framework; includeInIndex = 0; path = Pods_VimeoNetworking.framework; sourceTree = BUILT_PRODUCTS_DIR; };
		93F914B1FADB01FAF61EF363 /* Pods-VimeoNetworking.release.xcconfig */ = {isa = PBXFileReference; includeInIndex = 1; lastKnownFileType = text.xcconfig; name = "Pods-VimeoNetworking.release.xcconfig"; path = "../Pods/Target Support Files/Pods-VimeoNetworking/Pods-VimeoNetworking.release.xcconfig"; sourceTree = "<group>"; };
		B4D33B98CE4A2315048D6766 /* Pods-VimeoNetworking.debug.xcconfig */ = {isa = PBXFileReference; includeInIndex = 1; lastKnownFileType = text.xcconfig; name = "Pods-VimeoNetworking.debug.xcconfig"; path = "../Pods/Target Support Files/Pods-VimeoNetworking/Pods-VimeoNetworking.debug.xcconfig"; sourceTree = "<group>"; };
/* End PBXFileReference section */

/* Begin PBXFrameworksBuildPhase section */
		01B5C8601CC826D800694F4A /* Frameworks */ = {
			isa = PBXFrameworksBuildPhase;
			buildActionMask = 2147483647;
			files = (
				B59A9DE6C5CBD60F8F0FA02A /* Pods_VimeoNetworking.framework in Frameworks */,
			);
			runOnlyForDeploymentPostprocessing = 0;
		};
		01B5C86B1CC826D800694F4A /* Frameworks */ = {
			isa = PBXFrameworksBuildPhase;
			buildActionMask = 2147483647;
			files = (
				01B5C86F1CC826D800694F4A /* VimeoNetworking.framework in Frameworks */,
			);
			runOnlyForDeploymentPostprocessing = 0;
		};
/* End PBXFrameworksBuildPhase section */

/* Begin PBXGroup section */
		01B5C85A1CC826D800694F4A = {
			isa = PBXGroup;
			children = (
				01B5C8D71CC8271A00694F4A /* VimeoNetworking */,
				01B5C8661CC826D800694F4A /* VimeoNetworking */,
				01B5C8721CC826D800694F4A /* VimeoNetworkingTests */,
				01B5C8651CC826D800694F4A /* Products */,
				B032718DC2309E311A8CADCF /* Pods */,
				7ED83D93FDAEA5F2CB64434B /* Frameworks */,
			);
			sourceTree = "<group>";
		};
		01B5C8651CC826D800694F4A /* Products */ = {
			isa = PBXGroup;
			children = (
				01B5C8641CC826D800694F4A /* VimeoNetworking.framework */,
				01B5C86E1CC826D800694F4A /* VimeoNetworkingTests.xctest */,
			);
			name = Products;
			sourceTree = "<group>";
		};
		01B5C8661CC826D800694F4A /* VimeoNetworking */ = {
			isa = PBXGroup;
			children = (
			);
			path = VimeoNetworking;
			sourceTree = "<group>";
		};
		01B5C8721CC826D800694F4A /* VimeoNetworkingTests */ = {
			isa = PBXGroup;
			children = (
				01B5C8731CC826D800694F4A /* VimeoNetworkingTests.swift */,
				01B5C8751CC826D800694F4A /* Info.plist */,
			);
			path = VimeoNetworkingTests;
			sourceTree = "<group>";
		};
		01B5C8811CC8271A00694F4A /* Resources */ = {
			isa = PBXGroup;
			children = (
				01B5C8801CC8271A00694F4A /* digicert-sha2.cer */,
			);
			name = Resources;
			sourceTree = "<group>";
		};
		01B5C8881CC8271A00694F4A /* Networking */ = {
			isa = PBXGroup;
			children = (
				01B5C8821CC8271A00694F4A /* AppConfiguration.swift */,
				01B5C8831CC8271A00694F4A /* VimeoRequestSerializer.swift */,
				01B5C8841CC8271A00694F4A /* VimeoResponseSerializer.swift */,
				01B5C8851CC8271A00694F4A /* VimeoSessionManager.swift */,
				01B5C8861CC8271A00694F4A /* VimeoClient.swift */,
				01B5C8871CC8271A00694F4A /* VimeoSessionManager+Constructors.swift */,
			);
			name = Networking;
			sourceTree = "<group>";
		};
		01B5C88A1CC8271A00694F4A /* Model */ = {
			isa = PBXGroup;
			children = (
				01B5C8891CC8271A00694F4A /* VIMObjectMapper+Generic.swift */,
			);
			name = Model;
			sourceTree = "<group>";
		};
		01B5C88F1CC8271A00694F4A /* Request */ = {
			isa = PBXGroup;
			children = (
				01B5C88B1CC8271A00694F4A /* Request.swift */,
				01B5C88C1CC8271A00694F4A /* Request+User.swift */,
				01B5C88D1CC8271A00694F4A /* Request+Authentication.swift */,
				01B5C88E1CC8271A00694F4A /* Request+Video.swift */,
			);
			name = Request;
			sourceTree = "<group>";
		};
		01B5C8911CC8271A00694F4A /* Response */ = {
			isa = PBXGroup;
			children = (
				01B5C8901CC8271A00694F4A /* Response.swift */,
			);
			name = Response;
			sourceTree = "<group>";
		};
		01B5C8961CC8271A00694F4A /* Authentication */ = {
			isa = PBXGroup;
			children = (
				01B5C8921CC8271A00694F4A /* AuthenticationController.swift */,
				01B5C8931CC8271A00694F4A /* Scope.swift */,
				01B5C8941CC8271A00694F4A /* AccountStore.swift */,
				01B5C8951CC8271A00694F4A /* KeychainStore.swift */,
			);
			name = Authentication;
			sourceTree = "<group>";
		};
		01B5C8991CC8271A00694F4A /* Cache */ = {
			isa = PBXGroup;
			children = (
				01B5C8971CC8271A00694F4A /* ResponseCache.swift */,
				01B5C8981CC8271A00694F4A /* Request+Cache.swift */,
			);
			name = Cache;
			sourceTree = "<group>";
		};
		01B5C89B1CC8271A00694F4A /* Protocols */ = {
			isa = PBXGroup;
			children = (
				01B5C89A1CC8271A00694F4A /* Mappable.swift */,
			);
			name = Protocols;
			sourceTree = "<group>";
		};
		01B5C89F1CC8271A00694F4A /* Utilities */ = {
			isa = PBXGroup;
			children = (
				01B5C89C1CC8271A00694F4A /* String+Parameters.swift */,
				01B5C89D1CC8271A00694F4A /* Result.swift */,
				01B5C89E1CC8271A00694F4A /* NSError+Extensions.swift */,
			);
			name = Utilities;
			sourceTree = "<group>";
		};
		01B5C8D61CC8271A00694F4A /* Model Objects */ = {
			isa = PBXGroup;
			children = (
				01B5C8A01CC8271A00694F4A /* VIMAccountNew.h */,
				01B5C8A51CC8271A00694F4A /* VIMAccountNew.m */,
				01B5C8A11CC8271A00694F4A /* VIMAccount.h */,
				01B5C8A21CC8271A00694F4A /* VIMAccount.m */,
				01B5C8A31CC8271A00694F4A /* VIMAccountCredential.h */,
				01B5C8A41CC8271A00694F4A /* VIMAccountCredential.m */,
				01B5C8A61CC8271A00694F4A /* VIMActivity.h */,
				01B5C8A71CC8271A00694F4A /* VIMActivity.m */,
				01B5C8A81CC8271A00694F4A /* VIMAppeal.h */,
				01B5C8A91CC8271A00694F4A /* VIMAppeal.m */,
				01B5C8AA1CC8271A00694F4A /* VIMCategory.h */,
				01B5C8AB1CC8271A00694F4A /* VIMCategory.m */,
				01B5C8AC1CC8271A00694F4A /* VIMChannel.h */,
				01B5C8AD1CC8271A00694F4A /* VIMChannel.m */,
				01B5C8AE1CC8271A00694F4A /* VIMComment.h */,
				01B5C8AF1CC8271A00694F4A /* VIMComment.m */,
				01B5C8B01CC8271A00694F4A /* VIMConnection.h */,
				01B5C8B11CC8271A00694F4A /* VIMConnection.m */,
				01B5C8B21CC8271A00694F4A /* VIMGroup.h */,
				01B5C8B31CC8271A00694F4A /* VIMGroup.m */,
				01B5C8B41CC8271A00694F4A /* VIMInteraction.h */,
				01B5C8B51CC8271A00694F4A /* VIMInteraction.m */,
				01B5C8B61CC8271A00694F4A /* VIMPicture.h */,
				01B5C8B71CC8271A00694F4A /* VIMPicture.m */,
				01B5C8B81CC8271A00694F4A /* VIMPictureCollection.h */,
				01B5C8B91CC8271A00694F4A /* VIMPictureCollection.m */,
				01B5C8BA1CC8271A00694F4A /* VIMPreference.h */,
				01B5C8BB1CC8271A00694F4A /* VIMPreference.m */,
				01B5C8BC1CC8271A00694F4A /* VIMPrivacy.h */,
				01B5C8BD1CC8271A00694F4A /* VIMPrivacy.m */,
				01B5C8BE1CC8271A00694F4A /* VIMQuantityQuota.h */,
				01B5C8BF1CC8271A00694F4A /* VIMQuantityQuota.m */,
				01B5C8C01CC8271A00694F4A /* VIMSizeQuota.h */,
				01B5C8C11CC8271A00694F4A /* VIMSizeQuota.m */,
				01B5C8C21CC8271A00694F4A /* VIMTag.h */,
				01B5C8C31CC8271A00694F4A /* VIMTag.m */,
				01B5C8C41CC8271A00694F4A /* VIMTrigger.h */,
				01B5C8C51CC8271A00694F4A /* VIMTrigger.m */,
				01B5C8C61CC8271A00694F4A /* VIMUploadQuota.h */,
				01B5C8C71CC8271A00694F4A /* VIMUploadQuota.m */,
				01B5C8C81CC8271A00694F4A /* VIMUploadTicket.h */,
				01B5C8C91CC8271A00694F4A /* VIMUploadTicket.m */,
				01B5C8CA1CC8271A00694F4A /* VIMUser.h */,
				01B5C8CB1CC8271A00694F4A /* VIMUser.m */,
				01B5C8CC1CC8271A00694F4A /* VIMVideo.h */,
				01B5C8CD1CC8271A00694F4A /* VIMVideo.m */,
				01B5C8CE1CC8271A00694F4A /* VIMVideoFile.h */,
				01B5C8CF1CC8271A00694F4A /* VIMVideoFile.m */,
				01B5C8D01CC8271A00694F4A /* VIMVideoLog.h */,
				01B5C8D11CC8271A00694F4A /* VIMVideoLog.m */,
				01B5C8D21CC8271A00694F4A /* VIMVideoPreference.h */,
				01B5C8D31CC8271A00694F4A /* VIMVideoPreference.m */,
				01B5C8D41CC8271A00694F4A /* VIMVideoUtils.h */,
				01B5C8D51CC8271A00694F4A /* VIMVideoUtils.m */,
			);
			name = "Model Objects";
			sourceTree = "<group>";
		};
		01B5C8D71CC8271A00694F4A /* VimeoNetworking */ = {
			isa = PBXGroup;
			children = (
				01B5C8671CC826D800694F4A /* VimeoNetworking.h */,
				01B5C8691CC826D800694F4A /* Info.plist */,
				01B5C87E1CC8271A00694F4A /* VimeoNetworking.swift */,
				01B5C87F1CC8271A00694F4A /* Constants.swift */,
				01B5C8811CC8271A00694F4A /* Resources */,
				01B5C8881CC8271A00694F4A /* Networking */,
				01B5C88A1CC8271A00694F4A /* Model */,
				01B5C88F1CC8271A00694F4A /* Request */,
				01B5C8911CC8271A00694F4A /* Response */,
				01B5C8961CC8271A00694F4A /* Authentication */,
				01B5C8991CC8271A00694F4A /* Cache */,
				01B5C89B1CC8271A00694F4A /* Protocols */,
				01B5C89F1CC8271A00694F4A /* Utilities */,
				01B5C8D61CC8271A00694F4A /* Model Objects */,
			);
			name = VimeoNetworking;
			path = "/Users/huebnerr/Repos/VimeoNetworking/VimeoNetworkingExample-iOS/../VimeoNetworking-Source";
			sourceTree = "<absolute>";
		};
		7ED83D93FDAEA5F2CB64434B /* Frameworks */ = {
			isa = PBXGroup;
			children = (
				0AF246275B609406583D4109 /* Pods_VimeoNetworking.framework */,
			);
			name = Frameworks;
			sourceTree = "<group>";
		};
		B032718DC2309E311A8CADCF /* Pods */ = {
			isa = PBXGroup;
			children = (
				B4D33B98CE4A2315048D6766 /* Pods-VimeoNetworking.debug.xcconfig */,
				93F914B1FADB01FAF61EF363 /* Pods-VimeoNetworking.release.xcconfig */,
			);
			name = Pods;
			sourceTree = "<group>";
		};
/* End PBXGroup section */

/* Begin PBXHeadersBuildPhase section */
		01B5C8611CC826D800694F4A /* Headers */ = {
			isa = PBXHeadersBuildPhase;
			buildActionMask = 2147483647;
			files = (
				01B5C8FB1CC8271A00694F4A /* VIMCategory.h in Headers */,
				01B5C9251CC8271A00694F4A /* VIMVideoUtils.h in Headers */,
				01B5C8F41CC8271A00694F4A /* VIMAccountCredential.h in Headers */,
				01B5C9051CC8271A00694F4A /* VIMInteraction.h in Headers */,
				01B5C91B1CC8271A00694F4A /* VIMUser.h in Headers */,
				01B5C9031CC8271A00694F4A /* VIMGroup.h in Headers */,
				01B5C8F11CC8271A00694F4A /* VIMAccountNew.h in Headers */,
				01B5C91F1CC8271A00694F4A /* VIMVideoFile.h in Headers */,
				01B5C90F1CC8271A00694F4A /* VIMQuantityQuota.h in Headers */,
				01B5C9211CC8271A00694F4A /* VIMVideoLog.h in Headers */,
				01B5C9231CC8271A00694F4A /* VIMVideoPreference.h in Headers */,
				01B5C9071CC8271A00694F4A /* VIMPicture.h in Headers */,
				01B5C8F21CC8271A00694F4A /* VIMAccount.h in Headers */,
				01B5C9191CC8271A00694F4A /* VIMUploadTicket.h in Headers */,
				01B5C9171CC8271A00694F4A /* VIMUploadQuota.h in Headers */,
				01B5C91D1CC8271A00694F4A /* VIMVideo.h in Headers */,
				01B5C8681CC826D800694F4A /* VimeoNetworking.h in Headers */,
				01B5C8FF1CC8271A00694F4A /* VIMComment.h in Headers */,
				01B5C8F91CC8271A00694F4A /* VIMAppeal.h in Headers */,
				01B5C9111CC8271A00694F4A /* VIMSizeQuota.h in Headers */,
				01B5C9131CC8271A00694F4A /* VIMTag.h in Headers */,
				01B5C9091CC8271A00694F4A /* VIMPictureCollection.h in Headers */,
				01B5C8F71CC8271A00694F4A /* VIMActivity.h in Headers */,
				01B5C90D1CC8271A00694F4A /* VIMPrivacy.h in Headers */,
				01B5C8FD1CC8271A00694F4A /* VIMChannel.h in Headers */,
				01B5C9011CC8271A00694F4A /* VIMConnection.h in Headers */,
				01B5C9151CC8271A00694F4A /* VIMTrigger.h in Headers */,
				01B5C90B1CC8271A00694F4A /* VIMPreference.h in Headers */,
			);
			runOnlyForDeploymentPostprocessing = 0;
		};
/* End PBXHeadersBuildPhase section */

/* Begin PBXNativeTarget section */
		01B5C8631CC826D800694F4A /* VimeoNetworking */ = {
			isa = PBXNativeTarget;
			buildConfigurationList = 01B5C8781CC826D800694F4A /* Build configuration list for PBXNativeTarget "VimeoNetworking" */;
			buildPhases = (
				9BAF027AEFF249724BEB30E5 /* Check Pods Manifest.lock */,
				01B5C85F1CC826D800694F4A /* Sources */,
				01B5C8601CC826D800694F4A /* Frameworks */,
				01B5C8611CC826D800694F4A /* Headers */,
				01B5C8621CC826D800694F4A /* Resources */,
				8CD5A884E73963056273598C /* Copy Pods Resources */,
			);
			buildRules = (
			);
			dependencies = (
			);
			name = VimeoNetworking;
			productName = VimeoNetworking;
			productReference = 01B5C8641CC826D800694F4A /* VimeoNetworking.framework */;
			productType = "com.apple.product-type.framework";
		};
		01B5C86D1CC826D800694F4A /* VimeoNetworkingTests */ = {
			isa = PBXNativeTarget;
			buildConfigurationList = 01B5C87B1CC826D800694F4A /* Build configuration list for PBXNativeTarget "VimeoNetworkingTests" */;
			buildPhases = (
				01B5C86A1CC826D800694F4A /* Sources */,
				01B5C86B1CC826D800694F4A /* Frameworks */,
				01B5C86C1CC826D800694F4A /* Resources */,
			);
			buildRules = (
			);
			dependencies = (
				01B5C8711CC826D800694F4A /* PBXTargetDependency */,
			);
			name = VimeoNetworkingTests;
			productName = VimeoNetworkingTests;
			productReference = 01B5C86E1CC826D800694F4A /* VimeoNetworkingTests.xctest */;
			productType = "com.apple.product-type.bundle.unit-test";
		};
/* End PBXNativeTarget section */

/* Begin PBXProject section */
		01B5C85B1CC826D800694F4A /* Project object */ = {
			isa = PBXProject;
			attributes = {
				LastSwiftUpdateCheck = 0730;
				LastUpgradeCheck = 0730;
				ORGANIZATIONNAME = Vimeo;
				TargetAttributes = {
					01B5C8631CC826D800694F4A = {
						CreatedOnToolsVersion = 7.3;
					};
					01B5C86D1CC826D800694F4A = {
						CreatedOnToolsVersion = 7.3;
					};
				};
			};
			buildConfigurationList = 01B5C85E1CC826D800694F4A /* Build configuration list for PBXProject "VimeoNetworking" */;
			compatibilityVersion = "Xcode 3.2";
			developmentRegion = English;
			hasScannedForEncodings = 0;
			knownRegions = (
				en,
			);
			mainGroup = 01B5C85A1CC826D800694F4A;
			productRefGroup = 01B5C8651CC826D800694F4A /* Products */;
			projectDirPath = "";
			projectRoot = "";
			targets = (
				01B5C8631CC826D800694F4A /* VimeoNetworking */,
				01B5C86D1CC826D800694F4A /* VimeoNetworkingTests */,
			);
		};
/* End PBXProject section */

/* Begin PBXResourcesBuildPhase section */
		01B5C8621CC826D800694F4A /* Resources */ = {
			isa = PBXResourcesBuildPhase;
			buildActionMask = 2147483647;
			files = (
				01B5C8DA1CC8271A00694F4A /* digicert-sha2.cer in Resources */,
			);
			runOnlyForDeploymentPostprocessing = 0;
		};
		01B5C86C1CC826D800694F4A /* Resources */ = {
			isa = PBXResourcesBuildPhase;
			buildActionMask = 2147483647;
			files = (
			);
			runOnlyForDeploymentPostprocessing = 0;
		};
/* End PBXResourcesBuildPhase section */

/* Begin PBXShellScriptBuildPhase section */
		8CD5A884E73963056273598C /* Copy Pods Resources */ = {
			isa = PBXShellScriptBuildPhase;
			buildActionMask = 2147483647;
			files = (
			);
			inputPaths = (
			);
			name = "Copy Pods Resources";
			outputPaths = (
			);
			runOnlyForDeploymentPostprocessing = 0;
			shellPath = /bin/sh;
			shellScript = "\"${SRCROOT}/../Pods/Target Support Files/Pods-VimeoNetworking/Pods-VimeoNetworking-resources.sh\"\n";
			showEnvVarsInLog = 0;
		};
		9BAF027AEFF249724BEB30E5 /* Check Pods Manifest.lock */ = {
			isa = PBXShellScriptBuildPhase;
			buildActionMask = 2147483647;
			files = (
			);
			inputPaths = (
			);
			name = "Check Pods Manifest.lock";
			outputPaths = (
			);
			runOnlyForDeploymentPostprocessing = 0;
			shellPath = /bin/sh;
			shellScript = "diff \"${PODS_ROOT}/../Podfile.lock\" \"${PODS_ROOT}/Manifest.lock\" > /dev/null\nif [[ $? != 0 ]] ; then\n    cat << EOM\nerror: The sandbox is not in sync with the Podfile.lock. Run 'pod install' or update your CocoaPods installation.\nEOM\n    exit 1\nfi\n";
			showEnvVarsInLog = 0;
		};
/* End PBXShellScriptBuildPhase section */

/* Begin PBXSourcesBuildPhase section */
		01B5C85F1CC826D800694F4A /* Sources */ = {
			isa = PBXSourcesBuildPhase;
			buildActionMask = 2147483647;
			files = (
				01B5C8E81CC8271A00694F4A /* Scope.swift in Sources */,
				01B5C8ED1CC8271A00694F4A /* Mappable.swift in Sources */,
				01B5C8DB1CC8271A00694F4A /* AppConfiguration.swift in Sources */,
				01B5C8D81CC8271A00694F4A /* VimeoNetworking.swift in Sources */,
				01B5C9261CC8271A00694F4A /* VIMVideoUtils.m in Sources */,
				01B5C8DC1CC8271A00694F4A /* VimeoRequestSerializer.swift in Sources */,
				01B5C8E71CC8271A00694F4A /* AuthenticationController.swift in Sources */,
				01B5C9001CC8271A00694F4A /* VIMComment.m in Sources */,
				01B5C8F61CC8271A00694F4A /* VIMAccountNew.m in Sources */,
				01B5C8E41CC8271A00694F4A /* Request+Authentication.swift in Sources */,
				01B5C9021CC8271A00694F4A /* VIMConnection.m in Sources */,
				01B5C8E91CC8271A00694F4A /* AccountStore.swift in Sources */,
				01B5C8E11CC8271A00694F4A /* VIMObjectMapper+Generic.swift in Sources */,
				01B5C9201CC8271A00694F4A /* VIMVideoFile.m in Sources */,
				01B5C90E1CC8271A00694F4A /* VIMPrivacy.m in Sources */,
				01B5C9121CC8271A00694F4A /* VIMSizeQuota.m in Sources */,
				01B5C9241CC8271A00694F4A /* VIMVideoPreference.m in Sources */,
				01B5C8F51CC8271A00694F4A /* VIMAccountCredential.m in Sources */,
				01B5C91C1CC8271A00694F4A /* VIMUser.m in Sources */,
				01B5C8F01CC8271A00694F4A /* NSError+Extensions.swift in Sources */,
				01B5C8EB1CC8271A00694F4A /* ResponseCache.swift in Sources */,
				01B5C9141CC8271A00694F4A /* VIMTag.m in Sources */,
				01B5C9161CC8271A00694F4A /* VIMTrigger.m in Sources */,
				01B5C8F81CC8271A00694F4A /* VIMActivity.m in Sources */,
				01B5C8D91CC8271A00694F4A /* Constants.swift in Sources */,
				01B5C9101CC8271A00694F4A /* VIMQuantityQuota.m in Sources */,
				01B5C8EA1CC8271A00694F4A /* KeychainStore.swift in Sources */,
				01B5C8FC1CC8271A00694F4A /* VIMCategory.m in Sources */,
				01B5C8E61CC8271A00694F4A /* Response.swift in Sources */,
				01B5C8EF1CC8271A00694F4A /* Result.swift in Sources */,
				01B5C90C1CC8271A00694F4A /* VIMPreference.m in Sources */,
				01B5C8E51CC8271A00694F4A /* Request+Video.swift in Sources */,
				01B5C8F31CC8271A00694F4A /* VIMAccount.m in Sources */,
				01B5C8EE1CC8271A00694F4A /* String+Parameters.swift in Sources */,
				01B5C91E1CC8271A00694F4A /* VIMVideo.m in Sources */,
				01B5C8E01CC8271A00694F4A /* VimeoSessionManager+Constructors.swift in Sources */,
				01B5C8EC1CC8271A00694F4A /* Request+Cache.swift in Sources */,
				01B5C8FA1CC8271A00694F4A /* VIMAppeal.m in Sources */,
				01B5C8DF1CC8271A00694F4A /* VimeoClient.swift in Sources */,
				01B5C9181CC8271A00694F4A /* VIMUploadQuota.m in Sources */,
				01B5C9221CC8271A00694F4A /* VIMVideoLog.m in Sources */,
				01B5C8E21CC8271A00694F4A /* Request.swift in Sources */,
				01B5C8DD1CC8271A00694F4A /* VimeoResponseSerializer.swift in Sources */,
				01B5C9061CC8271A00694F4A /* VIMInteraction.m in Sources */,
				01B5C91A1CC8271A00694F4A /* VIMUploadTicket.m in Sources */,
				01B5C8DE1CC8271A00694F4A /* VimeoSessionManager.swift in Sources */,
				01B5C8FE1CC8271A00694F4A /* VIMChannel.m in Sources */,
				01B5C9041CC8271A00694F4A /* VIMGroup.m in Sources */,
				01B5C8E31CC8271A00694F4A /* Request+User.swift in Sources */,
				01B5C9081CC8271A00694F4A /* VIMPicture.m in Sources */,
				01B5C90A1CC8271A00694F4A /* VIMPictureCollection.m in Sources */,
			);
			runOnlyForDeploymentPostprocessing = 0;
		};
		01B5C86A1CC826D800694F4A /* Sources */ = {
			isa = PBXSourcesBuildPhase;
			buildActionMask = 2147483647;
			files = (
				01B5C8741CC826D800694F4A /* VimeoNetworkingTests.swift in Sources */,
			);
			runOnlyForDeploymentPostprocessing = 0;
		};
/* End PBXSourcesBuildPhase section */

/* Begin PBXTargetDependency section */
		01B5C8711CC826D800694F4A /* PBXTargetDependency */ = {
			isa = PBXTargetDependency;
			target = 01B5C8631CC826D800694F4A /* VimeoNetworking */;
			targetProxy = 01B5C8701CC826D800694F4A /* PBXContainerItemProxy */;
		};
/* End PBXTargetDependency section */

/* Begin XCBuildConfiguration section */
		01B5C8761CC826D800694F4A /* Debug */ = {
			isa = XCBuildConfiguration;
			buildSettings = {
				ALWAYS_SEARCH_USER_PATHS = NO;
				CLANG_ANALYZER_NONNULL = YES;
				CLANG_CXX_LANGUAGE_STANDARD = "gnu++0x";
				CLANG_CXX_LIBRARY = "libc++";
				CLANG_ENABLE_MODULES = YES;
				CLANG_ENABLE_OBJC_ARC = YES;
				CLANG_WARN_BOOL_CONVERSION = YES;
				CLANG_WARN_CONSTANT_CONVERSION = YES;
				CLANG_WARN_DIRECT_OBJC_ISA_USAGE = YES_ERROR;
				CLANG_WARN_EMPTY_BODY = YES;
				CLANG_WARN_ENUM_CONVERSION = YES;
				CLANG_WARN_INT_CONVERSION = YES;
				CLANG_WARN_OBJC_ROOT_CLASS = YES_ERROR;
				CLANG_WARN_UNREACHABLE_CODE = YES;
				CLANG_WARN__DUPLICATE_METHOD_MATCH = YES;
				"CODE_SIGN_IDENTITY[sdk=iphoneos*]" = "iPhone Developer";
				COPY_PHASE_STRIP = NO;
				CURRENT_PROJECT_VERSION = 1;
				DEBUG_INFORMATION_FORMAT = dwarf;
				ENABLE_STRICT_OBJC_MSGSEND = YES;
				ENABLE_TESTABILITY = YES;
				GCC_C_LANGUAGE_STANDARD = gnu99;
				GCC_DYNAMIC_NO_PIC = NO;
				GCC_NO_COMMON_BLOCKS = YES;
				GCC_OPTIMIZATION_LEVEL = 0;
				GCC_PREPROCESSOR_DEFINITIONS = (
					"DEBUG=1",
					"$(inherited)",
				);
				GCC_WARN_64_TO_32_BIT_CONVERSION = YES;
				GCC_WARN_ABOUT_RETURN_TYPE = YES_ERROR;
				GCC_WARN_UNDECLARED_SELECTOR = YES;
				GCC_WARN_UNINITIALIZED_AUTOS = YES_AGGRESSIVE;
				GCC_WARN_UNUSED_FUNCTION = YES;
				GCC_WARN_UNUSED_VARIABLE = YES;
				IPHONEOS_DEPLOYMENT_TARGET = 9.3;
				MTL_ENABLE_DEBUG_INFO = YES;
				ONLY_ACTIVE_ARCH = YES;
				SDKROOT = iphoneos;
				SWIFT_OPTIMIZATION_LEVEL = "-Onone";
				TARGETED_DEVICE_FAMILY = "1,2";
				VERSIONING_SYSTEM = "apple-generic";
				VERSION_INFO_PREFIX = "";
			};
			name = Debug;
		};
		01B5C8771CC826D800694F4A /* Release */ = {
			isa = XCBuildConfiguration;
			buildSettings = {
				ALWAYS_SEARCH_USER_PATHS = NO;
				CLANG_ANALYZER_NONNULL = YES;
				CLANG_CXX_LANGUAGE_STANDARD = "gnu++0x";
				CLANG_CXX_LIBRARY = "libc++";
				CLANG_ENABLE_MODULES = YES;
				CLANG_ENABLE_OBJC_ARC = YES;
				CLANG_WARN_BOOL_CONVERSION = YES;
				CLANG_WARN_CONSTANT_CONVERSION = YES;
				CLANG_WARN_DIRECT_OBJC_ISA_USAGE = YES_ERROR;
				CLANG_WARN_EMPTY_BODY = YES;
				CLANG_WARN_ENUM_CONVERSION = YES;
				CLANG_WARN_INT_CONVERSION = YES;
				CLANG_WARN_OBJC_ROOT_CLASS = YES_ERROR;
				CLANG_WARN_UNREACHABLE_CODE = YES;
				CLANG_WARN__DUPLICATE_METHOD_MATCH = YES;
				"CODE_SIGN_IDENTITY[sdk=iphoneos*]" = "iPhone Developer";
				COPY_PHASE_STRIP = NO;
				CURRENT_PROJECT_VERSION = 1;
				DEBUG_INFORMATION_FORMAT = "dwarf-with-dsym";
				ENABLE_NS_ASSERTIONS = NO;
				ENABLE_STRICT_OBJC_MSGSEND = YES;
				GCC_C_LANGUAGE_STANDARD = gnu99;
				GCC_NO_COMMON_BLOCKS = YES;
				GCC_WARN_64_TO_32_BIT_CONVERSION = YES;
				GCC_WARN_ABOUT_RETURN_TYPE = YES_ERROR;
				GCC_WARN_UNDECLARED_SELECTOR = YES;
				GCC_WARN_UNINITIALIZED_AUTOS = YES_AGGRESSIVE;
				GCC_WARN_UNUSED_FUNCTION = YES;
				GCC_WARN_UNUSED_VARIABLE = YES;
				IPHONEOS_DEPLOYMENT_TARGET = 9.3;
				MTL_ENABLE_DEBUG_INFO = NO;
				SDKROOT = iphoneos;
				TARGETED_DEVICE_FAMILY = "1,2";
				VALIDATE_PRODUCT = YES;
				VERSIONING_SYSTEM = "apple-generic";
				VERSION_INFO_PREFIX = "";
			};
			name = Release;
		};
		01B5C8791CC826D800694F4A /* Debug */ = {
			isa = XCBuildConfiguration;
			baseConfigurationReference = B4D33B98CE4A2315048D6766 /* Pods-VimeoNetworking.debug.xcconfig */;
			buildSettings = {
				APPLICATION_EXTENSION_API_ONLY = NO;
				DEFINES_MODULE = YES;
				DYLIB_COMPATIBILITY_VERSION = 1;
				DYLIB_CURRENT_VERSION = 1;
				DYLIB_INSTALL_NAME_BASE = "@rpath";
				INFOPLIST_FILE = VimeoNetworking/Info.plist;
				INSTALL_PATH = "$(LOCAL_LIBRARY_DIR)/Frameworks";
				IPHONEOS_DEPLOYMENT_TARGET = 8.0;
				LD_RUNPATH_SEARCH_PATHS = "$(inherited) @executable_path/Frameworks @loader_path/Frameworks";
				PRODUCT_BUNDLE_IDENTIFIER = com.vimeo.VimeoNetworking;
				PRODUCT_NAME = "$(TARGET_NAME)";
				SKIP_INSTALL = YES;
				SWIFT_OBJC_BRIDGING_HEADER = "";
			};
			name = Debug;
		};
		01B5C87A1CC826D800694F4A /* Release */ = {
			isa = XCBuildConfiguration;
			baseConfigurationReference = 93F914B1FADB01FAF61EF363 /* Pods-VimeoNetworking.release.xcconfig */;
			buildSettings = {
				APPLICATION_EXTENSION_API_ONLY = NO;
				DEFINES_MODULE = YES;
				DYLIB_COMPATIBILITY_VERSION = 1;
				DYLIB_CURRENT_VERSION = 1;
				DYLIB_INSTALL_NAME_BASE = "@rpath";
				INFOPLIST_FILE = VimeoNetworking/Info.plist;
				INSTALL_PATH = "$(LOCAL_LIBRARY_DIR)/Frameworks";
				IPHONEOS_DEPLOYMENT_TARGET = 8.0;
				LD_RUNPATH_SEARCH_PATHS = "$(inherited) @executable_path/Frameworks @loader_path/Frameworks";
				PRODUCT_BUNDLE_IDENTIFIER = com.vimeo.VimeoNetworking;
				PRODUCT_NAME = "$(TARGET_NAME)";
				SKIP_INSTALL = YES;
				SWIFT_OBJC_BRIDGING_HEADER = "";
			};
			name = Release;
		};
		01B5C87C1CC826D800694F4A /* Debug */ = {
			isa = XCBuildConfiguration;
			buildSettings = {
				INFOPLIST_FILE = VimeoNetworkingTests/Info.plist;
				LD_RUNPATH_SEARCH_PATHS = "$(inherited) @executable_path/Frameworks @loader_path/Frameworks";
				PRODUCT_BUNDLE_IDENTIFIER = com.vimeo.VimeoNetworkingTests;
				PRODUCT_NAME = "$(TARGET_NAME)";
			};
			name = Debug;
		};
		01B5C87D1CC826D800694F4A /* Release */ = {
			isa = XCBuildConfiguration;
			buildSettings = {
				INFOPLIST_FILE = VimeoNetworkingTests/Info.plist;
				LD_RUNPATH_SEARCH_PATHS = "$(inherited) @executable_path/Frameworks @loader_path/Frameworks";
				PRODUCT_BUNDLE_IDENTIFIER = com.vimeo.VimeoNetworkingTests;
				PRODUCT_NAME = "$(TARGET_NAME)";
			};
			name = Release;
		};
/* End XCBuildConfiguration section */

/* Begin XCConfigurationList section */
		01B5C85E1CC826D800694F4A /* Build configuration list for PBXProject "VimeoNetworking" */ = {
			isa = XCConfigurationList;
			buildConfigurations = (
				01B5C8761CC826D800694F4A /* Debug */,
				01B5C8771CC826D800694F4A /* Release */,
			);
			defaultConfigurationIsVisible = 0;
			defaultConfigurationName = Release;
		};
		01B5C8781CC826D800694F4A /* Build configuration list for PBXNativeTarget "VimeoNetworking" */ = {
			isa = XCConfigurationList;
			buildConfigurations = (
				01B5C8791CC826D800694F4A /* Debug */,
				01B5C87A1CC826D800694F4A /* Release */,
			);
			defaultConfigurationIsVisible = 0;
			defaultConfigurationName = Release;
		};
		01B5C87B1CC826D800694F4A /* Build configuration list for PBXNativeTarget "VimeoNetworkingTests" */ = {
			isa = XCConfigurationList;
			buildConfigurations = (
				01B5C87C1CC826D800694F4A /* Debug */,
				01B5C87D1CC826D800694F4A /* Release */,
			);
			defaultConfigurationIsVisible = 0;
			defaultConfigurationName = Release;
		};
/* End XCConfigurationList section */
	};
	rootObject = 01B5C85B1CC826D800694F4A /* Project object */;
}
