// !$*UTF8*$!
{
	archiveVersion = 1;
	classes = {
	};
	objectVersion = 46;
	objects = {

/* Begin PBXBuildFile section */
		014A1E061CE26C4F00EC4681 /* Objc_ExceptionCatcher.h in Headers */ = {isa = PBXBuildFile; fileRef = 014A1E041CE26C4F00EC4681 /* Objc_ExceptionCatcher.h */; settings = {ATTRIBUTES = (Public, ); }; };
		014A1E071CE26C4F00EC4681 /* Objc_ExceptionCatcher.m in Sources */ = {isa = PBXBuildFile; fileRef = 014A1E051CE26C4F00EC4681 /* Objc_ExceptionCatcher.m */; };
		016259BE1CD006EF0004D4AF /* ExceptionCatcher+Swift.swift in Sources */ = {isa = PBXBuildFile; fileRef = 016259BD1CD006EF0004D4AF /* ExceptionCatcher+Swift.swift */; };
		016259C11CD017170004D4AF /* Request+Category.swift in Sources */ = {isa = PBXBuildFile; fileRef = 016259BF1CD017170004D4AF /* Request+Category.swift */; };
		016259C21CD017170004D4AF /* Request+Channel.swift in Sources */ = {isa = PBXBuildFile; fileRef = 016259C01CD017170004D4AF /* Request+Channel.swift */; };
		018483881CE0D9E2008305A4 /* PinCodeInfo.swift in Sources */ = {isa = PBXBuildFile; fileRef = 018483871CE0D9E2008305A4 /* PinCodeInfo.swift */; };
		01B061DF1CCE8BBB00F515E6 /* Notification.swift in Sources */ = {isa = PBXBuildFile; fileRef = 01B061DE1CCE8BBB00F515E6 /* Notification.swift */; };
		01B061E11CCE992D00F515E6 /* ErrorCode.swift in Sources */ = {isa = PBXBuildFile; fileRef = 01B061E01CCE992D00F515E6 /* ErrorCode.swift */; };
		01B061E71CCFBBB000F515E6 /* Request+Toggle.swift in Sources */ = {isa = PBXBuildFile; fileRef = 01B061E61CCFBBB000F515E6 /* Request+Toggle.swift */; };
		01B5C8681CC826D800694F4A /* VimeoNetworking.h in Headers */ = {isa = PBXBuildFile; fileRef = 01B5C8671CC826D800694F4A /* VimeoNetworking.h */; settings = {ATTRIBUTES = (Public, ); }; };
		01B5C86F1CC826D800694F4A /* VimeoNetworking.framework in Frameworks */ = {isa = PBXBuildFile; fileRef = 01B5C8641CC826D800694F4A /* VimeoNetworking.framework */; };
		01B5C8741CC826D800694F4A /* VimeoNetworkingTests.swift in Sources */ = {isa = PBXBuildFile; fileRef = 01B5C8731CC826D800694F4A /* VimeoNetworkingTests.swift */; };
		01CDBEFE1CEBA2030093DDF4 /* VIMMappable.h in Headers */ = {isa = PBXBuildFile; fileRef = 01CDBEF91CEBA2030093DDF4 /* VIMMappable.h */; settings = {ATTRIBUTES = (Public, ); }; };
		01CDBEFF1CEBA2030093DDF4 /* VIMModelObject.h in Headers */ = {isa = PBXBuildFile; fileRef = 01CDBEFA1CEBA2030093DDF4 /* VIMModelObject.h */; settings = {ATTRIBUTES = (Public, ); }; };
		01CDBF001CEBA2030093DDF4 /* VIMModelObject.m in Sources */ = {isa = PBXBuildFile; fileRef = 01CDBEFB1CEBA2030093DDF4 /* VIMModelObject.m */; };
		01CDBF011CEBA2030093DDF4 /* VIMObjectMapper.h in Headers */ = {isa = PBXBuildFile; fileRef = 01CDBEFC1CEBA2030093DDF4 /* VIMObjectMapper.h */; settings = {ATTRIBUTES = (Public, ); }; };
		01CDBF021CEBA2030093DDF4 /* VIMObjectMapper.m in Sources */ = {isa = PBXBuildFile; fileRef = 01CDBEFD1CEBA2030093DDF4 /* VIMObjectMapper.m */; };
		01FD38F91CC948F200326408 /* AccountStore.swift in Sources */ = {isa = PBXBuildFile; fileRef = 01FD38A91CC948F200326408 /* AccountStore.swift */; };
		01FD38FA1CC948F200326408 /* AppConfiguration.swift in Sources */ = {isa = PBXBuildFile; fileRef = 01FD38AA1CC948F200326408 /* AppConfiguration.swift */; };
		01FD38FB1CC948F200326408 /* AuthenticationController.swift in Sources */ = {isa = PBXBuildFile; fileRef = 01FD38AB1CC948F200326408 /* AuthenticationController.swift */; };
		01FD38FC1CC948F200326408 /* Constants.swift in Sources */ = {isa = PBXBuildFile; fileRef = 01FD38AC1CC948F200326408 /* Constants.swift */; };
		01FD38FD1CC948F200326408 /* digicert-sha2.cer in Resources */ = {isa = PBXBuildFile; fileRef = 01FD38AD1CC948F200326408 /* digicert-sha2.cer */; };
		01FD38FE1CC948F200326408 /* KeychainStore.swift in Sources */ = {isa = PBXBuildFile; fileRef = 01FD38AE1CC948F200326408 /* KeychainStore.swift */; };
		01FD38FF1CC948F200326408 /* Mappable.swift in Sources */ = {isa = PBXBuildFile; fileRef = 01FD38AF1CC948F200326408 /* Mappable.swift */; };
		01FD39001CC948F200326408 /* NSError+Extensions.swift in Sources */ = {isa = PBXBuildFile; fileRef = 01FD38B01CC948F200326408 /* NSError+Extensions.swift */; };
		01FD39011CC948F200326408 /* Request.swift in Sources */ = {isa = PBXBuildFile; fileRef = 01FD38B11CC948F200326408 /* Request.swift */; };
		01FD39021CC948F200326408 /* Request+Authentication.swift in Sources */ = {isa = PBXBuildFile; fileRef = 01FD38B21CC948F200326408 /* Request+Authentication.swift */; };
		01FD39031CC948F200326408 /* Request+Cache.swift in Sources */ = {isa = PBXBuildFile; fileRef = 01FD38B31CC948F200326408 /* Request+Cache.swift */; };
		01FD39041CC948F200326408 /* Request+User.swift in Sources */ = {isa = PBXBuildFile; fileRef = 01FD38B41CC948F200326408 /* Request+User.swift */; };
		01FD39051CC948F200326408 /* Request+Video.swift in Sources */ = {isa = PBXBuildFile; fileRef = 01FD38B51CC948F200326408 /* Request+Video.swift */; };
		01FD39061CC948F200326408 /* Response.swift in Sources */ = {isa = PBXBuildFile; fileRef = 01FD38B61CC948F200326408 /* Response.swift */; };
		01FD39071CC948F200326408 /* ResponseCache.swift in Sources */ = {isa = PBXBuildFile; fileRef = 01FD38B71CC948F200326408 /* ResponseCache.swift */; };
		01FD39081CC948F200326408 /* Result.swift in Sources */ = {isa = PBXBuildFile; fileRef = 01FD38B81CC948F200326408 /* Result.swift */; };
		01FD39091CC948F200326408 /* Scope.swift in Sources */ = {isa = PBXBuildFile; fileRef = 01FD38B91CC948F200326408 /* Scope.swift */; };
		01FD390A1CC948F200326408 /* String+Parameters.swift in Sources */ = {isa = PBXBuildFile; fileRef = 01FD38BA1CC948F200326408 /* String+Parameters.swift */; };
		01FD390F1CC948F300326408 /* VIMAccount.h in Headers */ = {isa = PBXBuildFile; fileRef = 01FD38BF1CC948F200326408 /* VIMAccount.h */; settings = {ATTRIBUTES = (Public, ); }; };
		01FD39101CC948F300326408 /* VIMAccount.m in Sources */ = {isa = PBXBuildFile; fileRef = 01FD38C01CC948F200326408 /* VIMAccount.m */; };
		01FD39111CC948F300326408 /* VIMActivity.h in Headers */ = {isa = PBXBuildFile; fileRef = 01FD38C11CC948F200326408 /* VIMActivity.h */; settings = {ATTRIBUTES = (Public, ); }; };
		01FD39121CC948F300326408 /* VIMActivity.m in Sources */ = {isa = PBXBuildFile; fileRef = 01FD38C21CC948F200326408 /* VIMActivity.m */; };
		01FD39131CC948F300326408 /* VIMAppeal.h in Headers */ = {isa = PBXBuildFile; fileRef = 01FD38C31CC948F200326408 /* VIMAppeal.h */; settings = {ATTRIBUTES = (Public, ); }; };
		01FD39141CC948F300326408 /* VIMAppeal.m in Sources */ = {isa = PBXBuildFile; fileRef = 01FD38C41CC948F200326408 /* VIMAppeal.m */; };
		01FD39151CC948F300326408 /* VIMCategory.h in Headers */ = {isa = PBXBuildFile; fileRef = 01FD38C51CC948F200326408 /* VIMCategory.h */; settings = {ATTRIBUTES = (Public, ); }; };
		01FD39161CC948F300326408 /* VIMCategory.m in Sources */ = {isa = PBXBuildFile; fileRef = 01FD38C61CC948F200326408 /* VIMCategory.m */; };
		01FD39171CC948F300326408 /* VIMChannel.h in Headers */ = {isa = PBXBuildFile; fileRef = 01FD38C71CC948F200326408 /* VIMChannel.h */; settings = {ATTRIBUTES = (Public, ); }; };
		01FD39181CC948F300326408 /* VIMChannel.m in Sources */ = {isa = PBXBuildFile; fileRef = 01FD38C81CC948F200326408 /* VIMChannel.m */; };
		01FD39191CC948F300326408 /* VIMComment.h in Headers */ = {isa = PBXBuildFile; fileRef = 01FD38C91CC948F200326408 /* VIMComment.h */; settings = {ATTRIBUTES = (Public, ); }; };
		01FD391A1CC948F300326408 /* VIMComment.m in Sources */ = {isa = PBXBuildFile; fileRef = 01FD38CA1CC948F200326408 /* VIMComment.m */; };
		01FD391B1CC948F300326408 /* VIMConnection.h in Headers */ = {isa = PBXBuildFile; fileRef = 01FD38CB1CC948F200326408 /* VIMConnection.h */; settings = {ATTRIBUTES = (Public, ); }; };
		01FD391C1CC948F300326408 /* VIMConnection.m in Sources */ = {isa = PBXBuildFile; fileRef = 01FD38CC1CC948F200326408 /* VIMConnection.m */; };
		01FD391D1CC948F300326408 /* VimeoClient.swift in Sources */ = {isa = PBXBuildFile; fileRef = 01FD38CD1CC948F200326408 /* VimeoClient.swift */; };
		01FD39201CC948F300326408 /* VimeoRequestSerializer.swift in Sources */ = {isa = PBXBuildFile; fileRef = 01FD38D01CC948F200326408 /* VimeoRequestSerializer.swift */; };
		01FD39211CC948F300326408 /* VimeoResponseSerializer.swift in Sources */ = {isa = PBXBuildFile; fileRef = 01FD38D11CC948F200326408 /* VimeoResponseSerializer.swift */; };
		01FD39221CC948F300326408 /* VimeoSessionManager.swift in Sources */ = {isa = PBXBuildFile; fileRef = 01FD38D21CC948F200326408 /* VimeoSessionManager.swift */; };
		01FD39231CC948F300326408 /* VimeoSessionManager+Constructors.swift in Sources */ = {isa = PBXBuildFile; fileRef = 01FD38D31CC948F200326408 /* VimeoSessionManager+Constructors.swift */; };
		01FD39241CC948F300326408 /* VIMGroup.h in Headers */ = {isa = PBXBuildFile; fileRef = 01FD38D41CC948F200326408 /* VIMGroup.h */; settings = {ATTRIBUTES = (Public, ); }; };
		01FD39251CC948F300326408 /* VIMGroup.m in Sources */ = {isa = PBXBuildFile; fileRef = 01FD38D51CC948F200326408 /* VIMGroup.m */; };
		01FD39261CC948F300326408 /* VIMInteraction.h in Headers */ = {isa = PBXBuildFile; fileRef = 01FD38D61CC948F200326408 /* VIMInteraction.h */; settings = {ATTRIBUTES = (Public, ); }; };
		01FD39271CC948F300326408 /* VIMInteraction.m in Sources */ = {isa = PBXBuildFile; fileRef = 01FD38D71CC948F200326408 /* VIMInteraction.m */; };
		01FD39281CC948F300326408 /* VIMObjectMapper+Generic.swift in Sources */ = {isa = PBXBuildFile; fileRef = 01FD38D81CC948F200326408 /* VIMObjectMapper+Generic.swift */; };
		01FD39291CC948F300326408 /* VIMPicture.h in Headers */ = {isa = PBXBuildFile; fileRef = 01FD38D91CC948F200326408 /* VIMPicture.h */; settings = {ATTRIBUTES = (Public, ); }; };
		01FD392A1CC948F300326408 /* VIMPicture.m in Sources */ = {isa = PBXBuildFile; fileRef = 01FD38DA1CC948F200326408 /* VIMPicture.m */; };
		01FD392B1CC948F300326408 /* VIMPictureCollection.h in Headers */ = {isa = PBXBuildFile; fileRef = 01FD38DB1CC948F200326408 /* VIMPictureCollection.h */; settings = {ATTRIBUTES = (Public, ); }; };
		01FD392C1CC948F300326408 /* VIMPictureCollection.m in Sources */ = {isa = PBXBuildFile; fileRef = 01FD38DC1CC948F200326408 /* VIMPictureCollection.m */; };
		01FD392D1CC948F300326408 /* VIMPreference.h in Headers */ = {isa = PBXBuildFile; fileRef = 01FD38DD1CC948F200326408 /* VIMPreference.h */; settings = {ATTRIBUTES = (Public, ); }; };
		01FD392E1CC948F300326408 /* VIMPreference.m in Sources */ = {isa = PBXBuildFile; fileRef = 01FD38DE1CC948F200326408 /* VIMPreference.m */; };
		01FD392F1CC948F300326408 /* VIMPrivacy.h in Headers */ = {isa = PBXBuildFile; fileRef = 01FD38DF1CC948F200326408 /* VIMPrivacy.h */; settings = {ATTRIBUTES = (Public, ); }; };
		01FD39301CC948F300326408 /* VIMPrivacy.m in Sources */ = {isa = PBXBuildFile; fileRef = 01FD38E01CC948F200326408 /* VIMPrivacy.m */; };
		01FD39311CC948F300326408 /* VIMQuantityQuota.h in Headers */ = {isa = PBXBuildFile; fileRef = 01FD38E11CC948F200326408 /* VIMQuantityQuota.h */; settings = {ATTRIBUTES = (Public, ); }; };
		01FD39321CC948F300326408 /* VIMQuantityQuota.m in Sources */ = {isa = PBXBuildFile; fileRef = 01FD38E21CC948F200326408 /* VIMQuantityQuota.m */; };
		01FD39331CC948F300326408 /* VIMSizeQuota.h in Headers */ = {isa = PBXBuildFile; fileRef = 01FD38E31CC948F200326408 /* VIMSizeQuota.h */; settings = {ATTRIBUTES = (Public, ); }; };
		01FD39341CC948F300326408 /* VIMSizeQuota.m in Sources */ = {isa = PBXBuildFile; fileRef = 01FD38E41CC948F200326408 /* VIMSizeQuota.m */; };
		01FD39351CC948F300326408 /* VIMTag.h in Headers */ = {isa = PBXBuildFile; fileRef = 01FD38E51CC948F200326408 /* VIMTag.h */; settings = {ATTRIBUTES = (Public, ); }; };
		01FD39361CC948F300326408 /* VIMTag.m in Sources */ = {isa = PBXBuildFile; fileRef = 01FD38E61CC948F200326408 /* VIMTag.m */; };
		01FD39371CC948F300326408 /* VIMTrigger.h in Headers */ = {isa = PBXBuildFile; fileRef = 01FD38E71CC948F200326408 /* VIMTrigger.h */; settings = {ATTRIBUTES = (Public, ); }; };
		01FD39381CC948F300326408 /* VIMTrigger.m in Sources */ = {isa = PBXBuildFile; fileRef = 01FD38E81CC948F200326408 /* VIMTrigger.m */; };
		01FD393B1CC948F300326408 /* VIMUploadTicket.h in Headers */ = {isa = PBXBuildFile; fileRef = 01FD38EB1CC948F200326408 /* VIMUploadTicket.h */; settings = {ATTRIBUTES = (Public, ); }; };
		01FD393C1CC948F300326408 /* VIMUploadTicket.m in Sources */ = {isa = PBXBuildFile; fileRef = 01FD38EC1CC948F200326408 /* VIMUploadTicket.m */; };
		01FD393D1CC948F300326408 /* VIMUser.h in Headers */ = {isa = PBXBuildFile; fileRef = 01FD38ED1CC948F200326408 /* VIMUser.h */; settings = {ATTRIBUTES = (Public, ); }; };
		01FD393E1CC948F300326408 /* VIMUser.m in Sources */ = {isa = PBXBuildFile; fileRef = 01FD38EE1CC948F200326408 /* VIMUser.m */; };
		01FD393F1CC948F300326408 /* VIMVideo.h in Headers */ = {isa = PBXBuildFile; fileRef = 01FD38EF1CC948F200326408 /* VIMVideo.h */; settings = {ATTRIBUTES = (Public, ); }; };
		01FD39401CC948F300326408 /* VIMVideo.m in Sources */ = {isa = PBXBuildFile; fileRef = 01FD38F01CC948F200326408 /* VIMVideo.m */; };
		01FD39411CC948F300326408 /* VIMVideoFile.h in Headers */ = {isa = PBXBuildFile; fileRef = 01FD38F11CC948F200326408 /* VIMVideoFile.h */; settings = {ATTRIBUTES = (Public, ); }; };
		01FD39421CC948F300326408 /* VIMVideoFile.m in Sources */ = {isa = PBXBuildFile; fileRef = 01FD38F21CC948F200326408 /* VIMVideoFile.m */; };
		01FD39431CC948F300326408 /* VIMVideoLog.h in Headers */ = {isa = PBXBuildFile; fileRef = 01FD38F31CC948F200326408 /* VIMVideoLog.h */; settings = {ATTRIBUTES = (Public, ); }; };
		01FD39441CC948F300326408 /* VIMVideoLog.m in Sources */ = {isa = PBXBuildFile; fileRef = 01FD38F41CC948F200326408 /* VIMVideoLog.m */; };
		01FD39451CC948F300326408 /* VIMVideoPreference.h in Headers */ = {isa = PBXBuildFile; fileRef = 01FD38F51CC948F200326408 /* VIMVideoPreference.h */; settings = {ATTRIBUTES = (Public, ); }; };
		01FD39461CC948F300326408 /* VIMVideoPreference.m in Sources */ = {isa = PBXBuildFile; fileRef = 01FD38F61CC948F200326408 /* VIMVideoPreference.m */; };
		01FD39471CC948F300326408 /* VIMVideoUtils.h in Headers */ = {isa = PBXBuildFile; fileRef = 01FD38F71CC948F200326408 /* VIMVideoUtils.h */; settings = {ATTRIBUTES = (Public, ); }; };
		01FD39481CC948F300326408 /* VIMVideoUtils.m in Sources */ = {isa = PBXBuildFile; fileRef = 01FD38F81CC948F200326408 /* VIMVideoUtils.m */; };
		01FD394B1CC9497900326408 /* VIMUploadQuota.h in Headers */ = {isa = PBXBuildFile; fileRef = 01FD39491CC9497900326408 /* VIMUploadQuota.h */; settings = {ATTRIBUTES = (Public, ); }; };
		01FD394C1CC9497900326408 /* VIMUploadQuota.m in Sources */ = {isa = PBXBuildFile; fileRef = 01FD394A1CC9497900326408 /* VIMUploadQuota.m */; };
		0C7362C31DFF3D2D000C3585 /* VIMVODItem.m in Sources */ = {isa = PBXBuildFile; fileRef = 0C7362C11DFF3D2D000C3585 /* VIMVODItem.m */; };
		0C7362C51DFF3DB6000C3585 /* VIMVODItem.h in Headers */ = {isa = PBXBuildFile; fileRef = 0C7362C21DFF3D2D000C3585 /* VIMVODItem.h */; settings = {ATTRIBUTES = (Public, ); }; };
		0C7362C81DFF3DD7000C3585 /* VIMRecommendation.m in Sources */ = {isa = PBXBuildFile; fileRef = 0C7362C61DFF3DD7000C3585 /* VIMRecommendation.m */; };
		0C7362C91DFF3DD7000C3585 /* VIMRecommendation.h in Headers */ = {isa = PBXBuildFile; fileRef = 0C7362C71DFF3DD7000C3585 /* VIMRecommendation.h */; settings = {ATTRIBUTES = (Public, ); }; };
		0C7362CC1DFF3DED000C3585 /* VIMPolicyDocument.m in Sources */ = {isa = PBXBuildFile; fileRef = 0C7362CA1DFF3DED000C3585 /* VIMPolicyDocument.m */; };
		0C7362CD1DFF3DED000C3585 /* VIMPolicyDocument.h in Headers */ = {isa = PBXBuildFile; fileRef = 0C7362CB1DFF3DED000C3585 /* VIMPolicyDocument.h */; settings = {ATTRIBUTES = (Public, ); }; };
		0C7362CF1DFF3E13000C3585 /* VimeoReachability.swift in Sources */ = {isa = PBXBuildFile; fileRef = 0C7362CE1DFF3E13000C3585 /* VimeoReachability.swift */; };
		3C6F88591D9972B3006A24F4 /* VIMProgrammedContent.swift in Sources */ = {isa = PBXBuildFile; fileRef = 3C6F88581D9972B3006A24F4 /* VIMProgrammedContent.swift */; };
		3C6F885B1D997C8B006A24F4 /* Request+ProgrammedContent.swift in Sources */ = {isa = PBXBuildFile; fileRef = 3C6F885A1D997C8B006A24F4 /* Request+ProgrammedContent.swift */; };
		3C6F885D1D997FA3006A24F4 /* VIMBadge.swift in Sources */ = {isa = PBXBuildFile; fileRef = 3C6F885C1D997FA3006A24F4 /* VIMBadge.swift */; };
		3C6F88621D997FF1006A24F4 /* VIMVideoPlayRepresentation.m in Sources */ = {isa = PBXBuildFile; fileRef = 3C6F885E1D997FF1006A24F4 /* VIMVideoPlayRepresentation.m */; };
		3C6F88631D997FF1006A24F4 /* VIMVideoPlayRepresentation.h in Headers */ = {isa = PBXBuildFile; fileRef = 3C6F885F1D997FF1006A24F4 /* VIMVideoPlayRepresentation.h */; };
		3C6F88641D997FF1006A24F4 /* VIMUserBadge.m in Sources */ = {isa = PBXBuildFile; fileRef = 3C6F88601D997FF1006A24F4 /* VIMUserBadge.m */; };
		3C6F88651D997FF1006A24F4 /* VIMUserBadge.h in Headers */ = {isa = PBXBuildFile; fileRef = 3C6F88611D997FF1006A24F4 /* VIMUserBadge.h */; };
		3C6F88701D99805E006A24F4 /* VIMVideoHLSFile.m in Sources */ = {isa = PBXBuildFile; fileRef = 3C6F88681D99805E006A24F4 /* VIMVideoHLSFile.m */; };
		3C6F88711D99805E006A24F4 /* VIMVideoHLSFile.h in Headers */ = {isa = PBXBuildFile; fileRef = 3C6F88691D99805E006A24F4 /* VIMVideoHLSFile.h */; };
		3C6F88721D99805E006A24F4 /* VIMVideoDRMFiles.m in Sources */ = {isa = PBXBuildFile; fileRef = 3C6F886A1D99805E006A24F4 /* VIMVideoDRMFiles.m */; };
		3C6F88731D99805E006A24F4 /* VIMVideoDRMFiles.h in Headers */ = {isa = PBXBuildFile; fileRef = 3C6F886B1D99805E006A24F4 /* VIMVideoDRMFiles.h */; };
		3C6F88741D99805E006A24F4 /* VIMVideoDASHFile.m in Sources */ = {isa = PBXBuildFile; fileRef = 3C6F886C1D99805E006A24F4 /* VIMVideoDASHFile.m */; };
		3C6F88751D99805E006A24F4 /* VIMVideoDASHFile.h in Headers */ = {isa = PBXBuildFile; fileRef = 3C6F886D1D99805E006A24F4 /* VIMVideoDASHFile.h */; };
		3C6F88781D998086006A24F4 /* VIMVideoProgressiveFile.m in Sources */ = {isa = PBXBuildFile; fileRef = 3C6F88761D998086006A24F4 /* VIMVideoProgressiveFile.m */; };
		3C6F88791D998086006A24F4 /* VIMVideoProgressiveFile.h in Headers */ = {isa = PBXBuildFile; fileRef = 3C6F88771D998086006A24F4 /* VIMVideoProgressiveFile.h */; };
		3C6F887E1D9980C1006A24F4 /* VIMVideoPlayFile.m in Sources */ = {isa = PBXBuildFile; fileRef = 3C6F887A1D9980C1006A24F4 /* VIMVideoPlayFile.m */; };
		3C6F887F1D9980C1006A24F4 /* VIMVideoPlayFile.h in Headers */ = {isa = PBXBuildFile; fileRef = 3C6F887B1D9980C1006A24F4 /* VIMVideoPlayFile.h */; };
		3C6F88801D9980C1006A24F4 /* VIMVideoFairPlayFile.m in Sources */ = {isa = PBXBuildFile; fileRef = 3C6F887C1D9980C1006A24F4 /* VIMVideoFairPlayFile.m */; };
		3C6F88811D9980C1006A24F4 /* VIMVideoFairPlayFile.h in Headers */ = {isa = PBXBuildFile; fileRef = 3C6F887D1D9980C1006A24F4 /* VIMVideoFairPlayFile.h */; };
		3C6F88861D9998CB006A24F4 /* VIMProgrammedContent.swift in Sources */ = {isa = PBXBuildFile; fileRef = 3C6F88581D9972B3006A24F4 /* VIMProgrammedContent.swift */; };
		3C6F88871D999C18006A24F4 /* VIMModelObject.m in Sources */ = {isa = PBXBuildFile; fileRef = 01CDBEFB1CEBA2030093DDF4 /* VIMModelObject.m */; };
		3C6F88881D999C20006A24F4 /* VIMObjectMapper.m in Sources */ = {isa = PBXBuildFile; fileRef = 01CDBEFD1CEBA2030093DDF4 /* VIMObjectMapper.m */; };
		3C87D73C1D2C33C7005D760B /* NSErrorExtensionTests.swift in Sources */ = {isa = PBXBuildFile; fileRef = 3C87D73B1D2C33C7005D760B /* NSErrorExtensionTests.swift */; };
		3C91DA341CCFEBF200DCF8BD /* VIMSoundtrack.h in Headers */ = {isa = PBXBuildFile; fileRef = 3C91DA321CCFEBF200DCF8BD /* VIMSoundtrack.h */; settings = {ATTRIBUTES = (Public, ); }; };
		3C91DA351CCFEBF200DCF8BD /* VIMSoundtrack.m in Sources */ = {isa = PBXBuildFile; fileRef = 3C91DA331CCFEBF200DCF8BD /* VIMSoundtrack.m */; };
		3C91DA3A1CCFF27900DCF8BD /* Request+Soundtrack.swift in Sources */ = {isa = PBXBuildFile; fileRef = 3C91DA371CCFEFB300DCF8BD /* Request+Soundtrack.swift */; };
		3C9F57C51CF7783E0076B296 /* NSURLSessionConfiguration+Extensions.swift in Sources */ = {isa = PBXBuildFile; fileRef = 3C9F57C41CF7783E0076B296 /* NSURLSessionConfiguration+Extensions.swift */; };
		3CB75E231D22B8DD003826AE /* VIMThumbnailUploadTicket.h in Headers */ = {isa = PBXBuildFile; fileRef = 3CB75E211D22B8DD003826AE /* VIMThumbnailUploadTicket.h */; };
		3CB75E241D22B8DD003826AE /* VIMThumbnailUploadTicket.m in Sources */ = {isa = PBXBuildFile; fileRef = 3CB75E221D22B8DD003826AE /* VIMThumbnailUploadTicket.m */; };
		96749EBB1DEEAE470015EB20 /* VIMSeason.h in Headers */ = {isa = PBXBuildFile; fileRef = 96749EB91DEEAE470015EB20 /* VIMSeason.h */; };
		96749EBC1DEEAE470015EB20 /* VIMSeason.m in Sources */ = {isa = PBXBuildFile; fileRef = 96749EBA1DEEAE470015EB20 /* VIMSeason.m */; };
		B59A9DE6C5CBD60F8F0FA02A /* Pods_VimeoNetworking.framework in Frameworks */ = {isa = PBXBuildFile; fileRef = 0AF246275B609406583D4109 /* Pods_VimeoNetworking.framework */; };
/* End PBXBuildFile section */

/* Begin PBXContainerItemProxy section */
		01B5C8701CC826D800694F4A /* PBXContainerItemProxy */ = {
			isa = PBXContainerItemProxy;
			containerPortal = 01B5C85B1CC826D800694F4A /* Project object */;
			proxyType = 1;
			remoteGlobalIDString = 01B5C8631CC826D800694F4A;
			remoteInfo = VimeoNetworking;
		};
/* End PBXContainerItemProxy section */

/* Begin PBXFileReference section */
		014A1E041CE26C4F00EC4681 /* Objc_ExceptionCatcher.h */ = {isa = PBXFileReference; fileEncoding = 4; lastKnownFileType = sourcecode.c.h; name = Objc_ExceptionCatcher.h; path = VimeoNetworking/Objc_ExceptionCatcher.h; sourceTree = "<group>"; };
		014A1E051CE26C4F00EC4681 /* Objc_ExceptionCatcher.m */ = {isa = PBXFileReference; fileEncoding = 4; lastKnownFileType = sourcecode.c.objc; name = Objc_ExceptionCatcher.m; path = VimeoNetworking/Objc_ExceptionCatcher.m; sourceTree = "<group>"; };
		016259BD1CD006EF0004D4AF /* ExceptionCatcher+Swift.swift */ = {isa = PBXFileReference; fileEncoding = 4; lastKnownFileType = sourcecode.swift; name = "ExceptionCatcher+Swift.swift"; path = "VimeoNetworking/ExceptionCatcher+Swift.swift"; sourceTree = "<group>"; };
		016259BF1CD017170004D4AF /* Request+Category.swift */ = {isa = PBXFileReference; fileEncoding = 4; lastKnownFileType = sourcecode.swift; name = "Request+Category.swift"; path = "VimeoNetworking/Request+Category.swift"; sourceTree = "<group>"; };
		016259C01CD017170004D4AF /* Request+Channel.swift */ = {isa = PBXFileReference; fileEncoding = 4; lastKnownFileType = sourcecode.swift; name = "Request+Channel.swift"; path = "VimeoNetworking/Request+Channel.swift"; sourceTree = "<group>"; };
		018483871CE0D9E2008305A4 /* PinCodeInfo.swift */ = {isa = PBXFileReference; fileEncoding = 4; lastKnownFileType = sourcecode.swift; name = PinCodeInfo.swift; path = VimeoNetworking/Models/PinCodeInfo.swift; sourceTree = "<group>"; };
		01B061DE1CCE8BBB00F515E6 /* Notification.swift */ = {isa = PBXFileReference; fileEncoding = 4; lastKnownFileType = sourcecode.swift; name = Notification.swift; path = VimeoNetworking/Notification.swift; sourceTree = "<group>"; };
		01B061E01CCE992D00F515E6 /* ErrorCode.swift */ = {isa = PBXFileReference; fileEncoding = 4; lastKnownFileType = sourcecode.swift; name = ErrorCode.swift; path = VimeoNetworking/ErrorCode.swift; sourceTree = "<group>"; };
		01B061E61CCFBBB000F515E6 /* Request+Toggle.swift */ = {isa = PBXFileReference; fileEncoding = 4; lastKnownFileType = sourcecode.swift; name = "Request+Toggle.swift"; path = "VimeoNetworking/Request+Toggle.swift"; sourceTree = "<group>"; };
		01B5C8641CC826D800694F4A /* VimeoNetworking.framework */ = {isa = PBXFileReference; explicitFileType = wrapper.framework; includeInIndex = 0; path = VimeoNetworking.framework; sourceTree = BUILT_PRODUCTS_DIR; };
		01B5C8671CC826D800694F4A /* VimeoNetworking.h */ = {isa = PBXFileReference; lastKnownFileType = sourcecode.c.h; lineEnding = 0; name = VimeoNetworking.h; path = ../VimeoNetworking/VimeoNetworking/VimeoNetworking.h; sourceTree = "<group>"; xcLanguageSpecificationIdentifier = xcode.lang.objcpp; };
		01B5C8691CC826D800694F4A /* Info.plist */ = {isa = PBXFileReference; lastKnownFileType = text.plist.xml; name = Info.plist; path = ../VimeoNetworking/VimeoNetworking/Info.plist; sourceTree = "<group>"; };
		01B5C86E1CC826D800694F4A /* VimeoNetworkingTests.xctest */ = {isa = PBXFileReference; explicitFileType = wrapper.cfbundle; includeInIndex = 0; path = VimeoNetworkingTests.xctest; sourceTree = BUILT_PRODUCTS_DIR; };
		01B5C8731CC826D800694F4A /* VimeoNetworkingTests.swift */ = {isa = PBXFileReference; lastKnownFileType = sourcecode.swift; path = VimeoNetworkingTests.swift; sourceTree = "<group>"; };
		01B5C8751CC826D800694F4A /* Info.plist */ = {isa = PBXFileReference; lastKnownFileType = text.plist.xml; path = Info.plist; sourceTree = "<group>"; };
		01CDBEF91CEBA2030093DDF4 /* VIMMappable.h */ = {isa = PBXFileReference; fileEncoding = 4; lastKnownFileType = sourcecode.c.h; name = VIMMappable.h; path = VimeoNetworking/Models/VIMMappable.h; sourceTree = "<group>"; };
		01CDBEFA1CEBA2030093DDF4 /* VIMModelObject.h */ = {isa = PBXFileReference; fileEncoding = 4; lastKnownFileType = sourcecode.c.h; name = VIMModelObject.h; path = VimeoNetworking/Models/VIMModelObject.h; sourceTree = "<group>"; };
		01CDBEFB1CEBA2030093DDF4 /* VIMModelObject.m */ = {isa = PBXFileReference; fileEncoding = 4; lastKnownFileType = sourcecode.c.objc; name = VIMModelObject.m; path = VimeoNetworking/Models/VIMModelObject.m; sourceTree = "<group>"; };
		01CDBEFC1CEBA2030093DDF4 /* VIMObjectMapper.h */ = {isa = PBXFileReference; fileEncoding = 4; lastKnownFileType = sourcecode.c.h; name = VIMObjectMapper.h; path = VimeoNetworking/Models/VIMObjectMapper.h; sourceTree = "<group>"; };
		01CDBEFD1CEBA2030093DDF4 /* VIMObjectMapper.m */ = {isa = PBXFileReference; fileEncoding = 4; lastKnownFileType = sourcecode.c.objc; name = VIMObjectMapper.m; path = VimeoNetworking/Models/VIMObjectMapper.m; sourceTree = "<group>"; };
		01FD38A91CC948F200326408 /* AccountStore.swift */ = {isa = PBXFileReference; fileEncoding = 4; lastKnownFileType = sourcecode.swift; lineEnding = 0; name = AccountStore.swift; path = VimeoNetworking/AccountStore.swift; sourceTree = "<group>"; xcLanguageSpecificationIdentifier = xcode.lang.swift; };
		01FD38AA1CC948F200326408 /* AppConfiguration.swift */ = {isa = PBXFileReference; fileEncoding = 4; lastKnownFileType = sourcecode.swift; name = AppConfiguration.swift; path = VimeoNetworking/AppConfiguration.swift; sourceTree = "<group>"; };
		01FD38AB1CC948F200326408 /* AuthenticationController.swift */ = {isa = PBXFileReference; fileEncoding = 4; lastKnownFileType = sourcecode.swift; lineEnding = 0; name = AuthenticationController.swift; path = VimeoNetworking/AuthenticationController.swift; sourceTree = "<group>"; xcLanguageSpecificationIdentifier = xcode.lang.swift; };
		01FD38AC1CC948F200326408 /* Constants.swift */ = {isa = PBXFileReference; fileEncoding = 4; lastKnownFileType = sourcecode.swift; name = Constants.swift; path = VimeoNetworking/Constants.swift; sourceTree = "<group>"; };
		01FD38AD1CC948F200326408 /* digicert-sha2.cer */ = {isa = PBXFileReference; lastKnownFileType = file; name = "digicert-sha2.cer"; path = "VimeoNetworking/digicert-sha2.cer"; sourceTree = "<group>"; };
		01FD38AE1CC948F200326408 /* KeychainStore.swift */ = {isa = PBXFileReference; fileEncoding = 4; lastKnownFileType = sourcecode.swift; name = KeychainStore.swift; path = VimeoNetworking/KeychainStore.swift; sourceTree = "<group>"; };
		01FD38AF1CC948F200326408 /* Mappable.swift */ = {isa = PBXFileReference; fileEncoding = 4; lastKnownFileType = sourcecode.swift; name = Mappable.swift; path = VimeoNetworking/Mappable.swift; sourceTree = "<group>"; };
		01FD38B01CC948F200326408 /* NSError+Extensions.swift */ = {isa = PBXFileReference; fileEncoding = 4; lastKnownFileType = sourcecode.swift; name = "NSError+Extensions.swift"; path = "VimeoNetworking/NSError+Extensions.swift"; sourceTree = "<group>"; };
		01FD38B11CC948F200326408 /* Request.swift */ = {isa = PBXFileReference; fileEncoding = 4; lastKnownFileType = sourcecode.swift; name = Request.swift; path = VimeoNetworking/Request.swift; sourceTree = "<group>"; };
		01FD38B21CC948F200326408 /* Request+Authentication.swift */ = {isa = PBXFileReference; fileEncoding = 4; lastKnownFileType = sourcecode.swift; lineEnding = 0; name = "Request+Authentication.swift"; path = "VimeoNetworking/Request+Authentication.swift"; sourceTree = "<group>"; xcLanguageSpecificationIdentifier = xcode.lang.swift; };
		01FD38B31CC948F200326408 /* Request+Cache.swift */ = {isa = PBXFileReference; fileEncoding = 4; lastKnownFileType = sourcecode.swift; name = "Request+Cache.swift"; path = "VimeoNetworking/Request+Cache.swift"; sourceTree = "<group>"; };
		01FD38B41CC948F200326408 /* Request+User.swift */ = {isa = PBXFileReference; fileEncoding = 4; lastKnownFileType = sourcecode.swift; name = "Request+User.swift"; path = "VimeoNetworking/Request+User.swift"; sourceTree = "<group>"; };
		01FD38B51CC948F200326408 /* Request+Video.swift */ = {isa = PBXFileReference; fileEncoding = 4; lastKnownFileType = sourcecode.swift; name = "Request+Video.swift"; path = "VimeoNetworking/Request+Video.swift"; sourceTree = "<group>"; };
		01FD38B61CC948F200326408 /* Response.swift */ = {isa = PBXFileReference; fileEncoding = 4; lastKnownFileType = sourcecode.swift; name = Response.swift; path = VimeoNetworking/Response.swift; sourceTree = "<group>"; };
		01FD38B71CC948F200326408 /* ResponseCache.swift */ = {isa = PBXFileReference; fileEncoding = 4; lastKnownFileType = sourcecode.swift; name = ResponseCache.swift; path = VimeoNetworking/ResponseCache.swift; sourceTree = "<group>"; };
		01FD38B81CC948F200326408 /* Result.swift */ = {isa = PBXFileReference; fileEncoding = 4; lastKnownFileType = sourcecode.swift; name = Result.swift; path = VimeoNetworking/Result.swift; sourceTree = "<group>"; };
		01FD38B91CC948F200326408 /* Scope.swift */ = {isa = PBXFileReference; fileEncoding = 4; lastKnownFileType = sourcecode.swift; name = Scope.swift; path = VimeoNetworking/Scope.swift; sourceTree = "<group>"; };
		01FD38BA1CC948F200326408 /* String+Parameters.swift */ = {isa = PBXFileReference; fileEncoding = 4; lastKnownFileType = sourcecode.swift; name = "String+Parameters.swift"; path = "VimeoNetworking/String+Parameters.swift"; sourceTree = "<group>"; };
		01FD38BF1CC948F200326408 /* VIMAccount.h */ = {isa = PBXFileReference; fileEncoding = 4; lastKnownFileType = sourcecode.c.h; lineEnding = 0; name = VIMAccount.h; path = VimeoNetworking/Models/VIMAccount.h; sourceTree = "<group>"; xcLanguageSpecificationIdentifier = xcode.lang.objcpp; };
		01FD38C01CC948F200326408 /* VIMAccount.m */ = {isa = PBXFileReference; fileEncoding = 4; lastKnownFileType = sourcecode.c.objc; lineEnding = 0; name = VIMAccount.m; path = VimeoNetworking/Models/VIMAccount.m; sourceTree = "<group>"; xcLanguageSpecificationIdentifier = xcode.lang.objc; };
		01FD38C11CC948F200326408 /* VIMActivity.h */ = {isa = PBXFileReference; fileEncoding = 4; lastKnownFileType = sourcecode.c.h; name = VIMActivity.h; path = VimeoNetworking/Models/VIMActivity.h; sourceTree = "<group>"; };
		01FD38C21CC948F200326408 /* VIMActivity.m */ = {isa = PBXFileReference; fileEncoding = 4; lastKnownFileType = sourcecode.c.objc; name = VIMActivity.m; path = VimeoNetworking/Models/VIMActivity.m; sourceTree = "<group>"; };
		01FD38C31CC948F200326408 /* VIMAppeal.h */ = {isa = PBXFileReference; fileEncoding = 4; lastKnownFileType = sourcecode.c.h; name = VIMAppeal.h; path = VimeoNetworking/Models/VIMAppeal.h; sourceTree = "<group>"; };
		01FD38C41CC948F200326408 /* VIMAppeal.m */ = {isa = PBXFileReference; fileEncoding = 4; lastKnownFileType = sourcecode.c.objc; name = VIMAppeal.m; path = VimeoNetworking/Models/VIMAppeal.m; sourceTree = "<group>"; };
		01FD38C51CC948F200326408 /* VIMCategory.h */ = {isa = PBXFileReference; fileEncoding = 4; lastKnownFileType = sourcecode.c.h; name = VIMCategory.h; path = VimeoNetworking/Models/VIMCategory.h; sourceTree = "<group>"; };
		01FD38C61CC948F200326408 /* VIMCategory.m */ = {isa = PBXFileReference; fileEncoding = 4; lastKnownFileType = sourcecode.c.objc; name = VIMCategory.m; path = VimeoNetworking/Models/VIMCategory.m; sourceTree = "<group>"; };
		01FD38C71CC948F200326408 /* VIMChannel.h */ = {isa = PBXFileReference; fileEncoding = 4; lastKnownFileType = sourcecode.c.h; name = VIMChannel.h; path = VimeoNetworking/Models/VIMChannel.h; sourceTree = "<group>"; };
		01FD38C81CC948F200326408 /* VIMChannel.m */ = {isa = PBXFileReference; fileEncoding = 4; lastKnownFileType = sourcecode.c.objc; name = VIMChannel.m; path = VimeoNetworking/Models/VIMChannel.m; sourceTree = "<group>"; };
		01FD38C91CC948F200326408 /* VIMComment.h */ = {isa = PBXFileReference; fileEncoding = 4; lastKnownFileType = sourcecode.c.h; name = VIMComment.h; path = VimeoNetworking/Models/VIMComment.h; sourceTree = "<group>"; };
		01FD38CA1CC948F200326408 /* VIMComment.m */ = {isa = PBXFileReference; fileEncoding = 4; lastKnownFileType = sourcecode.c.objc; name = VIMComment.m; path = VimeoNetworking/Models/VIMComment.m; sourceTree = "<group>"; };
		01FD38CB1CC948F200326408 /* VIMConnection.h */ = {isa = PBXFileReference; fileEncoding = 4; lastKnownFileType = sourcecode.c.h; name = VIMConnection.h; path = VimeoNetworking/Models/VIMConnection.h; sourceTree = "<group>"; };
		01FD38CC1CC948F200326408 /* VIMConnection.m */ = {isa = PBXFileReference; fileEncoding = 4; lastKnownFileType = sourcecode.c.objc; name = VIMConnection.m; path = VimeoNetworking/Models/VIMConnection.m; sourceTree = "<group>"; };
		01FD38CD1CC948F200326408 /* VimeoClient.swift */ = {isa = PBXFileReference; fileEncoding = 4; lastKnownFileType = sourcecode.swift; lineEnding = 0; name = VimeoClient.swift; path = VimeoNetworking/VimeoClient.swift; sourceTree = "<group>"; xcLanguageSpecificationIdentifier = xcode.lang.swift; };
		01FD38D01CC948F200326408 /* VimeoRequestSerializer.swift */ = {isa = PBXFileReference; fileEncoding = 4; lastKnownFileType = sourcecode.swift; name = VimeoRequestSerializer.swift; path = VimeoNetworking/VimeoRequestSerializer.swift; sourceTree = "<group>"; };
		01FD38D11CC948F200326408 /* VimeoResponseSerializer.swift */ = {isa = PBXFileReference; fileEncoding = 4; lastKnownFileType = sourcecode.swift; name = VimeoResponseSerializer.swift; path = VimeoNetworking/VimeoResponseSerializer.swift; sourceTree = "<group>"; };
		01FD38D21CC948F200326408 /* VimeoSessionManager.swift */ = {isa = PBXFileReference; fileEncoding = 4; lastKnownFileType = sourcecode.swift; lineEnding = 0; name = VimeoSessionManager.swift; path = VimeoNetworking/VimeoSessionManager.swift; sourceTree = "<group>"; wrapsLines = 1; xcLanguageSpecificationIdentifier = xcode.lang.swift; };
		01FD38D31CC948F200326408 /* VimeoSessionManager+Constructors.swift */ = {isa = PBXFileReference; fileEncoding = 4; lastKnownFileType = sourcecode.swift; name = "VimeoSessionManager+Constructors.swift"; path = "VimeoNetworking/VimeoSessionManager+Constructors.swift"; sourceTree = "<group>"; };
		01FD38D41CC948F200326408 /* VIMGroup.h */ = {isa = PBXFileReference; fileEncoding = 4; lastKnownFileType = sourcecode.c.h; name = VIMGroup.h; path = VimeoNetworking/Models/VIMGroup.h; sourceTree = "<group>"; };
		01FD38D51CC948F200326408 /* VIMGroup.m */ = {isa = PBXFileReference; fileEncoding = 4; lastKnownFileType = sourcecode.c.objc; name = VIMGroup.m; path = VimeoNetworking/Models/VIMGroup.m; sourceTree = "<group>"; };
		01FD38D61CC948F200326408 /* VIMInteraction.h */ = {isa = PBXFileReference; fileEncoding = 4; lastKnownFileType = sourcecode.c.h; name = VIMInteraction.h; path = VimeoNetworking/Models/VIMInteraction.h; sourceTree = "<group>"; };
		01FD38D71CC948F200326408 /* VIMInteraction.m */ = {isa = PBXFileReference; fileEncoding = 4; lastKnownFileType = sourcecode.c.objc; name = VIMInteraction.m; path = VimeoNetworking/Models/VIMInteraction.m; sourceTree = "<group>"; };
		01FD38D81CC948F200326408 /* VIMObjectMapper+Generic.swift */ = {isa = PBXFileReference; fileEncoding = 4; lastKnownFileType = sourcecode.swift; name = "VIMObjectMapper+Generic.swift"; path = "VimeoNetworking/VIMObjectMapper+Generic.swift"; sourceTree = "<group>"; };
		01FD38D91CC948F200326408 /* VIMPicture.h */ = {isa = PBXFileReference; fileEncoding = 4; lastKnownFileType = sourcecode.c.h; name = VIMPicture.h; path = VimeoNetworking/Models/VIMPicture.h; sourceTree = "<group>"; };
		01FD38DA1CC948F200326408 /* VIMPicture.m */ = {isa = PBXFileReference; fileEncoding = 4; lastKnownFileType = sourcecode.c.objc; name = VIMPicture.m; path = VimeoNetworking/Models/VIMPicture.m; sourceTree = "<group>"; };
		01FD38DB1CC948F200326408 /* VIMPictureCollection.h */ = {isa = PBXFileReference; fileEncoding = 4; lastKnownFileType = sourcecode.c.h; name = VIMPictureCollection.h; path = VimeoNetworking/Models/VIMPictureCollection.h; sourceTree = "<group>"; };
		01FD38DC1CC948F200326408 /* VIMPictureCollection.m */ = {isa = PBXFileReference; fileEncoding = 4; lastKnownFileType = sourcecode.c.objc; name = VIMPictureCollection.m; path = VimeoNetworking/Models/VIMPictureCollection.m; sourceTree = "<group>"; };
		01FD38DD1CC948F200326408 /* VIMPreference.h */ = {isa = PBXFileReference; fileEncoding = 4; lastKnownFileType = sourcecode.c.h; name = VIMPreference.h; path = VimeoNetworking/Models/VIMPreference.h; sourceTree = "<group>"; };
		01FD38DE1CC948F200326408 /* VIMPreference.m */ = {isa = PBXFileReference; fileEncoding = 4; lastKnownFileType = sourcecode.c.objc; name = VIMPreference.m; path = VimeoNetworking/Models/VIMPreference.m; sourceTree = "<group>"; };
		01FD38DF1CC948F200326408 /* VIMPrivacy.h */ = {isa = PBXFileReference; fileEncoding = 4; lastKnownFileType = sourcecode.c.h; name = VIMPrivacy.h; path = VimeoNetworking/Models/VIMPrivacy.h; sourceTree = "<group>"; };
		01FD38E01CC948F200326408 /* VIMPrivacy.m */ = {isa = PBXFileReference; fileEncoding = 4; lastKnownFileType = sourcecode.c.objc; name = VIMPrivacy.m; path = VimeoNetworking/Models/VIMPrivacy.m; sourceTree = "<group>"; };
		01FD38E11CC948F200326408 /* VIMQuantityQuota.h */ = {isa = PBXFileReference; fileEncoding = 4; lastKnownFileType = sourcecode.c.h; name = VIMQuantityQuota.h; path = VimeoNetworking/Models/VIMQuantityQuota.h; sourceTree = "<group>"; };
		01FD38E21CC948F200326408 /* VIMQuantityQuota.m */ = {isa = PBXFileReference; fileEncoding = 4; lastKnownFileType = sourcecode.c.objc; name = VIMQuantityQuota.m; path = VimeoNetworking/Models/VIMQuantityQuota.m; sourceTree = "<group>"; };
		01FD38E31CC948F200326408 /* VIMSizeQuota.h */ = {isa = PBXFileReference; fileEncoding = 4; lastKnownFileType = sourcecode.c.h; name = VIMSizeQuota.h; path = VimeoNetworking/Models/VIMSizeQuota.h; sourceTree = "<group>"; };
		01FD38E41CC948F200326408 /* VIMSizeQuota.m */ = {isa = PBXFileReference; fileEncoding = 4; lastKnownFileType = sourcecode.c.objc; name = VIMSizeQuota.m; path = VimeoNetworking/Models/VIMSizeQuota.m; sourceTree = "<group>"; };
		01FD38E51CC948F200326408 /* VIMTag.h */ = {isa = PBXFileReference; fileEncoding = 4; lastKnownFileType = sourcecode.c.h; name = VIMTag.h; path = VimeoNetworking/Models/VIMTag.h; sourceTree = "<group>"; };
		01FD38E61CC948F200326408 /* VIMTag.m */ = {isa = PBXFileReference; fileEncoding = 4; lastKnownFileType = sourcecode.c.objc; name = VIMTag.m; path = VimeoNetworking/Models/VIMTag.m; sourceTree = "<group>"; };
		01FD38E71CC948F200326408 /* VIMTrigger.h */ = {isa = PBXFileReference; fileEncoding = 4; lastKnownFileType = sourcecode.c.h; name = VIMTrigger.h; path = VimeoNetworking/Models/VIMTrigger.h; sourceTree = "<group>"; };
		01FD38E81CC948F200326408 /* VIMTrigger.m */ = {isa = PBXFileReference; fileEncoding = 4; lastKnownFileType = sourcecode.c.objc; name = VIMTrigger.m; path = VimeoNetworking/Models/VIMTrigger.m; sourceTree = "<group>"; };
		01FD38EB1CC948F200326408 /* VIMUploadTicket.h */ = {isa = PBXFileReference; fileEncoding = 4; lastKnownFileType = sourcecode.c.h; name = VIMUploadTicket.h; path = VimeoNetworking/Models/VIMUploadTicket.h; sourceTree = "<group>"; };
		01FD38EC1CC948F200326408 /* VIMUploadTicket.m */ = {isa = PBXFileReference; fileEncoding = 4; lastKnownFileType = sourcecode.c.objc; name = VIMUploadTicket.m; path = VimeoNetworking/Models/VIMUploadTicket.m; sourceTree = "<group>"; };
		01FD38ED1CC948F200326408 /* VIMUser.h */ = {isa = PBXFileReference; fileEncoding = 4; lastKnownFileType = sourcecode.c.h; name = VIMUser.h; path = VimeoNetworking/Models/VIMUser.h; sourceTree = "<group>"; };
		01FD38EE1CC948F200326408 /* VIMUser.m */ = {isa = PBXFileReference; fileEncoding = 4; lastKnownFileType = sourcecode.c.objc; name = VIMUser.m; path = VimeoNetworking/Models/VIMUser.m; sourceTree = "<group>"; };
		01FD38EF1CC948F200326408 /* VIMVideo.h */ = {isa = PBXFileReference; fileEncoding = 4; lastKnownFileType = sourcecode.c.h; name = VIMVideo.h; path = VimeoNetworking/Models/VIMVideo.h; sourceTree = "<group>"; };
		01FD38F01CC948F200326408 /* VIMVideo.m */ = {isa = PBXFileReference; fileEncoding = 4; lastKnownFileType = sourcecode.c.objc; name = VIMVideo.m; path = VimeoNetworking/Models/VIMVideo.m; sourceTree = "<group>"; };
		01FD38F11CC948F200326408 /* VIMVideoFile.h */ = {isa = PBXFileReference; fileEncoding = 4; lastKnownFileType = sourcecode.c.h; name = VIMVideoFile.h; path = VimeoNetworking/Models/VIMVideoFile.h; sourceTree = "<group>"; };
		01FD38F21CC948F200326408 /* VIMVideoFile.m */ = {isa = PBXFileReference; fileEncoding = 4; lastKnownFileType = sourcecode.c.objc; name = VIMVideoFile.m; path = VimeoNetworking/Models/VIMVideoFile.m; sourceTree = "<group>"; };
		01FD38F31CC948F200326408 /* VIMVideoLog.h */ = {isa = PBXFileReference; fileEncoding = 4; lastKnownFileType = sourcecode.c.h; name = VIMVideoLog.h; path = VimeoNetworking/Models/VIMVideoLog.h; sourceTree = "<group>"; };
		01FD38F41CC948F200326408 /* VIMVideoLog.m */ = {isa = PBXFileReference; fileEncoding = 4; lastKnownFileType = sourcecode.c.objc; name = VIMVideoLog.m; path = VimeoNetworking/Models/VIMVideoLog.m; sourceTree = "<group>"; };
		01FD38F51CC948F200326408 /* VIMVideoPreference.h */ = {isa = PBXFileReference; fileEncoding = 4; lastKnownFileType = sourcecode.c.h; name = VIMVideoPreference.h; path = VimeoNetworking/Models/VIMVideoPreference.h; sourceTree = "<group>"; };
		01FD38F61CC948F200326408 /* VIMVideoPreference.m */ = {isa = PBXFileReference; fileEncoding = 4; lastKnownFileType = sourcecode.c.objc; name = VIMVideoPreference.m; path = VimeoNetworking/Models/VIMVideoPreference.m; sourceTree = "<group>"; };
		01FD38F71CC948F200326408 /* VIMVideoUtils.h */ = {isa = PBXFileReference; fileEncoding = 4; lastKnownFileType = sourcecode.c.h; name = VIMVideoUtils.h; path = VimeoNetworking/Models/VIMVideoUtils.h; sourceTree = "<group>"; };
		01FD38F81CC948F200326408 /* VIMVideoUtils.m */ = {isa = PBXFileReference; fileEncoding = 4; lastKnownFileType = sourcecode.c.objc; name = VIMVideoUtils.m; path = VimeoNetworking/Models/VIMVideoUtils.m; sourceTree = "<group>"; };
		01FD39491CC9497900326408 /* VIMUploadQuota.h */ = {isa = PBXFileReference; fileEncoding = 4; lastKnownFileType = sourcecode.c.h; name = VIMUploadQuota.h; path = VimeoNetworking/Models/VIMUploadQuota.h; sourceTree = "<group>"; };
		01FD394A1CC9497900326408 /* VIMUploadQuota.m */ = {isa = PBXFileReference; fileEncoding = 4; lastKnownFileType = sourcecode.c.objc; name = VIMUploadQuota.m; path = VimeoNetworking/Models/VIMUploadQuota.m; sourceTree = "<group>"; };
		0AF246275B609406583D4109 /* Pods_VimeoNetworking.framework */ = {isa = PBXFileReference; explicitFileType = wrapper.framework; includeInIndex = 0; path = Pods_VimeoNetworking.framework; sourceTree = BUILT_PRODUCTS_DIR; };
		0C7362C11DFF3D2D000C3585 /* VIMVODItem.m */ = {isa = PBXFileReference; fileEncoding = 4; lastKnownFileType = sourcecode.c.objc; name = VIMVODItem.m; path = VimeoNetworking/Models/VIMVODItem.m; sourceTree = "<group>"; };
		0C7362C21DFF3D2D000C3585 /* VIMVODItem.h */ = {isa = PBXFileReference; fileEncoding = 4; lastKnownFileType = sourcecode.c.h; name = VIMVODItem.h; path = VimeoNetworking/Models/VIMVODItem.h; sourceTree = "<group>"; };
		0C7362C61DFF3DD7000C3585 /* VIMRecommendation.m */ = {isa = PBXFileReference; fileEncoding = 4; lastKnownFileType = sourcecode.c.objc; name = VIMRecommendation.m; path = VimeoNetworking/Models/VIMRecommendation.m; sourceTree = "<group>"; };
		0C7362C71DFF3DD7000C3585 /* VIMRecommendation.h */ = {isa = PBXFileReference; fileEncoding = 4; lastKnownFileType = sourcecode.c.h; name = VIMRecommendation.h; path = VimeoNetworking/Models/VIMRecommendation.h; sourceTree = "<group>"; };
		0C7362CA1DFF3DED000C3585 /* VIMPolicyDocument.m */ = {isa = PBXFileReference; fileEncoding = 4; lastKnownFileType = sourcecode.c.objc; name = VIMPolicyDocument.m; path = VimeoNetworking/Models/VIMPolicyDocument.m; sourceTree = "<group>"; };
		0C7362CB1DFF3DED000C3585 /* VIMPolicyDocument.h */ = {isa = PBXFileReference; fileEncoding = 4; lastKnownFileType = sourcecode.c.h; name = VIMPolicyDocument.h; path = VimeoNetworking/Models/VIMPolicyDocument.h; sourceTree = "<group>"; };
		0C7362CE1DFF3E13000C3585 /* VimeoReachability.swift */ = {isa = PBXFileReference; fileEncoding = 4; lastKnownFileType = sourcecode.swift; name = VimeoReachability.swift; path = VimeoNetworking/VimeoReachability.swift; sourceTree = "<group>"; };
		3C6F88581D9972B3006A24F4 /* VIMProgrammedContent.swift */ = {isa = PBXFileReference; fileEncoding = 4; lastKnownFileType = sourcecode.swift; name = VIMProgrammedContent.swift; path = VimeoNetworking/Models/VIMProgrammedContent.swift; sourceTree = "<group>"; };
		3C6F885A1D997C8B006A24F4 /* Request+ProgrammedContent.swift */ = {isa = PBXFileReference; fileEncoding = 4; lastKnownFileType = sourcecode.swift; name = "Request+ProgrammedContent.swift"; path = "VimeoNetworking/Request+ProgrammedContent.swift"; sourceTree = "<group>"; };
		3C6F885C1D997FA3006A24F4 /* VIMBadge.swift */ = {isa = PBXFileReference; fileEncoding = 4; lastKnownFileType = sourcecode.swift; name = VIMBadge.swift; path = VimeoNetworking/Models/VIMBadge.swift; sourceTree = "<group>"; };
		3C6F885E1D997FF1006A24F4 /* VIMVideoPlayRepresentation.m */ = {isa = PBXFileReference; fileEncoding = 4; lastKnownFileType = sourcecode.c.objc; name = VIMVideoPlayRepresentation.m; path = VimeoNetworking/Models/VIMVideoPlayRepresentation.m; sourceTree = "<group>"; };
		3C6F885F1D997FF1006A24F4 /* VIMVideoPlayRepresentation.h */ = {isa = PBXFileReference; fileEncoding = 4; lastKnownFileType = sourcecode.c.h; name = VIMVideoPlayRepresentation.h; path = VimeoNetworking/Models/VIMVideoPlayRepresentation.h; sourceTree = "<group>"; };
		3C6F88601D997FF1006A24F4 /* VIMUserBadge.m */ = {isa = PBXFileReference; fileEncoding = 4; lastKnownFileType = sourcecode.c.objc; name = VIMUserBadge.m; path = VimeoNetworking/Models/VIMUserBadge.m; sourceTree = "<group>"; };
		3C6F88611D997FF1006A24F4 /* VIMUserBadge.h */ = {isa = PBXFileReference; fileEncoding = 4; lastKnownFileType = sourcecode.c.h; name = VIMUserBadge.h; path = VimeoNetworking/Models/VIMUserBadge.h; sourceTree = "<group>"; };
		3C6F88681D99805E006A24F4 /* VIMVideoHLSFile.m */ = {isa = PBXFileReference; fileEncoding = 4; lastKnownFileType = sourcecode.c.objc; name = VIMVideoHLSFile.m; path = VimeoNetworking/Models/VIMVideoHLSFile.m; sourceTree = "<group>"; };
		3C6F88691D99805E006A24F4 /* VIMVideoHLSFile.h */ = {isa = PBXFileReference; fileEncoding = 4; lastKnownFileType = sourcecode.c.h; name = VIMVideoHLSFile.h; path = VimeoNetworking/Models/VIMVideoHLSFile.h; sourceTree = "<group>"; };
		3C6F886A1D99805E006A24F4 /* VIMVideoDRMFiles.m */ = {isa = PBXFileReference; fileEncoding = 4; lastKnownFileType = sourcecode.c.objc; name = VIMVideoDRMFiles.m; path = VimeoNetworking/Models/VIMVideoDRMFiles.m; sourceTree = "<group>"; };
		3C6F886B1D99805E006A24F4 /* VIMVideoDRMFiles.h */ = {isa = PBXFileReference; fileEncoding = 4; lastKnownFileType = sourcecode.c.h; name = VIMVideoDRMFiles.h; path = VimeoNetworking/Models/VIMVideoDRMFiles.h; sourceTree = "<group>"; };
		3C6F886C1D99805E006A24F4 /* VIMVideoDASHFile.m */ = {isa = PBXFileReference; fileEncoding = 4; lastKnownFileType = sourcecode.c.objc; name = VIMVideoDASHFile.m; path = VimeoNetworking/Models/VIMVideoDASHFile.m; sourceTree = "<group>"; };
		3C6F886D1D99805E006A24F4 /* VIMVideoDASHFile.h */ = {isa = PBXFileReference; fileEncoding = 4; lastKnownFileType = sourcecode.c.h; name = VIMVideoDASHFile.h; path = VimeoNetworking/Models/VIMVideoDASHFile.h; sourceTree = "<group>"; };
		3C6F88761D998086006A24F4 /* VIMVideoProgressiveFile.m */ = {isa = PBXFileReference; fileEncoding = 4; lastKnownFileType = sourcecode.c.objc; name = VIMVideoProgressiveFile.m; path = VimeoNetworking/Models/VIMVideoProgressiveFile.m; sourceTree = "<group>"; };
		3C6F88771D998086006A24F4 /* VIMVideoProgressiveFile.h */ = {isa = PBXFileReference; fileEncoding = 4; lastKnownFileType = sourcecode.c.h; name = VIMVideoProgressiveFile.h; path = VimeoNetworking/Models/VIMVideoProgressiveFile.h; sourceTree = "<group>"; };
		3C6F887A1D9980C1006A24F4 /* VIMVideoPlayFile.m */ = {isa = PBXFileReference; fileEncoding = 4; lastKnownFileType = sourcecode.c.objc; name = VIMVideoPlayFile.m; path = VimeoNetworking/Models/VIMVideoPlayFile.m; sourceTree = "<group>"; };
		3C6F887B1D9980C1006A24F4 /* VIMVideoPlayFile.h */ = {isa = PBXFileReference; fileEncoding = 4; lastKnownFileType = sourcecode.c.h; name = VIMVideoPlayFile.h; path = VimeoNetworking/Models/VIMVideoPlayFile.h; sourceTree = "<group>"; };
		3C6F887C1D9980C1006A24F4 /* VIMVideoFairPlayFile.m */ = {isa = PBXFileReference; fileEncoding = 4; lastKnownFileType = sourcecode.c.objc; name = VIMVideoFairPlayFile.m; path = VimeoNetworking/Models/VIMVideoFairPlayFile.m; sourceTree = "<group>"; };
		3C6F887D1D9980C1006A24F4 /* VIMVideoFairPlayFile.h */ = {isa = PBXFileReference; fileEncoding = 4; lastKnownFileType = sourcecode.c.h; name = VIMVideoFairPlayFile.h; path = VimeoNetworking/Models/VIMVideoFairPlayFile.h; sourceTree = "<group>"; };
		3C87D73B1D2C33C7005D760B /* NSErrorExtensionTests.swift */ = {isa = PBXFileReference; fileEncoding = 4; lastKnownFileType = sourcecode.swift; path = NSErrorExtensionTests.swift; sourceTree = "<group>"; };
		3C91DA321CCFEBF200DCF8BD /* VIMSoundtrack.h */ = {isa = PBXFileReference; fileEncoding = 4; lastKnownFileType = sourcecode.c.h; name = VIMSoundtrack.h; path = VimeoNetworking/Models/VIMSoundtrack.h; sourceTree = "<group>"; };
		3C91DA331CCFEBF200DCF8BD /* VIMSoundtrack.m */ = {isa = PBXFileReference; fileEncoding = 4; lastKnownFileType = sourcecode.c.objc; name = VIMSoundtrack.m; path = VimeoNetworking/Models/VIMSoundtrack.m; sourceTree = "<group>"; };
		3C91DA371CCFEFB300DCF8BD /* Request+Soundtrack.swift */ = {isa = PBXFileReference; fileEncoding = 4; lastKnownFileType = sourcecode.swift; name = "Request+Soundtrack.swift"; path = "VimeoNetworking/Request+Soundtrack.swift"; sourceTree = "<group>"; };
		3C9F57C41CF7783E0076B296 /* NSURLSessionConfiguration+Extensions.swift */ = {isa = PBXFileReference; fileEncoding = 4; lastKnownFileType = sourcecode.swift; name = "NSURLSessionConfiguration+Extensions.swift"; path = "VimeoNetworking/NSURLSessionConfiguration+Extensions.swift"; sourceTree = "<group>"; };
		3CB75E211D22B8DD003826AE /* VIMThumbnailUploadTicket.h */ = {isa = PBXFileReference; fileEncoding = 4; lastKnownFileType = sourcecode.c.h; name = VIMThumbnailUploadTicket.h; path = VimeoNetworking/Models/VIMThumbnailUploadTicket.h; sourceTree = "<group>"; };
		3CB75E221D22B8DD003826AE /* VIMThumbnailUploadTicket.m */ = {isa = PBXFileReference; fileEncoding = 4; lastKnownFileType = sourcecode.c.objc; name = VIMThumbnailUploadTicket.m; path = VimeoNetworking/Models/VIMThumbnailUploadTicket.m; sourceTree = "<group>"; };
		93F914B1FADB01FAF61EF363 /* Pods-VimeoNetworking.release.xcconfig */ = {isa = PBXFileReference; includeInIndex = 1; lastKnownFileType = text.xcconfig; name = "Pods-VimeoNetworking.release.xcconfig"; path = "../Pods/Target Support Files/Pods-VimeoNetworking/Pods-VimeoNetworking.release.xcconfig"; sourceTree = "<group>"; };
		96749EB91DEEAE470015EB20 /* VIMSeason.h */ = {isa = PBXFileReference; fileEncoding = 4; lastKnownFileType = sourcecode.c.h; name = VIMSeason.h; path = VimeoNetworking/Models/VIMSeason.h; sourceTree = "<group>"; };
		96749EBA1DEEAE470015EB20 /* VIMSeason.m */ = {isa = PBXFileReference; fileEncoding = 4; lastKnownFileType = sourcecode.c.objc; name = VIMSeason.m; path = VimeoNetworking/Models/VIMSeason.m; sourceTree = "<group>"; };
		B4D33B98CE4A2315048D6766 /* Pods-VimeoNetworking.debug.xcconfig */ = {isa = PBXFileReference; includeInIndex = 1; lastKnownFileType = text.xcconfig; name = "Pods-VimeoNetworking.debug.xcconfig"; path = "../Pods/Target Support Files/Pods-VimeoNetworking/Pods-VimeoNetworking.debug.xcconfig"; sourceTree = "<group>"; };
/* End PBXFileReference section */

/* Begin PBXFrameworksBuildPhase section */
		01B5C8601CC826D800694F4A /* Frameworks */ = {
			isa = PBXFrameworksBuildPhase;
			buildActionMask = 2147483647;
			files = (
				B59A9DE6C5CBD60F8F0FA02A /* Pods_VimeoNetworking.framework in Frameworks */,
			);
			runOnlyForDeploymentPostprocessing = 0;
		};
		01B5C86B1CC826D800694F4A /* Frameworks */ = {
			isa = PBXFrameworksBuildPhase;
			buildActionMask = 2147483647;
			files = (
				01B5C86F1CC826D800694F4A /* VimeoNetworking.framework in Frameworks */,
			);
			runOnlyForDeploymentPostprocessing = 0;
		};
/* End PBXFrameworksBuildPhase section */

/* Begin PBXGroup section */
		016259B81CD0030B0004D4AF /* Utilities */ = {
			isa = PBXGroup;
			children = (
				0C7362CE1DFF3E13000C3585 /* VimeoReachability.swift */,
				014A1E041CE26C4F00EC4681 /* Objc_ExceptionCatcher.h */,
				014A1E051CE26C4F00EC4681 /* Objc_ExceptionCatcher.m */,
				016259BD1CD006EF0004D4AF /* ExceptionCatcher+Swift.swift */,
			);
			name = Utilities;
			sourceTree = "<group>";
		};
		01B061D51CCAC17C00F515E6 /* Types */ = {
			isa = PBXGroup;
			children = (
				01FD38AA1CC948F200326408 /* AppConfiguration.swift */,
				01FD38AF1CC948F200326408 /* Mappable.swift */,
				01FD38B11CC948F200326408 /* Request.swift */,
				01FD38B61CC948F200326408 /* Response.swift */,
				01FD38B81CC948F200326408 /* Result.swift */,
				01FD38B91CC948F200326408 /* Scope.swift */,
				01B061E01CCE992D00F515E6 /* ErrorCode.swift */,
			);
			name = Types;
			sourceTree = "<group>";
		};
		01B061D61CCAC19100F515E6 /* Extensions */ = {
			isa = PBXGroup;
			children = (
				01FD38B01CC948F200326408 /* NSError+Extensions.swift */,
				01FD38BA1CC948F200326408 /* String+Parameters.swift */,
				01FD38D81CC948F200326408 /* VIMObjectMapper+Generic.swift */,
				3C9F57C41CF7783E0076B296 /* NSURLSessionConfiguration+Extensions.swift */,
			);
			name = Extensions;
			sourceTree = "<group>";
		};
		01B061D71CCAC1B300F515E6 /* Authentication */ = {
			isa = PBXGroup;
			children = (
				01FD38AB1CC948F200326408 /* AuthenticationController.swift */,
				01FD38B21CC948F200326408 /* Request+Authentication.swift */,
				01FD38A91CC948F200326408 /* AccountStore.swift */,
				01FD38AE1CC948F200326408 /* KeychainStore.swift */,
			);
			name = Authentication;
			sourceTree = "<group>";
		};
		01B061D81CCAC1E100F515E6 /* Client */ = {
			isa = PBXGroup;
			children = (
				01B061DB1CCAC27000F515E6 /* Request Constructors */,
				01B061D91CCAC25700F515E6 /* Session */,
				01B061DA1CCAC25F00F515E6 /* Cache */,
				01FD38CD1CC948F200326408 /* VimeoClient.swift */,
				01FD38AC1CC948F200326408 /* Constants.swift */,
				01B061DE1CCE8BBB00F515E6 /* Notification.swift */,
			);
			name = Client;
			sourceTree = "<group>";
		};
		01B061D91CCAC25700F515E6 /* Session */ = {
			isa = PBXGroup;
			children = (
				01FD38D21CC948F200326408 /* VimeoSessionManager.swift */,
				01FD38D31CC948F200326408 /* VimeoSessionManager+Constructors.swift */,
				01FD38D01CC948F200326408 /* VimeoRequestSerializer.swift */,
				01FD38D11CC948F200326408 /* VimeoResponseSerializer.swift */,
			);
			name = Session;
			sourceTree = "<group>";
		};
		01B061DA1CCAC25F00F515E6 /* Cache */ = {
			isa = PBXGroup;
			children = (
				01FD38B71CC948F200326408 /* ResponseCache.swift */,
				01FD38B31CC948F200326408 /* Request+Cache.swift */,
			);
			name = Cache;
			sourceTree = "<group>";
		};
		01B061DB1CCAC27000F515E6 /* Request Constructors */ = {
			isa = PBXGroup;
			children = (
				3C91DA371CCFEFB300DCF8BD /* Request+Soundtrack.swift */,
				01FD38B51CC948F200326408 /* Request+Video.swift */,
				01FD38B41CC948F200326408 /* Request+User.swift */,
				016259BF1CD017170004D4AF /* Request+Category.swift */,
				016259C01CD017170004D4AF /* Request+Channel.swift */,
				01B061E61CCFBBB000F515E6 /* Request+Toggle.swift */,
				3C6F885A1D997C8B006A24F4 /* Request+ProgrammedContent.swift */,
			);
			name = "Request Constructors";
			sourceTree = "<group>";
		};
		01B5C85A1CC826D800694F4A = {
			isa = PBXGroup;
			children = (
				01B5C8D71CC8271A00694F4A /* VimeoNetworking */,
				01B5C8721CC826D800694F4A /* VimeoNetworkingTests */,
				01B5C8651CC826D800694F4A /* Products */,
				B032718DC2309E311A8CADCF /* Pods */,
				7ED83D93FDAEA5F2CB64434B /* Frameworks */,
			);
			sourceTree = "<group>";
		};
		01B5C8651CC826D800694F4A /* Products */ = {
			isa = PBXGroup;
			children = (
				01B5C8641CC826D800694F4A /* VimeoNetworking.framework */,
				01B5C86E1CC826D800694F4A /* VimeoNetworkingTests.xctest */,
			);
			name = Products;
			sourceTree = "<group>";
		};
		01B5C8721CC826D800694F4A /* VimeoNetworkingTests */ = {
			isa = PBXGroup;
			children = (
				01B5C8731CC826D800694F4A /* VimeoNetworkingTests.swift */,
				01B5C8751CC826D800694F4A /* Info.plist */,
				3C87D73B1D2C33C7005D760B /* NSErrorExtensionTests.swift */,
			);
			path = VimeoNetworkingTests;
			sourceTree = "<group>";
		};
		01B5C8D71CC8271A00694F4A /* VimeoNetworking */ = {
			isa = PBXGroup;
			children = (
				01B061D81CCAC1E100F515E6 /* Client */,
				01B061D71CCAC1B300F515E6 /* Authentication */,
				01FD394D1CC9508200326408 /* Models */,
				01CDBEF81CEBA1F10093DDF4 /* Object Mapping */,
				01B061D51CCAC17C00F515E6 /* Types */,
				01B061D61CCAC19100F515E6 /* Extensions */,
				016259B81CD0030B0004D4AF /* Utilities */,
				01FD38AD1CC948F200326408 /* digicert-sha2.cer */,
				01B5C8691CC826D800694F4A /* Info.plist */,
				01B5C8671CC826D800694F4A /* VimeoNetworking.h */,
			);
			name = VimeoNetworking;
			sourceTree = SOURCE_ROOT;
		};
		01CDBEF81CEBA1F10093DDF4 /* Object Mapping */ = {
			isa = PBXGroup;
			children = (
				01CDBEF91CEBA2030093DDF4 /* VIMMappable.h */,
				01CDBEFA1CEBA2030093DDF4 /* VIMModelObject.h */,
				01CDBEFB1CEBA2030093DDF4 /* VIMModelObject.m */,
				01CDBEFC1CEBA2030093DDF4 /* VIMObjectMapper.h */,
				01CDBEFD1CEBA2030093DDF4 /* VIMObjectMapper.m */,
			);
			name = "Object Mapping";
			sourceTree = "<group>";
		};
		01FD394D1CC9508200326408 /* Models */ = {
			isa = PBXGroup;
			children = (
				0C7362CA1DFF3DED000C3585 /* VIMPolicyDocument.m */,
				0C7362CB1DFF3DED000C3585 /* VIMPolicyDocument.h */,
				0C7362C61DFF3DD7000C3585 /* VIMRecommendation.m */,
				0C7362C71DFF3DD7000C3585 /* VIMRecommendation.h */,
				0C7362C11DFF3D2D000C3585 /* VIMVODItem.m */,
				0C7362C21DFF3D2D000C3585 /* VIMVODItem.h */,
				018483871CE0D9E2008305A4 /* PinCodeInfo.swift */,
				01FD38BF1CC948F200326408 /* VIMAccount.h */,
				01FD38C01CC948F200326408 /* VIMAccount.m */,
				01FD38C11CC948F200326408 /* VIMActivity.h */,
				01FD38C21CC948F200326408 /* VIMActivity.m */,
				01FD38C31CC948F200326408 /* VIMAppeal.h */,
				01FD38C41CC948F200326408 /* VIMAppeal.m */,
				3C6F885C1D997FA3006A24F4 /* VIMBadge.swift */,
				01FD38C51CC948F200326408 /* VIMCategory.h */,
				01FD38C61CC948F200326408 /* VIMCategory.m */,
				01FD38C71CC948F200326408 /* VIMChannel.h */,
				01FD38C81CC948F200326408 /* VIMChannel.m */,
				01FD38C91CC948F200326408 /* VIMComment.h */,
				01FD38CA1CC948F200326408 /* VIMComment.m */,
				01FD38CB1CC948F200326408 /* VIMConnection.h */,
				01FD38CC1CC948F200326408 /* VIMConnection.m */,
				01FD38D41CC948F200326408 /* VIMGroup.h */,
				01FD38D51CC948F200326408 /* VIMGroup.m */,
				01FD38D61CC948F200326408 /* VIMInteraction.h */,
				01FD38D71CC948F200326408 /* VIMInteraction.m */,
				01FD38D91CC948F200326408 /* VIMPicture.h */,
				01FD38DA1CC948F200326408 /* VIMPicture.m */,
				01FD38DB1CC948F200326408 /* VIMPictureCollection.h */,
				01FD38DC1CC948F200326408 /* VIMPictureCollection.m */,
				01FD38DD1CC948F200326408 /* VIMPreference.h */,
				01FD38DE1CC948F200326408 /* VIMPreference.m */,
				01FD38DF1CC948F200326408 /* VIMPrivacy.h */,
				01FD38E01CC948F200326408 /* VIMPrivacy.m */,
				3C6F88581D9972B3006A24F4 /* VIMProgrammedContent.swift */,
				01FD38E11CC948F200326408 /* VIMQuantityQuota.h */,
				01FD38E21CC948F200326408 /* VIMQuantityQuota.m */,
				96749EB91DEEAE470015EB20 /* VIMSeason.h */,
				96749EBA1DEEAE470015EB20 /* VIMSeason.m */,
				01FD38E31CC948F200326408 /* VIMSizeQuota.h */,
				01FD38E41CC948F200326408 /* VIMSizeQuota.m */,
				3C91DA321CCFEBF200DCF8BD /* VIMSoundtrack.h */,
				3C91DA331CCFEBF200DCF8BD /* VIMSoundtrack.m */,
				01FD38E51CC948F200326408 /* VIMTag.h */,
				01FD38E61CC948F200326408 /* VIMTag.m */,
				3CB75E211D22B8DD003826AE /* VIMThumbnailUploadTicket.h */,
				3CB75E221D22B8DD003826AE /* VIMThumbnailUploadTicket.m */,
				01FD38E71CC948F200326408 /* VIMTrigger.h */,
				01FD38E81CC948F200326408 /* VIMTrigger.m */,
				01FD39491CC9497900326408 /* VIMUploadQuota.h */,
				01FD394A1CC9497900326408 /* VIMUploadQuota.m */,
				01FD38EB1CC948F200326408 /* VIMUploadTicket.h */,
				01FD38EC1CC948F200326408 /* VIMUploadTicket.m */,
				01FD38ED1CC948F200326408 /* VIMUser.h */,
				01FD38EE1CC948F200326408 /* VIMUser.m */,
				3C6F88611D997FF1006A24F4 /* VIMUserBadge.h */,
				3C6F88601D997FF1006A24F4 /* VIMUserBadge.m */,
				01FD38EF1CC948F200326408 /* VIMVideo.h */,
				01FD38F01CC948F200326408 /* VIMVideo.m */,
				3C6F886D1D99805E006A24F4 /* VIMVideoDASHFile.h */,
				3C6F886C1D99805E006A24F4 /* VIMVideoDASHFile.m */,
				3C6F886B1D99805E006A24F4 /* VIMVideoDRMFiles.h */,
				3C6F886A1D99805E006A24F4 /* VIMVideoDRMFiles.m */,
				3C6F887D1D9980C1006A24F4 /* VIMVideoFairPlayFile.h */,
				3C6F887C1D9980C1006A24F4 /* VIMVideoFairPlayFile.m */,
				01FD38F11CC948F200326408 /* VIMVideoFile.h */,
				01FD38F21CC948F200326408 /* VIMVideoFile.m */,
				3C6F88691D99805E006A24F4 /* VIMVideoHLSFile.h */,
				3C6F88681D99805E006A24F4 /* VIMVideoHLSFile.m */,
				01FD38F31CC948F200326408 /* VIMVideoLog.h */,
				01FD38F41CC948F200326408 /* VIMVideoLog.m */,
				3C6F887B1D9980C1006A24F4 /* VIMVideoPlayFile.h */,
				3C6F887A1D9980C1006A24F4 /* VIMVideoPlayFile.m */,
				3C6F885F1D997FF1006A24F4 /* VIMVideoPlayRepresentation.h */,
				3C6F885E1D997FF1006A24F4 /* VIMVideoPlayRepresentation.m */,
				01FD38F51CC948F200326408 /* VIMVideoPreference.h */,
				01FD38F61CC948F200326408 /* VIMVideoPreference.m */,
				3C6F88771D998086006A24F4 /* VIMVideoProgressiveFile.h */,
				3C6F88761D998086006A24F4 /* VIMVideoProgressiveFile.m */,
				01FD38F71CC948F200326408 /* VIMVideoUtils.h */,
				01FD38F81CC948F200326408 /* VIMVideoUtils.m */,
			);
			name = Models;
			sourceTree = "<group>";
		};
		7ED83D93FDAEA5F2CB64434B /* Frameworks */ = {
			isa = PBXGroup;
			children = (
				0AF246275B609406583D4109 /* Pods_VimeoNetworking.framework */,
			);
			name = Frameworks;
			sourceTree = "<group>";
		};
		B032718DC2309E311A8CADCF /* Pods */ = {
			isa = PBXGroup;
			children = (
				B4D33B98CE4A2315048D6766 /* Pods-VimeoNetworking.debug.xcconfig */,
				93F914B1FADB01FAF61EF363 /* Pods-VimeoNetworking.release.xcconfig */,
			);
			name = Pods;
			sourceTree = "<group>";
		};
/* End PBXGroup section */

/* Begin PBXHeadersBuildPhase section */
		01B5C8611CC826D800694F4A /* Headers */ = {
			isa = PBXHeadersBuildPhase;
			buildActionMask = 2147483647;
			files = (
				3C6F88711D99805E006A24F4 /* VIMVideoHLSFile.h in Headers */,
				01FD39471CC948F300326408 /* VIMVideoUtils.h in Headers */,
				96749EBB1DEEAE470015EB20 /* VIMSeason.h in Headers */,
				01FD393F1CC948F300326408 /* VIMVideo.h in Headers */,
				01FD392B1CC948F300326408 /* VIMPictureCollection.h in Headers */,
				01FD39191CC948F300326408 /* VIMComment.h in Headers */,
				01CDBF011CEBA2030093DDF4 /* VIMObjectMapper.h in Headers */,
				01FD394B1CC9497900326408 /* VIMUploadQuota.h in Headers */,
				01FD392D1CC948F300326408 /* VIMPreference.h in Headers */,
				01CDBEFE1CEBA2030093DDF4 /* VIMMappable.h in Headers */,
				01FD39131CC948F300326408 /* VIMAppeal.h in Headers */,
				01FD39411CC948F300326408 /* VIMVideoFile.h in Headers */,
				01FD39291CC948F300326408 /* VIMPicture.h in Headers */,
				01FD39111CC948F300326408 /* VIMActivity.h in Headers */,
				3C6F88791D998086006A24F4 /* VIMVideoProgressiveFile.h in Headers */,
				3C6F88751D99805E006A24F4 /* VIMVideoDASHFile.h in Headers */,
				01FD39371CC948F300326408 /* VIMTrigger.h in Headers */,
				01FD392F1CC948F300326408 /* VIMPrivacy.h in Headers */,
				01FD390F1CC948F300326408 /* VIMAccount.h in Headers */,
				01FD39311CC948F300326408 /* VIMQuantityQuota.h in Headers */,
				01FD39151CC948F300326408 /* VIMCategory.h in Headers */,
				01FD39431CC948F300326408 /* VIMVideoLog.h in Headers */,
				01FD39171CC948F300326408 /* VIMChannel.h in Headers */,
				3C6F88731D99805E006A24F4 /* VIMVideoDRMFiles.h in Headers */,
				3C6F887F1D9980C1006A24F4 /* VIMVideoPlayFile.h in Headers */,
				3C91DA341CCFEBF200DCF8BD /* VIMSoundtrack.h in Headers */,
				01FD39351CC948F300326408 /* VIMTag.h in Headers */,
				014A1E061CE26C4F00EC4681 /* Objc_ExceptionCatcher.h in Headers */,
				01FD39331CC948F300326408 /* VIMSizeQuota.h in Headers */,
				01FD39451CC948F300326408 /* VIMVideoPreference.h in Headers */,
				01FD39261CC948F300326408 /* VIMInteraction.h in Headers */,
				01FD393B1CC948F300326408 /* VIMUploadTicket.h in Headers */,
				0C7362CD1DFF3DED000C3585 /* VIMPolicyDocument.h in Headers */,
				0C7362C91DFF3DD7000C3585 /* VIMRecommendation.h in Headers */,
				01FD393D1CC948F300326408 /* VIMUser.h in Headers */,
				3C6F88651D997FF1006A24F4 /* VIMUserBadge.h in Headers */,
				3C6F88811D9980C1006A24F4 /* VIMVideoFairPlayFile.h in Headers */,
				3CB75E231D22B8DD003826AE /* VIMThumbnailUploadTicket.h in Headers */,
				01FD391B1CC948F300326408 /* VIMConnection.h in Headers */,
				01B5C8681CC826D800694F4A /* VimeoNetworking.h in Headers */,
				01CDBEFF1CEBA2030093DDF4 /* VIMModelObject.h in Headers */,
				3C6F88631D997FF1006A24F4 /* VIMVideoPlayRepresentation.h in Headers */,
				0C7362C51DFF3DB6000C3585 /* VIMVODItem.h in Headers */,
				01FD39241CC948F300326408 /* VIMGroup.h in Headers */,
			);
			runOnlyForDeploymentPostprocessing = 0;
		};
/* End PBXHeadersBuildPhase section */

/* Begin PBXNativeTarget section */
		01B5C8631CC826D800694F4A /* VimeoNetworking */ = {
			isa = PBXNativeTarget;
			buildConfigurationList = 01B5C8781CC826D800694F4A /* Build configuration list for PBXNativeTarget "VimeoNetworking" */;
			buildPhases = (
				9BAF027AEFF249724BEB30E5 /* [CP] Check Pods Manifest.lock */,
				01B5C85F1CC826D800694F4A /* Sources */,
				01B5C8601CC826D800694F4A /* Frameworks */,
				01B5C8611CC826D800694F4A /* Headers */,
				01B5C8621CC826D800694F4A /* Resources */,
				8CD5A884E73963056273598C /* [CP] Copy Pods Resources */,
			);
			buildRules = (
			);
			dependencies = (
			);
			name = VimeoNetworking;
			productName = VimeoNetworking;
			productReference = 01B5C8641CC826D800694F4A /* VimeoNetworking.framework */;
			productType = "com.apple.product-type.framework";
		};
		01B5C86D1CC826D800694F4A /* VimeoNetworkingTests */ = {
			isa = PBXNativeTarget;
			buildConfigurationList = 01B5C87B1CC826D800694F4A /* Build configuration list for PBXNativeTarget "VimeoNetworkingTests" */;
			buildPhases = (
				01B5C86A1CC826D800694F4A /* Sources */,
				01B5C86B1CC826D800694F4A /* Frameworks */,
				01B5C86C1CC826D800694F4A /* Resources */,
			);
			buildRules = (
			);
			dependencies = (
				01B5C8711CC826D800694F4A /* PBXTargetDependency */,
			);
			name = VimeoNetworkingTests;
			productName = VimeoNetworkingTests;
			productReference = 01B5C86E1CC826D800694F4A /* VimeoNetworkingTests.xctest */;
			productType = "com.apple.product-type.bundle.unit-test";
		};
/* End PBXNativeTarget section */

/* Begin PBXProject section */
		01B5C85B1CC826D800694F4A /* Project object */ = {
			isa = PBXProject;
			attributes = {
				LastSwiftUpdateCheck = 0730;
				LastUpgradeCheck = 0730;
				ORGANIZATIONNAME = Vimeo;
				TargetAttributes = {
					01B5C8631CC826D800694F4A = {
						CreatedOnToolsVersion = 7.3;
					};
					01B5C86D1CC826D800694F4A = {
						CreatedOnToolsVersion = 7.3;
					};
				};
			};
			buildConfigurationList = 01B5C85E1CC826D800694F4A /* Build configuration list for PBXProject "VimeoNetworking" */;
			compatibilityVersion = "Xcode 3.2";
			developmentRegion = English;
			hasScannedForEncodings = 0;
			knownRegions = (
				en,
			);
			mainGroup = 01B5C85A1CC826D800694F4A;
			productRefGroup = 01B5C8651CC826D800694F4A /* Products */;
			projectDirPath = "";
			projectRoot = "";
			targets = (
				01B5C8631CC826D800694F4A /* VimeoNetworking */,
				01B5C86D1CC826D800694F4A /* VimeoNetworkingTests */,
			);
		};
/* End PBXProject section */

/* Begin PBXResourcesBuildPhase section */
		01B5C8621CC826D800694F4A /* Resources */ = {
			isa = PBXResourcesBuildPhase;
			buildActionMask = 2147483647;
			files = (
				01FD38FD1CC948F200326408 /* digicert-sha2.cer in Resources */,
			);
			runOnlyForDeploymentPostprocessing = 0;
		};
		01B5C86C1CC826D800694F4A /* Resources */ = {
			isa = PBXResourcesBuildPhase;
			buildActionMask = 2147483647;
			files = (
			);
			runOnlyForDeploymentPostprocessing = 0;
		};
/* End PBXResourcesBuildPhase section */

/* Begin PBXShellScriptBuildPhase section */
		8CD5A884E73963056273598C /* [CP] Copy Pods Resources */ = {
			isa = PBXShellScriptBuildPhase;
			buildActionMask = 2147483647;
			files = (
			);
			inputPaths = (
			);
			name = "[CP] Copy Pods Resources";
			outputPaths = (
			);
			runOnlyForDeploymentPostprocessing = 0;
			shellPath = /bin/sh;
			shellScript = "\"${SRCROOT}/../Pods/Target Support Files/Pods-VimeoNetworking/Pods-VimeoNetworking-resources.sh\"\n";
			showEnvVarsInLog = 0;
		};
		9BAF027AEFF249724BEB30E5 /* [CP] Check Pods Manifest.lock */ = {
			isa = PBXShellScriptBuildPhase;
			buildActionMask = 2147483647;
			files = (
			);
			inputPaths = (
			);
			name = "[CP] Check Pods Manifest.lock";
			outputPaths = (
			);
			runOnlyForDeploymentPostprocessing = 0;
			shellPath = /bin/sh;
			shellScript = "diff \"${PODS_ROOT}/../Podfile.lock\" \"${PODS_ROOT}/Manifest.lock\" > /dev/null\nif [ $? != 0 ] ; then\n    # print error to STDERR\n    echo \"error: The sandbox is not in sync with the Podfile.lock. Run 'pod install' or update your CocoaPods installation.\" >&2\n    exit 1\nfi\n";
			showEnvVarsInLog = 0;
		};
/* End PBXShellScriptBuildPhase section */

/* Begin PBXSourcesBuildPhase section */
		01B5C85F1CC826D800694F4A /* Sources */ = {
			isa = PBXSourcesBuildPhase;
			buildActionMask = 2147483647;
			files = (
				01CDBF021CEBA2030093DDF4 /* VIMObjectMapper.m in Sources */,
				018483881CE0D9E2008305A4 /* PinCodeInfo.swift in Sources */,
				01FD39091CC948F200326408 /* Scope.swift in Sources */,
				01FD39271CC948F300326408 /* VIMInteraction.m in Sources */,
				3CB75E241D22B8DD003826AE /* VIMThumbnailUploadTicket.m in Sources */,
				01FD39251CC948F300326408 /* VIMGroup.m in Sources */,
				01FD38FB1CC948F200326408 /* AuthenticationController.swift in Sources */,
				01FD39481CC948F300326408 /* VIMVideoUtils.m in Sources */,
				01FD39011CC948F200326408 /* Request.swift in Sources */,
				01FD391D1CC948F300326408 /* VimeoClient.swift in Sources */,
				01B061E71CCFBBB000F515E6 /* Request+Toggle.swift in Sources */,
				01FD39231CC948F300326408 /* VimeoSessionManager+Constructors.swift in Sources */,
				01FD39201CC948F300326408 /* VimeoRequestSerializer.swift in Sources */,
				01FD39281CC948F300326408 /* VIMObjectMapper+Generic.swift in Sources */,
				3C6F88641D997FF1006A24F4 /* VIMUserBadge.m in Sources */,
				01FD39161CC948F300326408 /* VIMCategory.m in Sources */,
				01FD39181CC948F300326408 /* VIMChannel.m in Sources */,
				01FD39421CC948F300326408 /* VIMVideoFile.m in Sources */,
				01FD39301CC948F300326408 /* VIMPrivacy.m in Sources */,
				01CDBF001CEBA2030093DDF4 /* VIMModelObject.m in Sources */,
				01FD394C1CC9497900326408 /* VIMUploadQuota.m in Sources */,
				01FD39341CC948F300326408 /* VIMSizeQuota.m in Sources */,
				014A1E071CE26C4F00EC4681 /* Objc_ExceptionCatcher.m in Sources */,
				01FD39461CC948F300326408 /* VIMVideoPreference.m in Sources */,
				01FD38FF1CC948F200326408 /* Mappable.swift in Sources */,
				01FD393E1CC948F300326408 /* VIMUser.m in Sources */,
				3C6F88591D9972B3006A24F4 /* VIMProgrammedContent.swift in Sources */,
				0C7362C81DFF3DD7000C3585 /* VIMRecommendation.m in Sources */,
				01FD39211CC948F300326408 /* VimeoResponseSerializer.swift in Sources */,
				3C6F88721D99805E006A24F4 /* VIMVideoDRMFiles.m in Sources */,
				3C6F88801D9980C1006A24F4 /* VIMVideoFairPlayFile.m in Sources */,
				3C6F88781D998086006A24F4 /* VIMVideoProgressiveFile.m in Sources */,
				01FD38FA1CC948F200326408 /* AppConfiguration.swift in Sources */,
				01FD39361CC948F300326408 /* VIMTag.m in Sources */,
				01FD39381CC948F300326408 /* VIMTrigger.m in Sources */,
				3C91DA3A1CCFF27900DCF8BD /* Request+Soundtrack.swift in Sources */,
				01B061DF1CCE8BBB00F515E6 /* Notification.swift in Sources */,
				01FD39031CC948F200326408 /* Request+Cache.swift in Sources */,
				01FD39321CC948F300326408 /* VIMQuantityQuota.m in Sources */,
				3C91DA351CCFEBF200DCF8BD /* VIMSoundtrack.m in Sources */,
				01FD39051CC948F200326408 /* Request+Video.swift in Sources */,
				0C7362CF1DFF3E13000C3585 /* VimeoReachability.swift in Sources */,
				3C9F57C51CF7783E0076B296 /* NSURLSessionConfiguration+Extensions.swift in Sources */,
				016259C11CD017170004D4AF /* Request+Category.swift in Sources */,
				016259C21CD017170004D4AF /* Request+Channel.swift in Sources */,
				01FD39081CC948F200326408 /* Result.swift in Sources */,
				0C7362CC1DFF3DED000C3585 /* VIMPolicyDocument.m in Sources */,
				01FD39141CC948F300326408 /* VIMAppeal.m in Sources */,
				3C6F885D1D997FA3006A24F4 /* VIMBadge.swift in Sources */,
				3C6F885B1D997C8B006A24F4 /* Request+ProgrammedContent.swift in Sources */,
				96749EBC1DEEAE470015EB20 /* VIMSeason.m in Sources */,
				01FD39061CC948F200326408 /* Response.swift in Sources */,
				3C6F887E1D9980C1006A24F4 /* VIMVideoPlayFile.m in Sources */,
				01FD392E1CC948F300326408 /* VIMPreference.m in Sources */,
				01FD38F91CC948F200326408 /* AccountStore.swift in Sources */,
				01FD38FC1CC948F200326408 /* Constants.swift in Sources */,
				01FD39071CC948F200326408 /* ResponseCache.swift in Sources */,
				01FD39401CC948F300326408 /* VIMVideo.m in Sources */,
				01FD39021CC948F200326408 /* Request+Authentication.swift in Sources */,
				01FD39221CC948F300326408 /* VimeoSessionManager.swift in Sources */,
				01FD390A1CC948F200326408 /* String+Parameters.swift in Sources */,
				3C6F88621D997FF1006A24F4 /* VIMVideoPlayRepresentation.m in Sources */,
				01B061E11CCE992D00F515E6 /* ErrorCode.swift in Sources */,
				01FD391C1CC948F300326408 /* VIMConnection.m in Sources */,
				01FD39441CC948F300326408 /* VIMVideoLog.m in Sources */,
				01FD39001CC948F200326408 /* NSError+Extensions.swift in Sources */,
				016259BE1CD006EF0004D4AF /* ExceptionCatcher+Swift.swift in Sources */,
				01FD39101CC948F300326408 /* VIMAccount.m in Sources */,
				0C7362C31DFF3D2D000C3585 /* VIMVODItem.m in Sources */,
				01FD393C1CC948F300326408 /* VIMUploadTicket.m in Sources */,
				01FD391A1CC948F300326408 /* VIMComment.m in Sources */,
				01FD38FE1CC948F200326408 /* KeychainStore.swift in Sources */,
				3C6F88741D99805E006A24F4 /* VIMVideoDASHFile.m in Sources */,
				01FD39041CC948F200326408 /* Request+User.swift in Sources */,
				01FD39121CC948F300326408 /* VIMActivity.m in Sources */,
				01FD392A1CC948F300326408 /* VIMPicture.m in Sources */,
				3C6F88701D99805E006A24F4 /* VIMVideoHLSFile.m in Sources */,
				01FD392C1CC948F300326408 /* VIMPictureCollection.m in Sources */,
			);
			runOnlyForDeploymentPostprocessing = 0;
		};
		01B5C86A1CC826D800694F4A /* Sources */ = {
			isa = PBXSourcesBuildPhase;
			buildActionMask = 2147483647;
			files = (
				3C6F88881D999C20006A24F4 /* VIMObjectMapper.m in Sources */,
				3C6F88861D9998CB006A24F4 /* VIMProgrammedContent.swift in Sources */,
				01B5C8741CC826D800694F4A /* VimeoNetworkingTests.swift in Sources */,
				3C6F88871D999C18006A24F4 /* VIMModelObject.m in Sources */,
				3C87D73C1D2C33C7005D760B /* NSErrorExtensionTests.swift in Sources */,
			);
			runOnlyForDeploymentPostprocessing = 0;
		};
/* End PBXSourcesBuildPhase section */

/* Begin PBXTargetDependency section */
		01B5C8711CC826D800694F4A /* PBXTargetDependency */ = {
			isa = PBXTargetDependency;
			target = 01B5C8631CC826D800694F4A /* VimeoNetworking */;
			targetProxy = 01B5C8701CC826D800694F4A /* PBXContainerItemProxy */;
		};
/* End PBXTargetDependency section */

/* Begin XCBuildConfiguration section */
		01B5C8761CC826D800694F4A /* Debug */ = {
			isa = XCBuildConfiguration;
			buildSettings = {
				ALWAYS_SEARCH_USER_PATHS = NO;
				CLANG_ANALYZER_NONNULL = YES;
				CLANG_CXX_LANGUAGE_STANDARD = "gnu++0x";
				CLANG_CXX_LIBRARY = "libc++";
				CLANG_ENABLE_MODULES = YES;
				CLANG_ENABLE_OBJC_ARC = YES;
				CLANG_WARN_BOOL_CONVERSION = YES;
				CLANG_WARN_CONSTANT_CONVERSION = YES;
				CLANG_WARN_DIRECT_OBJC_ISA_USAGE = YES_ERROR;
				CLANG_WARN_EMPTY_BODY = YES;
				CLANG_WARN_ENUM_CONVERSION = YES;
				CLANG_WARN_INT_CONVERSION = YES;
				CLANG_WARN_OBJC_ROOT_CLASS = YES_ERROR;
				CLANG_WARN_UNREACHABLE_CODE = YES;
				CLANG_WARN__DUPLICATE_METHOD_MATCH = YES;
				"CODE_SIGN_IDENTITY[sdk=iphoneos*]" = "iPhone Developer";
				COPY_PHASE_STRIP = NO;
				CURRENT_PROJECT_VERSION = 1;
				DEBUG_INFORMATION_FORMAT = dwarf;
				ENABLE_STRICT_OBJC_MSGSEND = YES;
				ENABLE_TESTABILITY = YES;
				GCC_C_LANGUAGE_STANDARD = gnu99;
				GCC_DYNAMIC_NO_PIC = NO;
				GCC_NO_COMMON_BLOCKS = YES;
				GCC_OPTIMIZATION_LEVEL = 0;
				GCC_PREPROCESSOR_DEFINITIONS = (
					"DEBUG=1",
					"$(inherited)",
				);
				GCC_WARN_64_TO_32_BIT_CONVERSION = YES;
				GCC_WARN_ABOUT_RETURN_TYPE = YES_ERROR;
				GCC_WARN_UNDECLARED_SELECTOR = YES;
				GCC_WARN_UNINITIALIZED_AUTOS = YES_AGGRESSIVE;
				GCC_WARN_UNUSED_FUNCTION = YES;
				GCC_WARN_UNUSED_VARIABLE = YES;
				IPHONEOS_DEPLOYMENT_TARGET = 9.3;
				MTL_ENABLE_DEBUG_INFO = YES;
				ONLY_ACTIVE_ARCH = YES;
				SDKROOT = iphoneos;
				SWIFT_OPTIMIZATION_LEVEL = "-Onone";
				SWIFT_VERSION = 2.3;
				TARGETED_DEVICE_FAMILY = "1,2";
				VERSIONING_SYSTEM = "apple-generic";
				VERSION_INFO_PREFIX = "";
			};
			name = Debug;
		};
		01B5C8771CC826D800694F4A /* Release */ = {
			isa = XCBuildConfiguration;
			buildSettings = {
				ALWAYS_SEARCH_USER_PATHS = NO;
				CLANG_ANALYZER_NONNULL = YES;
				CLANG_CXX_LANGUAGE_STANDARD = "gnu++0x";
				CLANG_CXX_LIBRARY = "libc++";
				CLANG_ENABLE_MODULES = YES;
				CLANG_ENABLE_OBJC_ARC = YES;
				CLANG_WARN_BOOL_CONVERSION = YES;
				CLANG_WARN_CONSTANT_CONVERSION = YES;
				CLANG_WARN_DIRECT_OBJC_ISA_USAGE = YES_ERROR;
				CLANG_WARN_EMPTY_BODY = YES;
				CLANG_WARN_ENUM_CONVERSION = YES;
				CLANG_WARN_INT_CONVERSION = YES;
				CLANG_WARN_OBJC_ROOT_CLASS = YES_ERROR;
				CLANG_WARN_UNREACHABLE_CODE = YES;
				CLANG_WARN__DUPLICATE_METHOD_MATCH = YES;
				"CODE_SIGN_IDENTITY[sdk=iphoneos*]" = "iPhone Developer";
				COPY_PHASE_STRIP = NO;
				CURRENT_PROJECT_VERSION = 1;
				DEBUG_INFORMATION_FORMAT = "dwarf-with-dsym";
				ENABLE_NS_ASSERTIONS = NO;
				ENABLE_STRICT_OBJC_MSGSEND = YES;
				GCC_C_LANGUAGE_STANDARD = gnu99;
				GCC_NO_COMMON_BLOCKS = YES;
				GCC_WARN_64_TO_32_BIT_CONVERSION = YES;
				GCC_WARN_ABOUT_RETURN_TYPE = YES_ERROR;
				GCC_WARN_UNDECLARED_SELECTOR = YES;
				GCC_WARN_UNINITIALIZED_AUTOS = YES_AGGRESSIVE;
				GCC_WARN_UNUSED_FUNCTION = YES;
				GCC_WARN_UNUSED_VARIABLE = YES;
				IPHONEOS_DEPLOYMENT_TARGET = 9.3;
				MTL_ENABLE_DEBUG_INFO = NO;
				SDKROOT = iphoneos;
				SWIFT_VERSION = 2.3;
				TARGETED_DEVICE_FAMILY = "1,2";
				VALIDATE_PRODUCT = YES;
				VERSIONING_SYSTEM = "apple-generic";
				VERSION_INFO_PREFIX = "";
			};
			name = Release;
		};
		01B5C8791CC826D800694F4A /* Debug */ = {
			isa = XCBuildConfiguration;
			baseConfigurationReference = B4D33B98CE4A2315048D6766 /* Pods-VimeoNetworking.debug.xcconfig */;
			buildSettings = {
				APPLICATION_EXTENSION_API_ONLY = NO;
				CLANG_ENABLE_MODULES = YES;
				DEFINES_MODULE = YES;
				DYLIB_COMPATIBILITY_VERSION = 1;
				DYLIB_CURRENT_VERSION = 1;
				DYLIB_INSTALL_NAME_BASE = "@rpath";
				INFOPLIST_FILE = VimeoNetworking/Info.plist;
				INSTALL_PATH = "$(LOCAL_LIBRARY_DIR)/Frameworks";
				IPHONEOS_DEPLOYMENT_TARGET = 8.0;
				LD_RUNPATH_SEARCH_PATHS = "$(inherited) @executable_path/Frameworks @loader_path/Frameworks";
				PRODUCT_BUNDLE_IDENTIFIER = com.vimeo.VimeoNetworking;
				PRODUCT_NAME = "$(TARGET_NAME)";
				SKIP_INSTALL = YES;
				SWIFT_OBJC_BRIDGING_HEADER = "";
				SWIFT_OPTIMIZATION_LEVEL = "-Onone";
			};
			name = Debug;
		};
		01B5C87A1CC826D800694F4A /* Release */ = {
			isa = XCBuildConfiguration;
			baseConfigurationReference = 93F914B1FADB01FAF61EF363 /* Pods-VimeoNetworking.release.xcconfig */;
			buildSettings = {
				APPLICATION_EXTENSION_API_ONLY = NO;
				CLANG_ENABLE_MODULES = YES;
				DEFINES_MODULE = YES;
				DYLIB_COMPATIBILITY_VERSION = 1;
				DYLIB_CURRENT_VERSION = 1;
				DYLIB_INSTALL_NAME_BASE = "@rpath";
				INFOPLIST_FILE = VimeoNetworking/Info.plist;
				INSTALL_PATH = "$(LOCAL_LIBRARY_DIR)/Frameworks";
				IPHONEOS_DEPLOYMENT_TARGET = 8.0;
				LD_RUNPATH_SEARCH_PATHS = "$(inherited) @executable_path/Frameworks @loader_path/Frameworks";
				PRODUCT_BUNDLE_IDENTIFIER = com.vimeo.VimeoNetworking;
				PRODUCT_NAME = "$(TARGET_NAME)";
				SKIP_INSTALL = YES;
				SWIFT_OBJC_BRIDGING_HEADER = "";
			};
			name = Release;
		};
		01B5C87C1CC826D800694F4A /* Debug */ = {
			isa = XCBuildConfiguration;
			buildSettings = {
				INFOPLIST_FILE = VimeoNetworkingTests/Info.plist;
				LD_RUNPATH_SEARCH_PATHS = "$(inherited) @executable_path/Frameworks @loader_path/Frameworks";
				PRODUCT_BUNDLE_IDENTIFIER = com.vimeo.VimeoNetworkingTests;
				PRODUCT_NAME = "$(TARGET_NAME)";
			};
			name = Debug;
		};
		01B5C87D1CC826D800694F4A /* Release */ = {
			isa = XCBuildConfiguration;
			buildSettings = {
				INFOPLIST_FILE = VimeoNetworkingTests/Info.plist;
				LD_RUNPATH_SEARCH_PATHS = "$(inherited) @executable_path/Frameworks @loader_path/Frameworks";
				PRODUCT_BUNDLE_IDENTIFIER = com.vimeo.VimeoNetworkingTests;
				PRODUCT_NAME = "$(TARGET_NAME)";
			};
			name = Release;
		};
/* End XCBuildConfiguration section */

/* Begin XCConfigurationList section */
		01B5C85E1CC826D800694F4A /* Build configuration list for PBXProject "VimeoNetworking" */ = {
			isa = XCConfigurationList;
			buildConfigurations = (
				01B5C8761CC826D800694F4A /* Debug */,
				01B5C8771CC826D800694F4A /* Release */,
			);
			defaultConfigurationIsVisible = 0;
			defaultConfigurationName = Release;
		};
		01B5C8781CC826D800694F4A /* Build configuration list for PBXNativeTarget "VimeoNetworking" */ = {
			isa = XCConfigurationList;
			buildConfigurations = (
				01B5C8791CC826D800694F4A /* Debug */,
				01B5C87A1CC826D800694F4A /* Release */,
			);
			defaultConfigurationIsVisible = 0;
			defaultConfigurationName = Release;
		};
		01B5C87B1CC826D800694F4A /* Build configuration list for PBXNativeTarget "VimeoNetworkingTests" */ = {
			isa = XCConfigurationList;
			buildConfigurations = (
				01B5C87C1CC826D800694F4A /* Debug */,
				01B5C87D1CC826D800694F4A /* Release */,
			);
			defaultConfigurationIsVisible = 0;
			defaultConfigurationName = Release;
		};
/* End XCConfigurationList section */
	};
	rootObject = 01B5C85B1CC826D800694F4A /* Project object */;
}
