PODS:
  - OHHTTPStubs/Core (6.0.0)
  - OHHTTPStubs/Default (6.0.0):
    - OHHTTPStubs/Core
    - OHHTTPStubs/JSON
    - OHHTTPStubs/NSURLSession
    - OHHTTPStubs/OHPathHelpers
  - OHHTTPStubs/JSON (6.0.0):
    - OHHTTPStubs/Core
  - OHHTTPStubs/NSURLSession (6.0.0):
    - OHHTTPStubs/Core
  - OHHTTPStubs/OHPathHelpers (6.0.0)
  - OHHTTPStubs/Swift (6.0.0):
    - OHHTTPStubs/Default
  - SwiftLint (0.25.1)
  - VimeoNetworking (3.5.0)

DEPENDENCIES:
  - OHHTTPStubs/Swift (= 6.0.0)
  - SwiftLint (= 0.25.1)
  - VimeoNetworking (from `../VimeoNetworking`)

SPEC REPOS:
  https://github.com/cocoapods/specs.git:
    - OHHTTPStubs
    - SwiftLint

EXTERNAL SOURCES:
  VimeoNetworking:
    :path: "../VimeoNetworking"

SPEC CHECKSUMS:
  OHHTTPStubs: 752f9b11fd810a15162d50f11c06ff94f8e012eb
  SwiftLint: ce933681be10c3266e82576dad676fa815a602e9
  VimeoNetworking: bfc522d57327c83104612702358e0ef98d56b2c5

PODFILE CHECKSUM: 79dce19978c185aab06de8c9515bc61dd64ff309

COCOAPODS: 1.5.2
