PODS:
  - OHHTTPStubs/Core (6.0.0)
  - OHHTTPStubs/Default (6.0.0):
    - OHHTTPStubs/Core
    - OHHTTPStubs/JSON
    - OHHTTPStubs/NSURLSession
    - OHHTTPStubs/OHPathHelpers
  - OHHTTPStubs/JSON (6.0.0):
    - OHHTTPStubs/Core
  - OHHTTPStubs/NSURLSession (6.0.0):
    - OHHTTPStubs/Core
  - OHHTTPStubs/OHPathHelpers (6.0.0)
  - OHHTTPStubs/Swift (6.0.0):
    - OHHTTPStubs/Default
  - SwiftLint (0.25.1)
  - VimeoNetworking (4.0.0)

DEPENDENCIES:
  - OHHTTPStubs/Swift (= 6.0.0)
  - SwiftLint (= 0.25.1)
  - VimeoNetworking (from `../VimeoNetworking`)

SPEC REPOS:
  https://github.com/cocoapods/specs.git:
    - OHHTTPStubs
    - SwiftLint

EXTERNAL SOURCES:
  VimeoNetworking:
    :path: "../VimeoNetworking"

SPEC CHECKSUMS:
  OHHTTPStubs: 752f9b11fd810a15162d50f11c06ff94f8e012eb
  SwiftLint: ce933681be10c3266e82576dad676fa815a602e9
  VimeoNetworking: 07c43cf61d605485033997fef74e52ca477f73de

PODFILE CHECKSUM: 04054f67b193ced1bd1004074e7cea0f61259313

COCOAPODS: 1.5.2
