// !$*UTF8*$!
{
	archiveVersion = 1;
	classes = {
	};
	objectVersion = 46;
	objects = {

/* Begin PBXBuildFile section */
		0131B5201CB44BC90082812A /* Response.swift in Sources */ = {isa = PBXBuildFile; fileRef = 0131B51F1CB44BC90082812A /* Response.swift */; };
		0131B5221CB463DB0082812A /* Request+Video.swift in Sources */ = {isa = PBXBuildFile; fileRef = 0131B5211CB463DB0082812A /* Request+Video.swift */; };
		013250CB1C9C838700ECB783 /* Constants.swift in Sources */ = {isa = PBXBuildFile; fileRef = 013250C71C9C838700ECB783 /* Constants.swift */; };
		013250CC1C9C838700ECB783 /* VimeoRequestSerializer.swift in Sources */ = {isa = PBXBuildFile; fileRef = 013250C81C9C838700ECB783 /* VimeoRequestSerializer.swift */; };
		013250CD1C9C838700ECB783 /* VimeoResponseSerializer.swift in Sources */ = {isa = PBXBuildFile; fileRef = 013250C91C9C838700ECB783 /* VimeoResponseSerializer.swift */; };
		013250CE1C9C838700ECB783 /* VimeoSessionManager.swift in Sources */ = {isa = PBXBuildFile; fileRef = 013250CA1C9C838700ECB783 /* VimeoSessionManager.swift */; };
		013250D01C9C8D6A00ECB783 /* NSError+Extensions.swift in Sources */ = {isa = PBXBuildFile; fileRef = 013250CF1C9C8D6A00ECB783 /* NSError+Extensions.swift */; };
		013250D21C9C909600ECB783 /* digicert-sha2.cer in Resources */ = {isa = PBXBuildFile; fileRef = 013250D11C9C909600ECB783 /* digicert-sha2.cer */; };
		013250DA1CA0724900ECB783 /* AuthenticationController.swift in Sources */ = {isa = PBXBuildFile; fileRef = 013250D91CA0724900ECB783 /* AuthenticationController.swift */; };
		013250DC1CA07EE800ECB783 /* VimeoClient.swift in Sources */ = {isa = PBXBuildFile; fileRef = 013250DB1CA07EE800ECB783 /* VimeoClient.swift */; };
		0140F9381CA2F0FD007FF547 /* Request+Authentication.swift in Sources */ = {isa = PBXBuildFile; fileRef = 0140F9371CA2F0FD007FF547 /* Request+Authentication.swift */; };
		0140F93A1CA2FAD1007FF547 /* Scope.swift in Sources */ = {isa = PBXBuildFile; fileRef = 0140F9391CA2FAD1007FF547 /* Scope.swift */; };
		0140F93C1CA30A20007FF547 /* Result.swift in Sources */ = {isa = PBXBuildFile; fileRef = 0140F93B1CA30A20007FF547 /* Result.swift */; };
		0141C54E1CA444C600B60639 /* AccountStore.swift in Sources */ = {isa = PBXBuildFile; fileRef = 0141C54D1CA444C600B60639 /* AccountStore.swift */; };
		0141C5501CA45ECC00B60639 /* KeychainStore.swift in Sources */ = {isa = PBXBuildFile; fileRef = 0141C54F1CA45ECC00B60639 /* KeychainStore.swift */; };
		0155A7081CC18FAD00DC01F5 /* VIMAccount.m in Sources */ = {isa = PBXBuildFile; fileRef = 0155A6D41CC18FAC00DC01F5 /* VIMAccount.m */; };
		0155A7091CC18FAD00DC01F5 /* VIMAccountCredential.m in Sources */ = {isa = PBXBuildFile; fileRef = 0155A6D61CC18FAC00DC01F5 /* VIMAccountCredential.m */; };
		0155A70A1CC18FAD00DC01F5 /* VIMAccountNew.m in Sources */ = {isa = PBXBuildFile; fileRef = 0155A6D71CC18FAC00DC01F5 /* VIMAccountNew.m */; };
		0155A70B1CC18FAD00DC01F5 /* VIMActivity.m in Sources */ = {isa = PBXBuildFile; fileRef = 0155A6D91CC18FAC00DC01F5 /* VIMActivity.m */; };
		0155A70C1CC18FAD00DC01F5 /* VIMAppeal.m in Sources */ = {isa = PBXBuildFile; fileRef = 0155A6DB1CC18FAC00DC01F5 /* VIMAppeal.m */; };
		0155A70D1CC18FAD00DC01F5 /* VIMCategory.m in Sources */ = {isa = PBXBuildFile; fileRef = 0155A6DD1CC18FAC00DC01F5 /* VIMCategory.m */; };
		0155A70E1CC18FAD00DC01F5 /* VIMChannel.m in Sources */ = {isa = PBXBuildFile; fileRef = 0155A6DF1CC18FAC00DC01F5 /* VIMChannel.m */; };
		0155A70F1CC18FAD00DC01F5 /* VIMComment.m in Sources */ = {isa = PBXBuildFile; fileRef = 0155A6E11CC18FAC00DC01F5 /* VIMComment.m */; };
		0155A7101CC18FAD00DC01F5 /* VIMConnection.m in Sources */ = {isa = PBXBuildFile; fileRef = 0155A6E31CC18FAC00DC01F5 /* VIMConnection.m */; };
		0155A7111CC18FAD00DC01F5 /* VIMGroup.m in Sources */ = {isa = PBXBuildFile; fileRef = 0155A6E51CC18FAC00DC01F5 /* VIMGroup.m */; };
		0155A7121CC18FAD00DC01F5 /* VIMInteraction.m in Sources */ = {isa = PBXBuildFile; fileRef = 0155A6E71CC18FAC00DC01F5 /* VIMInteraction.m */; };
		0155A7131CC18FAD00DC01F5 /* VIMPicture.m in Sources */ = {isa = PBXBuildFile; fileRef = 0155A6E91CC18FAC00DC01F5 /* VIMPicture.m */; };
		0155A7141CC18FAD00DC01F5 /* VIMPictureCollection.m in Sources */ = {isa = PBXBuildFile; fileRef = 0155A6EB1CC18FAC00DC01F5 /* VIMPictureCollection.m */; };
		0155A7151CC18FAD00DC01F5 /* VIMPreference.m in Sources */ = {isa = PBXBuildFile; fileRef = 0155A6ED1CC18FAC00DC01F5 /* VIMPreference.m */; };
		0155A7161CC18FAD00DC01F5 /* VIMPrivacy.m in Sources */ = {isa = PBXBuildFile; fileRef = 0155A6EF1CC18FAC00DC01F5 /* VIMPrivacy.m */; };
		0155A7171CC18FAD00DC01F5 /* VIMQuantityQuota.m in Sources */ = {isa = PBXBuildFile; fileRef = 0155A6F11CC18FAC00DC01F5 /* VIMQuantityQuota.m */; };
		0155A7181CC18FAD00DC01F5 /* VIMSizeQuota.m in Sources */ = {isa = PBXBuildFile; fileRef = 0155A6F31CC18FAD00DC01F5 /* VIMSizeQuota.m */; };
		0155A7191CC18FAD00DC01F5 /* VIMTag.m in Sources */ = {isa = PBXBuildFile; fileRef = 0155A6F51CC18FAD00DC01F5 /* VIMTag.m */; };
		0155A71A1CC18FAD00DC01F5 /* VIMTrigger.m in Sources */ = {isa = PBXBuildFile; fileRef = 0155A6F71CC18FAD00DC01F5 /* VIMTrigger.m */; };
		0155A71B1CC18FAD00DC01F5 /* VIMUploadQuota.m in Sources */ = {isa = PBXBuildFile; fileRef = 0155A6F91CC18FAD00DC01F5 /* VIMUploadQuota.m */; };
		0155A71C1CC18FAD00DC01F5 /* VIMUploadTicket.m in Sources */ = {isa = PBXBuildFile; fileRef = 0155A6FB1CC18FAD00DC01F5 /* VIMUploadTicket.m */; };
		0155A71D1CC18FAD00DC01F5 /* VIMUser.m in Sources */ = {isa = PBXBuildFile; fileRef = 0155A6FD1CC18FAD00DC01F5 /* VIMUser.m */; };
		0155A71E1CC18FAD00DC01F5 /* VIMVideo.m in Sources */ = {isa = PBXBuildFile; fileRef = 0155A6FF1CC18FAD00DC01F5 /* VIMVideo.m */; };
		0155A71F1CC18FAD00DC01F5 /* VIMVideoFile.m in Sources */ = {isa = PBXBuildFile; fileRef = 0155A7011CC18FAD00DC01F5 /* VIMVideoFile.m */; };
		0155A7201CC18FAD00DC01F5 /* VIMVideoLog.m in Sources */ = {isa = PBXBuildFile; fileRef = 0155A7031CC18FAD00DC01F5 /* VIMVideoLog.m */; };
		0155A7211CC18FAD00DC01F5 /* VIMVideoPreference.m in Sources */ = {isa = PBXBuildFile; fileRef = 0155A7051CC18FAD00DC01F5 /* VIMVideoPreference.m */; };
		0155A7221CC18FAD00DC01F5 /* VIMVideoUtils.m in Sources */ = {isa = PBXBuildFile; fileRef = 0155A7071CC18FAD00DC01F5 /* VIMVideoUtils.m */; };
		018B9F9A1C9B34050054650E /* AppDelegate.swift in Sources */ = {isa = PBXBuildFile; fileRef = 018B9F991C9B34050054650E /* AppDelegate.swift */; };
		018B9F9C1C9B34050054650E /* MasterViewController.swift in Sources */ = {isa = PBXBuildFile; fileRef = 018B9F9B1C9B34050054650E /* MasterViewController.swift */; };
		018B9F9E1C9B34050054650E /* DetailViewController.swift in Sources */ = {isa = PBXBuildFile; fileRef = 018B9F9D1C9B34050054650E /* DetailViewController.swift */; };
		018B9FA11C9B34050054650E /* Main.storyboard in Resources */ = {isa = PBXBuildFile; fileRef = 018B9F9F1C9B34050054650E /* Main.storyboard */; };
		018B9FA31C9B34050054650E /* Assets.xcassets in Resources */ = {isa = PBXBuildFile; fileRef = 018B9FA21C9B34050054650E /* Assets.xcassets */; };
		018B9FA61C9B34050054650E /* LaunchScreen.storyboard in Resources */ = {isa = PBXBuildFile; fileRef = 018B9FA41C9B34050054650E /* LaunchScreen.storyboard */; };
		018B9FB11C9B34050054650E /* VimeoNetworkingExample_iOSTests.swift in Sources */ = {isa = PBXBuildFile; fileRef = 018B9FB01C9B34050054650E /* VimeoNetworkingExample_iOSTests.swift */; };
		018B9FBC1C9B34050054650E /* VimeoNetworkingExample_iOSUITests.swift in Sources */ = {isa = PBXBuildFile; fileRef = 018B9FBB1C9B34050054650E /* VimeoNetworkingExample_iOSUITests.swift */; };
		018B9FD51C9B37380054650E /* VimeoNetworking.swift in Sources */ = {isa = PBXBuildFile; fileRef = 018B9FD41C9B37380054650E /* VimeoNetworking.swift */; };
		0197B6B81CA1E0F8000A2901 /* Request.swift in Sources */ = {isa = PBXBuildFile; fileRef = 0197B6B71CA1E0F8000A2901 /* Request.swift */; };
		0197B6BA1CA1E10E000A2901 /* Request+User.swift in Sources */ = {isa = PBXBuildFile; fileRef = 0197B6B91CA1E10E000A2901 /* Request+User.swift */; };
		0197B6BF1CA1E329000A2901 /* Mappable.swift in Sources */ = {isa = PBXBuildFile; fileRef = 0197B6BE1CA1E329000A2901 /* Mappable.swift */; };
		01BAE9291CA98507004CB214 /* AppConfiguration.swift in Sources */ = {isa = PBXBuildFile; fileRef = 01BAE9281CA98507004CB214 /* AppConfiguration.swift */; };
		01BAE92B1CAADA6F004CB214 /* VimeoSessionManager+Constructors.swift in Sources */ = {isa = PBXBuildFile; fileRef = 01BAE92A1CAADA6F004CB214 /* VimeoSessionManager+Constructors.swift */; };
		01BAE92D1CAB00CB004CB214 /* String+Parameters.swift in Sources */ = {isa = PBXBuildFile; fileRef = 01BAE92C1CAB00CB004CB214 /* String+Parameters.swift */; };
		01BAE9301CAB13CC004CB214 /* ResponseCache.swift in Sources */ = {isa = PBXBuildFile; fileRef = 01BAE92F1CAB13CC004CB214 /* ResponseCache.swift */; };
		01C630241CBD790F0018734B /* VIMObjectMapper+Generic.swift in Sources */ = {isa = PBXBuildFile; fileRef = 01C630231CBD790F0018734B /* VIMObjectMapper+Generic.swift */; };
		01C630281CC010B70018734B /* Request+Cache.swift in Sources */ = {isa = PBXBuildFile; fileRef = 01C630271CC010B70018734B /* Request+Cache.swift */; };
		3BD1FD0AE4F6ED52E4C3A08E /* Pods_VimeoNetworkingExample_iOSUITests.framework in Frameworks */ = {isa = PBXBuildFile; fileRef = 2B5E5EDEAB2776A3E8F6391A /* Pods_VimeoNetworkingExample_iOSUITests.framework */; };
		CC22A6749CADF4DA91D73F04 /* Pods_VimeoNetworkingExample_iOSTests.framework in Frameworks */ = {isa = PBXBuildFile; fileRef = 9D22A36411CC71C284010480 /* Pods_VimeoNetworkingExample_iOSTests.framework */; };
		DEB396A3F44BBFBE9A602F1A /* Pods_VimeoNetworkingExample_iOS.framework in Frameworks */ = {isa = PBXBuildFile; fileRef = 46114AFA04898F979611854A /* Pods_VimeoNetworkingExample_iOS.framework */; };
/* End PBXBuildFile section */

/* Begin PBXContainerItemProxy section */
		018B9FAD1C9B34050054650E /* PBXContainerItemProxy */ = {
			isa = PBXContainerItemProxy;
			containerPortal = 018B9F8E1C9B34050054650E /* Project object */;
			proxyType = 1;
			remoteGlobalIDString = 018B9F951C9B34050054650E;
			remoteInfo = "VimeoNetworkingExample-iOS";
		};
		018B9FB81C9B34050054650E /* PBXContainerItemProxy */ = {
			isa = PBXContainerItemProxy;
			containerPortal = 018B9F8E1C9B34050054650E /* Project object */;
			proxyType = 1;
			remoteGlobalIDString = 018B9F951C9B34050054650E;
			remoteInfo = "VimeoNetworkingExample-iOS";
		};
/* End PBXContainerItemProxy section */

/* Begin PBXFileReference section */
		01043B811CA09E3000E7112E /* VimeoNetworking-Bridging-Header.h */ = {isa = PBXFileReference; fileEncoding = 4; lastKnownFileType = sourcecode.c.h; path = "VimeoNetworking-Bridging-Header.h"; sourceTree = "<group>"; };
		0131B51F1CB44BC90082812A /* Response.swift */ = {isa = PBXFileReference; fileEncoding = 4; lastKnownFileType = sourcecode.swift; path = Response.swift; sourceTree = "<group>"; };
		0131B5211CB463DB0082812A /* Request+Video.swift */ = {isa = PBXFileReference; fileEncoding = 4; lastKnownFileType = sourcecode.swift; path = "Request+Video.swift"; sourceTree = "<group>"; };
		013250C71C9C838700ECB783 /* Constants.swift */ = {isa = PBXFileReference; fileEncoding = 4; lastKnownFileType = sourcecode.swift; path = Constants.swift; sourceTree = "<group>"; };
		013250C81C9C838700ECB783 /* VimeoRequestSerializer.swift */ = {isa = PBXFileReference; fileEncoding = 4; lastKnownFileType = sourcecode.swift; path = VimeoRequestSerializer.swift; sourceTree = "<group>"; };
		013250C91C9C838700ECB783 /* VimeoResponseSerializer.swift */ = {isa = PBXFileReference; fileEncoding = 4; lastKnownFileType = sourcecode.swift; path = VimeoResponseSerializer.swift; sourceTree = "<group>"; };
		013250CA1C9C838700ECB783 /* VimeoSessionManager.swift */ = {isa = PBXFileReference; fileEncoding = 4; lastKnownFileType = sourcecode.swift; path = VimeoSessionManager.swift; sourceTree = "<group>"; };
		013250CF1C9C8D6A00ECB783 /* NSError+Extensions.swift */ = {isa = PBXFileReference; fileEncoding = 4; lastKnownFileType = sourcecode.swift; path = "NSError+Extensions.swift"; sourceTree = "<group>"; };
		013250D11C9C909600ECB783 /* digicert-sha2.cer */ = {isa = PBXFileReference; lastKnownFileType = file; path = "digicert-sha2.cer"; sourceTree = "<group>"; };
		013250D91CA0724900ECB783 /* AuthenticationController.swift */ = {isa = PBXFileReference; fileEncoding = 4; lastKnownFileType = sourcecode.swift; path = AuthenticationController.swift; sourceTree = "<group>"; };
		013250DB1CA07EE800ECB783 /* VimeoClient.swift */ = {isa = PBXFileReference; fileEncoding = 4; lastKnownFileType = sourcecode.swift; path = VimeoClient.swift; sourceTree = "<group>"; };
		0140F9371CA2F0FD007FF547 /* Request+Authentication.swift */ = {isa = PBXFileReference; fileEncoding = 4; lastKnownFileType = sourcecode.swift; path = "Request+Authentication.swift"; sourceTree = "<group>"; };
		0140F9391CA2FAD1007FF547 /* Scope.swift */ = {isa = PBXFileReference; fileEncoding = 4; lastKnownFileType = sourcecode.swift; path = Scope.swift; sourceTree = "<group>"; };
		0140F93B1CA30A20007FF547 /* Result.swift */ = {isa = PBXFileReference; fileEncoding = 4; lastKnownFileType = sourcecode.swift; path = Result.swift; sourceTree = "<group>"; };
		0141C54D1CA444C600B60639 /* AccountStore.swift */ = {isa = PBXFileReference; fileEncoding = 4; lastKnownFileType = sourcecode.swift; path = AccountStore.swift; sourceTree = "<group>"; };
		0141C54F1CA45ECC00B60639 /* KeychainStore.swift */ = {isa = PBXFileReference; fileEncoding = 4; lastKnownFileType = sourcecode.swift; path = KeychainStore.swift; sourceTree = "<group>"; };
		0155A6D21CC18FAC00DC01F5 /* VIMAccountNew.h */ = {isa = PBXFileReference; fileEncoding = 4; lastKnownFileType = sourcecode.c.h; path = VIMAccountNew.h; sourceTree = "<group>"; };
		0155A6D31CC18FAC00DC01F5 /* VIMAccount.h */ = {isa = PBXFileReference; fileEncoding = 4; lastKnownFileType = sourcecode.c.h; path = VIMAccount.h; sourceTree = "<group>"; };
		0155A6D41CC18FAC00DC01F5 /* VIMAccount.m */ = {isa = PBXFileReference; fileEncoding = 4; lastKnownFileType = sourcecode.c.objc; path = VIMAccount.m; sourceTree = "<group>"; };
		0155A6D51CC18FAC00DC01F5 /* VIMAccountCredential.h */ = {isa = PBXFileReference; fileEncoding = 4; lastKnownFileType = sourcecode.c.h; path = VIMAccountCredential.h; sourceTree = "<group>"; };
		0155A6D61CC18FAC00DC01F5 /* VIMAccountCredential.m */ = {isa = PBXFileReference; fileEncoding = 4; lastKnownFileType = sourcecode.c.objc; path = VIMAccountCredential.m; sourceTree = "<group>"; };
		0155A6D71CC18FAC00DC01F5 /* VIMAccountNew.m */ = {isa = PBXFileReference; fileEncoding = 4; lastKnownFileType = sourcecode.c.objc; path = VIMAccountNew.m; sourceTree = "<group>"; };
		0155A6D81CC18FAC00DC01F5 /* VIMActivity.h */ = {isa = PBXFileReference; fileEncoding = 4; lastKnownFileType = sourcecode.c.h; path = VIMActivity.h; sourceTree = "<group>"; };
		0155A6D91CC18FAC00DC01F5 /* VIMActivity.m */ = {isa = PBXFileReference; fileEncoding = 4; lastKnownFileType = sourcecode.c.objc; path = VIMActivity.m; sourceTree = "<group>"; };
		0155A6DA1CC18FAC00DC01F5 /* VIMAppeal.h */ = {isa = PBXFileReference; fileEncoding = 4; lastKnownFileType = sourcecode.c.h; path = VIMAppeal.h; sourceTree = "<group>"; };
		0155A6DB1CC18FAC00DC01F5 /* VIMAppeal.m */ = {isa = PBXFileReference; fileEncoding = 4; lastKnownFileType = sourcecode.c.objc; path = VIMAppeal.m; sourceTree = "<group>"; };
		0155A6DC1CC18FAC00DC01F5 /* VIMCategory.h */ = {isa = PBXFileReference; fileEncoding = 4; lastKnownFileType = sourcecode.c.h; path = VIMCategory.h; sourceTree = "<group>"; };
		0155A6DD1CC18FAC00DC01F5 /* VIMCategory.m */ = {isa = PBXFileReference; fileEncoding = 4; lastKnownFileType = sourcecode.c.objc; path = VIMCategory.m; sourceTree = "<group>"; };
		0155A6DE1CC18FAC00DC01F5 /* VIMChannel.h */ = {isa = PBXFileReference; fileEncoding = 4; lastKnownFileType = sourcecode.c.h; path = VIMChannel.h; sourceTree = "<group>"; };
		0155A6DF1CC18FAC00DC01F5 /* VIMChannel.m */ = {isa = PBXFileReference; fileEncoding = 4; lastKnownFileType = sourcecode.c.objc; path = VIMChannel.m; sourceTree = "<group>"; };
		0155A6E01CC18FAC00DC01F5 /* VIMComment.h */ = {isa = PBXFileReference; fileEncoding = 4; lastKnownFileType = sourcecode.c.h; path = VIMComment.h; sourceTree = "<group>"; };
		0155A6E11CC18FAC00DC01F5 /* VIMComment.m */ = {isa = PBXFileReference; fileEncoding = 4; lastKnownFileType = sourcecode.c.objc; path = VIMComment.m; sourceTree = "<group>"; };
		0155A6E21CC18FAC00DC01F5 /* VIMConnection.h */ = {isa = PBXFileReference; fileEncoding = 4; lastKnownFileType = sourcecode.c.h; path = VIMConnection.h; sourceTree = "<group>"; };
		0155A6E31CC18FAC00DC01F5 /* VIMConnection.m */ = {isa = PBXFileReference; fileEncoding = 4; lastKnownFileType = sourcecode.c.objc; path = VIMConnection.m; sourceTree = "<group>"; };
		0155A6E41CC18FAC00DC01F5 /* VIMGroup.h */ = {isa = PBXFileReference; fileEncoding = 4; lastKnownFileType = sourcecode.c.h; path = VIMGroup.h; sourceTree = "<group>"; };
		0155A6E51CC18FAC00DC01F5 /* VIMGroup.m */ = {isa = PBXFileReference; fileEncoding = 4; lastKnownFileType = sourcecode.c.objc; path = VIMGroup.m; sourceTree = "<group>"; };
		0155A6E61CC18FAC00DC01F5 /* VIMInteraction.h */ = {isa = PBXFileReference; fileEncoding = 4; lastKnownFileType = sourcecode.c.h; path = VIMInteraction.h; sourceTree = "<group>"; };
		0155A6E71CC18FAC00DC01F5 /* VIMInteraction.m */ = {isa = PBXFileReference; fileEncoding = 4; lastKnownFileType = sourcecode.c.objc; path = VIMInteraction.m; sourceTree = "<group>"; };
		0155A6E81CC18FAC00DC01F5 /* VIMPicture.h */ = {isa = PBXFileReference; fileEncoding = 4; lastKnownFileType = sourcecode.c.h; path = VIMPicture.h; sourceTree = "<group>"; };
		0155A6E91CC18FAC00DC01F5 /* VIMPicture.m */ = {isa = PBXFileReference; fileEncoding = 4; lastKnownFileType = sourcecode.c.objc; path = VIMPicture.m; sourceTree = "<group>"; };
		0155A6EA1CC18FAC00DC01F5 /* VIMPictureCollection.h */ = {isa = PBXFileReference; fileEncoding = 4; lastKnownFileType = sourcecode.c.h; path = VIMPictureCollection.h; sourceTree = "<group>"; };
		0155A6EB1CC18FAC00DC01F5 /* VIMPictureCollection.m */ = {isa = PBXFileReference; fileEncoding = 4; lastKnownFileType = sourcecode.c.objc; path = VIMPictureCollection.m; sourceTree = "<group>"; };
		0155A6EC1CC18FAC00DC01F5 /* VIMPreference.h */ = {isa = PBXFileReference; fileEncoding = 4; lastKnownFileType = sourcecode.c.h; path = VIMPreference.h; sourceTree = "<group>"; };
		0155A6ED1CC18FAC00DC01F5 /* VIMPreference.m */ = {isa = PBXFileReference; fileEncoding = 4; lastKnownFileType = sourcecode.c.objc; path = VIMPreference.m; sourceTree = "<group>"; };
		0155A6EE1CC18FAC00DC01F5 /* VIMPrivacy.h */ = {isa = PBXFileReference; fileEncoding = 4; lastKnownFileType = sourcecode.c.h; path = VIMPrivacy.h; sourceTree = "<group>"; };
		0155A6EF1CC18FAC00DC01F5 /* VIMPrivacy.m */ = {isa = PBXFileReference; fileEncoding = 4; lastKnownFileType = sourcecode.c.objc; path = VIMPrivacy.m; sourceTree = "<group>"; };
		0155A6F01CC18FAC00DC01F5 /* VIMQuantityQuota.h */ = {isa = PBXFileReference; fileEncoding = 4; lastKnownFileType = sourcecode.c.h; path = VIMQuantityQuota.h; sourceTree = "<group>"; };
		0155A6F11CC18FAC00DC01F5 /* VIMQuantityQuota.m */ = {isa = PBXFileReference; fileEncoding = 4; lastKnownFileType = sourcecode.c.objc; path = VIMQuantityQuota.m; sourceTree = "<group>"; };
		0155A6F21CC18FAC00DC01F5 /* VIMSizeQuota.h */ = {isa = PBXFileReference; fileEncoding = 4; lastKnownFileType = sourcecode.c.h; path = VIMSizeQuota.h; sourceTree = "<group>"; };
		0155A6F31CC18FAD00DC01F5 /* VIMSizeQuota.m */ = {isa = PBXFileReference; fileEncoding = 4; lastKnownFileType = sourcecode.c.objc; path = VIMSizeQuota.m; sourceTree = "<group>"; };
		0155A6F41CC18FAD00DC01F5 /* VIMTag.h */ = {isa = PBXFileReference; fileEncoding = 4; lastKnownFileType = sourcecode.c.h; path = VIMTag.h; sourceTree = "<group>"; };
		0155A6F51CC18FAD00DC01F5 /* VIMTag.m */ = {isa = PBXFileReference; fileEncoding = 4; lastKnownFileType = sourcecode.c.objc; path = VIMTag.m; sourceTree = "<group>"; };
		0155A6F61CC18FAD00DC01F5 /* VIMTrigger.h */ = {isa = PBXFileReference; fileEncoding = 4; lastKnownFileType = sourcecode.c.h; path = VIMTrigger.h; sourceTree = "<group>"; };
		0155A6F71CC18FAD00DC01F5 /* VIMTrigger.m */ = {isa = PBXFileReference; fileEncoding = 4; lastKnownFileType = sourcecode.c.objc; path = VIMTrigger.m; sourceTree = "<group>"; };
		0155A6F81CC18FAD00DC01F5 /* VIMUploadQuota.h */ = {isa = PBXFileReference; fileEncoding = 4; lastKnownFileType = sourcecode.c.h; path = VIMUploadQuota.h; sourceTree = "<group>"; };
		0155A6F91CC18FAD00DC01F5 /* VIMUploadQuota.m */ = {isa = PBXFileReference; fileEncoding = 4; lastKnownFileType = sourcecode.c.objc; path = VIMUploadQuota.m; sourceTree = "<group>"; };
		0155A6FA1CC18FAD00DC01F5 /* VIMUploadTicket.h */ = {isa = PBXFileReference; fileEncoding = 4; lastKnownFileType = sourcecode.c.h; path = VIMUploadTicket.h; sourceTree = "<group>"; };
		0155A6FB1CC18FAD00DC01F5 /* VIMUploadTicket.m */ = {isa = PBXFileReference; fileEncoding = 4; lastKnownFileType = sourcecode.c.objc; path = VIMUploadTicket.m; sourceTree = "<group>"; };
		0155A6FC1CC18FAD00DC01F5 /* VIMUser.h */ = {isa = PBXFileReference; fileEncoding = 4; lastKnownFileType = sourcecode.c.h; path = VIMUser.h; sourceTree = "<group>"; };
		0155A6FD1CC18FAD00DC01F5 /* VIMUser.m */ = {isa = PBXFileReference; fileEncoding = 4; lastKnownFileType = sourcecode.c.objc; path = VIMUser.m; sourceTree = "<group>"; };
		0155A6FE1CC18FAD00DC01F5 /* VIMVideo.h */ = {isa = PBXFileReference; fileEncoding = 4; lastKnownFileType = sourcecode.c.h; path = VIMVideo.h; sourceTree = "<group>"; };
		0155A6FF1CC18FAD00DC01F5 /* VIMVideo.m */ = {isa = PBXFileReference; fileEncoding = 4; lastKnownFileType = sourcecode.c.objc; path = VIMVideo.m; sourceTree = "<group>"; };
		0155A7001CC18FAD00DC01F5 /* VIMVideoFile.h */ = {isa = PBXFileReference; fileEncoding = 4; lastKnownFileType = sourcecode.c.h; path = VIMVideoFile.h; sourceTree = "<group>"; };
		0155A7011CC18FAD00DC01F5 /* VIMVideoFile.m */ = {isa = PBXFileReference; fileEncoding = 4; lastKnownFileType = sourcecode.c.objc; path = VIMVideoFile.m; sourceTree = "<group>"; };
		0155A7021CC18FAD00DC01F5 /* VIMVideoLog.h */ = {isa = PBXFileReference; fileEncoding = 4; lastKnownFileType = sourcecode.c.h; path = VIMVideoLog.h; sourceTree = "<group>"; };
		0155A7031CC18FAD00DC01F5 /* VIMVideoLog.m */ = {isa = PBXFileReference; fileEncoding = 4; lastKnownFileType = sourcecode.c.objc; path = VIMVideoLog.m; sourceTree = "<group>"; };
		0155A7041CC18FAD00DC01F5 /* VIMVideoPreference.h */ = {isa = PBXFileReference; fileEncoding = 4; lastKnownFileType = sourcecode.c.h; path = VIMVideoPreference.h; sourceTree = "<group>"; };
		0155A7051CC18FAD00DC01F5 /* VIMVideoPreference.m */ = {isa = PBXFileReference; fileEncoding = 4; lastKnownFileType = sourcecode.c.objc; path = VIMVideoPreference.m; sourceTree = "<group>"; };
		0155A7061CC18FAD00DC01F5 /* VIMVideoUtils.h */ = {isa = PBXFileReference; fileEncoding = 4; lastKnownFileType = sourcecode.c.h; path = VIMVideoUtils.h; sourceTree = "<group>"; };
		0155A7071CC18FAD00DC01F5 /* VIMVideoUtils.m */ = {isa = PBXFileReference; fileEncoding = 4; lastKnownFileType = sourcecode.c.objc; path = VIMVideoUtils.m; sourceTree = "<group>"; };
		018B9F961C9B34050054650E /* VimeoNetworkingExample-iOS.app */ = {isa = PBXFileReference; explicitFileType = wrapper.application; includeInIndex = 0; path = "VimeoNetworkingExample-iOS.app"; sourceTree = BUILT_PRODUCTS_DIR; };
		018B9F991C9B34050054650E /* AppDelegate.swift */ = {isa = PBXFileReference; lastKnownFileType = sourcecode.swift; path = AppDelegate.swift; sourceTree = "<group>"; };
		018B9F9B1C9B34050054650E /* MasterViewController.swift */ = {isa = PBXFileReference; lastKnownFileType = sourcecode.swift; path = MasterViewController.swift; sourceTree = "<group>"; };
		018B9F9D1C9B34050054650E /* DetailViewController.swift */ = {isa = PBXFileReference; lastKnownFileType = sourcecode.swift; path = DetailViewController.swift; sourceTree = "<group>"; };
		018B9FA01C9B34050054650E /* Base */ = {isa = PBXFileReference; lastKnownFileType = file.storyboard; name = Base; path = Base.lproj/Main.storyboard; sourceTree = "<group>"; };
		018B9FA21C9B34050054650E /* Assets.xcassets */ = {isa = PBXFileReference; lastKnownFileType = folder.assetcatalog; path = Assets.xcassets; sourceTree = "<group>"; };
		018B9FA51C9B34050054650E /* Base */ = {isa = PBXFileReference; lastKnownFileType = file.storyboard; name = Base; path = Base.lproj/LaunchScreen.storyboard; sourceTree = "<group>"; };
		018B9FA71C9B34050054650E /* Info.plist */ = {isa = PBXFileReference; lastKnownFileType = text.plist.xml; path = Info.plist; sourceTree = "<group>"; };
		018B9FAC1C9B34050054650E /* VimeoNetworkingExample-iOSTests.xctest */ = {isa = PBXFileReference; explicitFileType = wrapper.cfbundle; includeInIndex = 0; path = "VimeoNetworkingExample-iOSTests.xctest"; sourceTree = BUILT_PRODUCTS_DIR; };
		018B9FB01C9B34050054650E /* VimeoNetworkingExample_iOSTests.swift */ = {isa = PBXFileReference; lastKnownFileType = sourcecode.swift; path = VimeoNetworkingExample_iOSTests.swift; sourceTree = "<group>"; };
		018B9FB21C9B34050054650E /* Info.plist */ = {isa = PBXFileReference; lastKnownFileType = text.plist.xml; path = Info.plist; sourceTree = "<group>"; };
		018B9FB71C9B34050054650E /* VimeoNetworkingExample-iOSUITests.xctest */ = {isa = PBXFileReference; explicitFileType = wrapper.cfbundle; includeInIndex = 0; path = "VimeoNetworkingExample-iOSUITests.xctest"; sourceTree = BUILT_PRODUCTS_DIR; };
		018B9FBB1C9B34050054650E /* VimeoNetworkingExample_iOSUITests.swift */ = {isa = PBXFileReference; lastKnownFileType = sourcecode.swift; path = VimeoNetworkingExample_iOSUITests.swift; sourceTree = "<group>"; };
		018B9FBD1C9B34050054650E /* Info.plist */ = {isa = PBXFileReference; lastKnownFileType = text.plist.xml; path = Info.plist; sourceTree = "<group>"; };
		018B9FD41C9B37380054650E /* VimeoNetworking.swift */ = {isa = PBXFileReference; fileEncoding = 4; lastKnownFileType = sourcecode.swift; path = VimeoNetworking.swift; sourceTree = "<group>"; };
		0197B6B71CA1E0F8000A2901 /* Request.swift */ = {isa = PBXFileReference; fileEncoding = 4; lastKnownFileType = sourcecode.swift; path = Request.swift; sourceTree = "<group>"; };
		0197B6B91CA1E10E000A2901 /* Request+User.swift */ = {isa = PBXFileReference; fileEncoding = 4; lastKnownFileType = sourcecode.swift; path = "Request+User.swift"; sourceTree = "<group>"; };
		0197B6BE1CA1E329000A2901 /* Mappable.swift */ = {isa = PBXFileReference; fileEncoding = 4; lastKnownFileType = sourcecode.swift; path = Mappable.swift; sourceTree = "<group>"; };
		01BAE9281CA98507004CB214 /* AppConfiguration.swift */ = {isa = PBXFileReference; fileEncoding = 4; lastKnownFileType = sourcecode.swift; path = AppConfiguration.swift; sourceTree = "<group>"; };
		01BAE92A1CAADA6F004CB214 /* VimeoSessionManager+Constructors.swift */ = {isa = PBXFileReference; fileEncoding = 4; lastKnownFileType = sourcecode.swift; path = "VimeoSessionManager+Constructors.swift"; sourceTree = "<group>"; };
		01BAE92C1CAB00CB004CB214 /* String+Parameters.swift */ = {isa = PBXFileReference; fileEncoding = 4; lastKnownFileType = sourcecode.swift; path = "String+Parameters.swift"; sourceTree = "<group>"; };
		01BAE92F1CAB13CC004CB214 /* ResponseCache.swift */ = {isa = PBXFileReference; fileEncoding = 4; lastKnownFileType = sourcecode.swift; path = ResponseCache.swift; sourceTree = "<group>"; };
		01C630231CBD790F0018734B /* VIMObjectMapper+Generic.swift */ = {isa = PBXFileReference; fileEncoding = 4; lastKnownFileType = sourcecode.swift; path = "VIMObjectMapper+Generic.swift"; sourceTree = "<group>"; };
		01C630271CC010B70018734B /* Request+Cache.swift */ = {isa = PBXFileReference; fileEncoding = 4; lastKnownFileType = sourcecode.swift; path = "Request+Cache.swift"; sourceTree = "<group>"; };
		097D1643FEAE7486DB0CB7D6 /* Pods-VimeoNetworkingExample-iOSTests.release.xcconfig */ = {isa = PBXFileReference; includeInIndex = 1; lastKnownFileType = text.xcconfig; name = "Pods-VimeoNetworkingExample-iOSTests.release.xcconfig"; path = "../Pods/Target Support Files/Pods-VimeoNetworkingExample-iOSTests/Pods-VimeoNetworkingExample-iOSTests.release.xcconfig"; sourceTree = "<group>"; };
		128A8B3EE78B0F2F924E5E24 /* Pods-VimeoNetworkingExample-iOS.release.xcconfig */ = {isa = PBXFileReference; includeInIndex = 1; lastKnownFileType = text.xcconfig; name = "Pods-VimeoNetworkingExample-iOS.release.xcconfig"; path = "../Pods/Target Support Files/Pods-VimeoNetworkingExample-iOS/Pods-VimeoNetworkingExample-iOS.release.xcconfig"; sourceTree = "<group>"; };
		2B5E5EDEAB2776A3E8F6391A /* Pods_VimeoNetworkingExample_iOSUITests.framework */ = {isa = PBXFileReference; explicitFileType = wrapper.framework; includeInIndex = 0; path = Pods_VimeoNetworkingExample_iOSUITests.framework; sourceTree = BUILT_PRODUCTS_DIR; };
		46114AFA04898F979611854A /* Pods_VimeoNetworkingExample_iOS.framework */ = {isa = PBXFileReference; explicitFileType = wrapper.framework; includeInIndex = 0; path = Pods_VimeoNetworkingExample_iOS.framework; sourceTree = BUILT_PRODUCTS_DIR; };
		7C94F08ECDA88F9FB4D6805A /* Pods-VimeoNetworkingExample-iOSTests.debug.xcconfig */ = {isa = PBXFileReference; includeInIndex = 1; lastKnownFileType = text.xcconfig; name = "Pods-VimeoNetworkingExample-iOSTests.debug.xcconfig"; path = "../Pods/Target Support Files/Pods-VimeoNetworkingExample-iOSTests/Pods-VimeoNetworkingExample-iOSTests.debug.xcconfig"; sourceTree = "<group>"; };
		7D75E4A99C867B547C8DF8D5 /* Pods-VimeoNetworkingExample-iOSUITests.debug.xcconfig */ = {isa = PBXFileReference; includeInIndex = 1; lastKnownFileType = text.xcconfig; name = "Pods-VimeoNetworkingExample-iOSUITests.debug.xcconfig"; path = "../Pods/Target Support Files/Pods-VimeoNetworkingExample-iOSUITests/Pods-VimeoNetworkingExample-iOSUITests.debug.xcconfig"; sourceTree = "<group>"; };
		9D22A36411CC71C284010480 /* Pods_VimeoNetworkingExample_iOSTests.framework */ = {isa = PBXFileReference; explicitFileType = wrapper.framework; includeInIndex = 0; path = Pods_VimeoNetworkingExample_iOSTests.framework; sourceTree = BUILT_PRODUCTS_DIR; };
		A76827E778C303147C297596 /* Pods-VimeoNetworkingExample-iOSUITests.release.xcconfig */ = {isa = PBXFileReference; includeInIndex = 1; lastKnownFileType = text.xcconfig; name = "Pods-VimeoNetworkingExample-iOSUITests.release.xcconfig"; path = "../Pods/Target Support Files/Pods-VimeoNetworkingExample-iOSUITests/Pods-VimeoNetworkingExample-iOSUITests.release.xcconfig"; sourceTree = "<group>"; };
		FC65466C3567E54B46169B9A /* Pods-VimeoNetworkingExample-iOS.debug.xcconfig */ = {isa = PBXFileReference; includeInIndex = 1; lastKnownFileType = text.xcconfig; name = "Pods-VimeoNetworkingExample-iOS.debug.xcconfig"; path = "../Pods/Target Support Files/Pods-VimeoNetworkingExample-iOS/Pods-VimeoNetworkingExample-iOS.debug.xcconfig"; sourceTree = "<group>"; };
/* End PBXFileReference section */

/* Begin PBXFrameworksBuildPhase section */
		018B9F931C9B34050054650E /* Frameworks */ = {
			isa = PBXFrameworksBuildPhase;
			buildActionMask = 2147483647;
			files = (
				DEB396A3F44BBFBE9A602F1A /* Pods_VimeoNetworkingExample_iOS.framework in Frameworks */,
			);
			runOnlyForDeploymentPostprocessing = 0;
		};
		018B9FA91C9B34050054650E /* Frameworks */ = {
			isa = PBXFrameworksBuildPhase;
			buildActionMask = 2147483647;
			files = (
				CC22A6749CADF4DA91D73F04 /* Pods_VimeoNetworkingExample_iOSTests.framework in Frameworks */,
			);
			runOnlyForDeploymentPostprocessing = 0;
		};
		018B9FB41C9B34050054650E /* Frameworks */ = {
			isa = PBXFrameworksBuildPhase;
			buildActionMask = 2147483647;
			files = (
				3BD1FD0AE4F6ED52E4C3A08E /* Pods_VimeoNetworkingExample_iOSUITests.framework in Frameworks */,
			);
			runOnlyForDeploymentPostprocessing = 0;
		};
/* End PBXFrameworksBuildPhase section */

/* Begin PBXGroup section */
		0131B51E1CB44BB30082812A /* Response */ = {
			isa = PBXGroup;
			children = (
				0131B51F1CB44BC90082812A /* Response.swift */,
			);
			name = Response;
			sourceTree = "<group>";
		};
		013250D31C9C916500ECB783 /* Resources */ = {
			isa = PBXGroup;
			children = (
				013250D11C9C909600ECB783 /* digicert-sha2.cer */,
			);
			name = Resources;
			sourceTree = "<group>";
		};
		013250D41C9C917100ECB783 /* Utilities */ = {
			isa = PBXGroup;
			children = (
				01BAE92C1CAB00CB004CB214 /* String+Parameters.swift */,
				0140F93B1CA30A20007FF547 /* Result.swift */,
				013250CF1C9C8D6A00ECB783 /* NSError+Extensions.swift */,
			);
			name = Utilities;
			sourceTree = "<group>";
		};
		013250D51C9C917800ECB783 /* Networking */ = {
			isa = PBXGroup;
			children = (
				01BAE9281CA98507004CB214 /* AppConfiguration.swift */,
				013250C81C9C838700ECB783 /* VimeoRequestSerializer.swift */,
				013250C91C9C838700ECB783 /* VimeoResponseSerializer.swift */,
				013250CA1C9C838700ECB783 /* VimeoSessionManager.swift */,
				013250DB1CA07EE800ECB783 /* VimeoClient.swift */,
				01BAE92A1CAADA6F004CB214 /* VimeoSessionManager+Constructors.swift */,
			);
			name = Networking;
			sourceTree = "<group>";
		};
		013250D61CA05FF400ECB783 /* Authentication */ = {
			isa = PBXGroup;
			children = (
				013250D91CA0724900ECB783 /* AuthenticationController.swift */,
				0140F9391CA2FAD1007FF547 /* Scope.swift */,
				0141C54D1CA444C600B60639 /* AccountStore.swift */,
				0141C54F1CA45ECC00B60639 /* KeychainStore.swift */,
			);
			name = Authentication;
			sourceTree = "<group>";
		};
		0155A7231CC18FBA00DC01F5 /* Model Objects */ = {
			isa = PBXGroup;
			children = (
				0155A6D21CC18FAC00DC01F5 /* VIMAccountNew.h */,
				0155A6D31CC18FAC00DC01F5 /* VIMAccount.h */,
				0155A6D41CC18FAC00DC01F5 /* VIMAccount.m */,
				0155A6D51CC18FAC00DC01F5 /* VIMAccountCredential.h */,
				0155A6D61CC18FAC00DC01F5 /* VIMAccountCredential.m */,
				0155A6D71CC18FAC00DC01F5 /* VIMAccountNew.m */,
				0155A6D81CC18FAC00DC01F5 /* VIMActivity.h */,
				0155A6D91CC18FAC00DC01F5 /* VIMActivity.m */,
				0155A6DA1CC18FAC00DC01F5 /* VIMAppeal.h */,
				0155A6DB1CC18FAC00DC01F5 /* VIMAppeal.m */,
				0155A6DC1CC18FAC00DC01F5 /* VIMCategory.h */,
				0155A6DD1CC18FAC00DC01F5 /* VIMCategory.m */,
				0155A6DE1CC18FAC00DC01F5 /* VIMChannel.h */,
				0155A6DF1CC18FAC00DC01F5 /* VIMChannel.m */,
				0155A6E01CC18FAC00DC01F5 /* VIMComment.h */,
				0155A6E11CC18FAC00DC01F5 /* VIMComment.m */,
				0155A6E21CC18FAC00DC01F5 /* VIMConnection.h */,
				0155A6E31CC18FAC00DC01F5 /* VIMConnection.m */,
				0155A6E41CC18FAC00DC01F5 /* VIMGroup.h */,
				0155A6E51CC18FAC00DC01F5 /* VIMGroup.m */,
				0155A6E61CC18FAC00DC01F5 /* VIMInteraction.h */,
				0155A6E71CC18FAC00DC01F5 /* VIMInteraction.m */,
				0155A6E81CC18FAC00DC01F5 /* VIMPicture.h */,
				0155A6E91CC18FAC00DC01F5 /* VIMPicture.m */,
				0155A6EA1CC18FAC00DC01F5 /* VIMPictureCollection.h */,
				0155A6EB1CC18FAC00DC01F5 /* VIMPictureCollection.m */,
				0155A6EC1CC18FAC00DC01F5 /* VIMPreference.h */,
				0155A6ED1CC18FAC00DC01F5 /* VIMPreference.m */,
				0155A6EE1CC18FAC00DC01F5 /* VIMPrivacy.h */,
				0155A6EF1CC18FAC00DC01F5 /* VIMPrivacy.m */,
				0155A6F01CC18FAC00DC01F5 /* VIMQuantityQuota.h */,
				0155A6F11CC18FAC00DC01F5 /* VIMQuantityQuota.m */,
				0155A6F21CC18FAC00DC01F5 /* VIMSizeQuota.h */,
				0155A6F31CC18FAD00DC01F5 /* VIMSizeQuota.m */,
				0155A6F41CC18FAD00DC01F5 /* VIMTag.h */,
				0155A6F51CC18FAD00DC01F5 /* VIMTag.m */,
				0155A6F61CC18FAD00DC01F5 /* VIMTrigger.h */,
				0155A6F71CC18FAD00DC01F5 /* VIMTrigger.m */,
				0155A6F81CC18FAD00DC01F5 /* VIMUploadQuota.h */,
				0155A6F91CC18FAD00DC01F5 /* VIMUploadQuota.m */,
				0155A6FA1CC18FAD00DC01F5 /* VIMUploadTicket.h */,
				0155A6FB1CC18FAD00DC01F5 /* VIMUploadTicket.m */,
				0155A6FC1CC18FAD00DC01F5 /* VIMUser.h */,
				0155A6FD1CC18FAD00DC01F5 /* VIMUser.m */,
				0155A6FE1CC18FAD00DC01F5 /* VIMVideo.h */,
				0155A6FF1CC18FAD00DC01F5 /* VIMVideo.m */,
				0155A7001CC18FAD00DC01F5 /* VIMVideoFile.h */,
				0155A7011CC18FAD00DC01F5 /* VIMVideoFile.m */,
				0155A7021CC18FAD00DC01F5 /* VIMVideoLog.h */,
				0155A7031CC18FAD00DC01F5 /* VIMVideoLog.m */,
				0155A7041CC18FAD00DC01F5 /* VIMVideoPreference.h */,
				0155A7051CC18FAD00DC01F5 /* VIMVideoPreference.m */,
				0155A7061CC18FAD00DC01F5 /* VIMVideoUtils.h */,
				0155A7071CC18FAD00DC01F5 /* VIMVideoUtils.m */,
			);
			name = "Model Objects";
			sourceTree = "<group>";
		};
		018B9F8D1C9B34050054650E = {
			isa = PBXGroup;
			children = (
				01043B811CA09E3000E7112E /* VimeoNetworking-Bridging-Header.h */,
				018B9FD11C9B37170054650E /* VimeoNetworking */,
				018B9F981C9B34050054650E /* VimeoNetworkingExample-iOS */,
				018B9FAF1C9B34050054650E /* VimeoNetworkingExample-iOSTests */,
				018B9FBA1C9B34050054650E /* VimeoNetworkingExample-iOSUITests */,
				018B9F971C9B34050054650E /* Products */,
				9E56BEC99D20C5D586D815EB /* Pods */,
				902392C1CE34A5CDD3AB5229 /* Frameworks */,
			);
			sourceTree = "<group>";
		};
		018B9F971C9B34050054650E /* Products */ = {
			isa = PBXGroup;
			children = (
				018B9F961C9B34050054650E /* VimeoNetworkingExample-iOS.app */,
				018B9FAC1C9B34050054650E /* VimeoNetworkingExample-iOSTests.xctest */,
				018B9FB71C9B34050054650E /* VimeoNetworkingExample-iOSUITests.xctest */,
			);
			name = Products;
			sourceTree = "<group>";
		};
		018B9F981C9B34050054650E /* VimeoNetworkingExample-iOS */ = {
			isa = PBXGroup;
			children = (
				018B9F991C9B34050054650E /* AppDelegate.swift */,
				018B9F9B1C9B34050054650E /* MasterViewController.swift */,
				018B9F9D1C9B34050054650E /* DetailViewController.swift */,
				018B9F9F1C9B34050054650E /* Main.storyboard */,
				018B9FA21C9B34050054650E /* Assets.xcassets */,
				018B9FA41C9B34050054650E /* LaunchScreen.storyboard */,
				018B9FA71C9B34050054650E /* Info.plist */,
			);
			path = "VimeoNetworkingExample-iOS";
			sourceTree = "<group>";
		};
		018B9FAF1C9B34050054650E /* VimeoNetworkingExample-iOSTests */ = {
			isa = PBXGroup;
			children = (
				018B9FB01C9B34050054650E /* VimeoNetworkingExample_iOSTests.swift */,
				018B9FB21C9B34050054650E /* Info.plist */,
			);
			path = "VimeoNetworkingExample-iOSTests";
			sourceTree = "<group>";
		};
		018B9FBA1C9B34050054650E /* VimeoNetworkingExample-iOSUITests */ = {
			isa = PBXGroup;
			children = (
				018B9FBB1C9B34050054650E /* VimeoNetworkingExample_iOSUITests.swift */,
				018B9FBD1C9B34050054650E /* Info.plist */,
			);
			path = "VimeoNetworkingExample-iOSUITests";
			sourceTree = "<group>";
		};
		018B9FD11C9B37170054650E /* VimeoNetworking */ = {
			isa = PBXGroup;
			children = (
				018B9FD41C9B37380054650E /* VimeoNetworking.swift */,
				013250C71C9C838700ECB783 /* Constants.swift */,
				013250D31C9C916500ECB783 /* Resources */,
				013250D51C9C917800ECB783 /* Networking */,
				01C630221CBD78D90018734B /* Model */,
				0197B6B61CA1E0B6000A2901 /* Request */,
				0131B51E1CB44BB30082812A /* Response */,
				013250D61CA05FF400ECB783 /* Authentication */,
				01BAE92E1CAB13B5004CB214 /* Cache */,
				0197B6BD1CA1E317000A2901 /* Protocols */,
				013250D41C9C917100ECB783 /* Utilities */,
				0155A7231CC18FBA00DC01F5 /* Model Objects */,
			);
			name = VimeoNetworking;
			path = ../VimeoNetworking;
			sourceTree = "<group>";
		};
		0197B6B61CA1E0B6000A2901 /* Request */ = {
			isa = PBXGroup;
			children = (
				0197B6B71CA1E0F8000A2901 /* Request.swift */,
				0197B6B91CA1E10E000A2901 /* Request+User.swift */,
				0140F9371CA2F0FD007FF547 /* Request+Authentication.swift */,
				0131B5211CB463DB0082812A /* Request+Video.swift */,
			);
			name = Request;
			sourceTree = "<group>";
		};
		0197B6BD1CA1E317000A2901 /* Protocols */ = {
			isa = PBXGroup;
			children = (
				0197B6BE1CA1E329000A2901 /* Mappable.swift */,
			);
			name = Protocols;
			sourceTree = "<group>";
		};
		01BAE92E1CAB13B5004CB214 /* Cache */ = {
			isa = PBXGroup;
			children = (
				01BAE92F1CAB13CC004CB214 /* ResponseCache.swift */,
				01C630271CC010B70018734B /* Request+Cache.swift */,
			);
			name = Cache;
			sourceTree = "<group>";
		};
		01C630221CBD78D90018734B /* Model */ = {
			isa = PBXGroup;
			children = (
				01C630231CBD790F0018734B /* VIMObjectMapper+Generic.swift */,
			);
			name = Model;
			sourceTree = "<group>";
		};
		902392C1CE34A5CDD3AB5229 /* Frameworks */ = {
			isa = PBXGroup;
			children = (
				46114AFA04898F979611854A /* Pods_VimeoNetworkingExample_iOS.framework */,
				9D22A36411CC71C284010480 /* Pods_VimeoNetworkingExample_iOSTests.framework */,
				2B5E5EDEAB2776A3E8F6391A /* Pods_VimeoNetworkingExample_iOSUITests.framework */,
			);
			name = Frameworks;
			sourceTree = "<group>";
		};
		9E56BEC99D20C5D586D815EB /* Pods */ = {
			isa = PBXGroup;
			children = (
				128A8B3EE78B0F2F924E5E24 /* Pods-VimeoNetworkingExample-iOS.release.xcconfig */,
				097D1643FEAE7486DB0CB7D6 /* Pods-VimeoNetworkingExample-iOSTests.release.xcconfig */,
				A76827E778C303147C297596 /* Pods-VimeoNetworkingExample-iOSUITests.release.xcconfig */,
				FC65466C3567E54B46169B9A /* Pods-VimeoNetworkingExample-iOS.debug.xcconfig */,
				7C94F08ECDA88F9FB4D6805A /* Pods-VimeoNetworkingExample-iOSTests.debug.xcconfig */,
				7D75E4A99C867B547C8DF8D5 /* Pods-VimeoNetworkingExample-iOSUITests.debug.xcconfig */,
			);
			name = Pods;
			sourceTree = "<group>";
		};
/* End PBXGroup section */

/* Begin PBXNativeTarget section */
		018B9F951C9B34050054650E /* VimeoNetworkingExample-iOS */ = {
			isa = PBXNativeTarget;
			buildConfigurationList = 018B9FC01C9B34050054650E /* Build configuration list for PBXNativeTarget "VimeoNetworkingExample-iOS" */;
			buildPhases = (
				13C1F651C572424FF37A05C8 /* Check Pods Manifest.lock */,
				018B9F921C9B34050054650E /* Sources */,
				018B9F931C9B34050054650E /* Frameworks */,
				018B9F941C9B34050054650E /* Resources */,
				CA6E2119DFC5EFCAF0C431FA /* Embed Pods Frameworks */,
				C3C638DB439B296F24C0C11D /* Copy Pods Resources */,
			);
			buildRules = (
			);
			dependencies = (
			);
			name = "VimeoNetworkingExample-iOS";
			productName = "VimeoNetworkingExample-iOS";
			productReference = 018B9F961C9B34050054650E /* VimeoNetworkingExample-iOS.app */;
			productType = "com.apple.product-type.application";
		};
		018B9FAB1C9B34050054650E /* VimeoNetworkingExample-iOSTests */ = {
			isa = PBXNativeTarget;
			buildConfigurationList = 018B9FC31C9B34050054650E /* Build configuration list for PBXNativeTarget "VimeoNetworkingExample-iOSTests" */;
			buildPhases = (
				A6FE6BD20258845A82DA36E1 /* Check Pods Manifest.lock */,
				018B9FA81C9B34050054650E /* Sources */,
				018B9FA91C9B34050054650E /* Frameworks */,
				018B9FAA1C9B34050054650E /* Resources */,
				173AE94535CA59D7E231FAF0 /* Embed Pods Frameworks */,
				08221E46F165CE439ED37F5E /* Copy Pods Resources */,
			);
			buildRules = (
			);
			dependencies = (
				018B9FAE1C9B34050054650E /* PBXTargetDependency */,
			);
			name = "VimeoNetworkingExample-iOSTests";
			productName = "VimeoNetworkingExample-iOSTests";
			productReference = 018B9FAC1C9B34050054650E /* VimeoNetworkingExample-iOSTests.xctest */;
			productType = "com.apple.product-type.bundle.unit-test";
		};
		018B9FB61C9B34050054650E /* VimeoNetworkingExample-iOSUITests */ = {
			isa = PBXNativeTarget;
			buildConfigurationList = 018B9FC61C9B34050054650E /* Build configuration list for PBXNativeTarget "VimeoNetworkingExample-iOSUITests" */;
			buildPhases = (
				DC7C7B0F08A816A819896461 /* Check Pods Manifest.lock */,
				018B9FB31C9B34050054650E /* Sources */,
				018B9FB41C9B34050054650E /* Frameworks */,
				018B9FB51C9B34050054650E /* Resources */,
				A328E6A320595DD557DD3A62 /* Copy Pods Resources */,
			);
			buildRules = (
			);
			dependencies = (
				018B9FB91C9B34050054650E /* PBXTargetDependency */,
			);
			name = "VimeoNetworkingExample-iOSUITests";
			productName = "VimeoNetworkingExample-iOSUITests";
			productReference = 018B9FB71C9B34050054650E /* VimeoNetworkingExample-iOSUITests.xctest */;
			productType = "com.apple.product-type.bundle.ui-testing";
		};
/* End PBXNativeTarget section */

/* Begin PBXProject section */
		018B9F8E1C9B34050054650E /* Project object */ = {
			isa = PBXProject;
			attributes = {
				LastSwiftUpdateCheck = 0730;
				LastUpgradeCheck = 0730;
				ORGANIZATIONNAME = Vimeo;
				TargetAttributes = {
					018B9F951C9B34050054650E = {
						CreatedOnToolsVersion = 7.3;
						DevelopmentTeam = 35R365FS4Q;
					};
					018B9FAB1C9B34050054650E = {
						CreatedOnToolsVersion = 7.3;
						TestTargetID = 018B9F951C9B34050054650E;
					};
					018B9FB61C9B34050054650E = {
						CreatedOnToolsVersion = 7.3;
						TestTargetID = 018B9F951C9B34050054650E;
					};
				};
			};
			buildConfigurationList = 018B9F911C9B34050054650E /* Build configuration list for PBXProject "VimeoNetworkingExample-iOS" */;
			compatibilityVersion = "Xcode 3.2";
			developmentRegion = English;
			hasScannedForEncodings = 0;
			knownRegions = (
				en,
				Base,
			);
			mainGroup = 018B9F8D1C9B34050054650E;
			productRefGroup = 018B9F971C9B34050054650E /* Products */;
			projectDirPath = "";
			projectRoot = "";
			targets = (
				018B9F951C9B34050054650E /* VimeoNetworkingExample-iOS */,
				018B9FAB1C9B34050054650E /* VimeoNetworkingExample-iOSTests */,
				018B9FB61C9B34050054650E /* VimeoNetworkingExample-iOSUITests */,
			);
		};
/* End PBXProject section */

/* Begin PBXResourcesBuildPhase section */
		018B9F941C9B34050054650E /* Resources */ = {
			isa = PBXResourcesBuildPhase;
			buildActionMask = 2147483647;
			files = (
				018B9FA61C9B34050054650E /* LaunchScreen.storyboard in Resources */,
				018B9FA31C9B34050054650E /* Assets.xcassets in Resources */,
				018B9FA11C9B34050054650E /* Main.storyboard in Resources */,
				013250D21C9C909600ECB783 /* digicert-sha2.cer in Resources */,
			);
			runOnlyForDeploymentPostprocessing = 0;
		};
		018B9FAA1C9B34050054650E /* Resources */ = {
			isa = PBXResourcesBuildPhase;
			buildActionMask = 2147483647;
			files = (
			);
			runOnlyForDeploymentPostprocessing = 0;
		};
		018B9FB51C9B34050054650E /* Resources */ = {
			isa = PBXResourcesBuildPhase;
			buildActionMask = 2147483647;
			files = (
			);
			runOnlyForDeploymentPostprocessing = 0;
		};
/* End PBXResourcesBuildPhase section */

/* Begin PBXShellScriptBuildPhase section */
		08221E46F165CE439ED37F5E /* Copy Pods Resources */ = {
			isa = PBXShellScriptBuildPhase;
			buildActionMask = 2147483647;
			files = (
			);
			inputPaths = (
			);
			name = "Copy Pods Resources";
			outputPaths = (
			);
			runOnlyForDeploymentPostprocessing = 0;
			shellPath = /bin/sh;
			shellScript = "\"${SRCROOT}/../Pods/Target Support Files/Pods-VimeoNetworkingExample-iOSTests/Pods-VimeoNetworkingExample-iOSTests-resources.sh\"\n";
			showEnvVarsInLog = 0;
		};
		13C1F651C572424FF37A05C8 /* Check Pods Manifest.lock */ = {
			isa = PBXShellScriptBuildPhase;
			buildActionMask = 2147483647;
			files = (
			);
			inputPaths = (
			);
			name = "Check Pods Manifest.lock";
			outputPaths = (
			);
			runOnlyForDeploymentPostprocessing = 0;
			shellPath = /bin/sh;
			shellScript = "diff \"${PODS_ROOT}/../Podfile.lock\" \"${PODS_ROOT}/Manifest.lock\" > /dev/null\nif [[ $? != 0 ]] ; then\n    cat << EOM\nerror: The sandbox is not in sync with the Podfile.lock. Run 'pod install' or update your CocoaPods installation.\nEOM\n    exit 1\nfi\n";
			showEnvVarsInLog = 0;
		};
		173AE94535CA59D7E231FAF0 /* Embed Pods Frameworks */ = {
			isa = PBXShellScriptBuildPhase;
			buildActionMask = 2147483647;
			files = (
			);
			inputPaths = (
			);
			name = "Embed Pods Frameworks";
			outputPaths = (
			);
			runOnlyForDeploymentPostprocessing = 0;
			shellPath = /bin/sh;
			shellScript = "\"${SRCROOT}/../Pods/Target Support Files/Pods-VimeoNetworkingExample-iOSTests/Pods-VimeoNetworkingExample-iOSTests-frameworks.sh\"\n";
			showEnvVarsInLog = 0;
		};
		A328E6A320595DD557DD3A62 /* Copy Pods Resources */ = {
			isa = PBXShellScriptBuildPhase;
			buildActionMask = 2147483647;
			files = (
			);
			inputPaths = (
			);
			name = "Copy Pods Resources";
			outputPaths = (
			);
			runOnlyForDeploymentPostprocessing = 0;
			shellPath = /bin/sh;
			shellScript = "\"${SRCROOT}/../Pods/Target Support Files/Pods-VimeoNetworkingExample-iOSUITests/Pods-VimeoNetworkingExample-iOSUITests-resources.sh\"\n";
			showEnvVarsInLog = 0;
		};
		A6FE6BD20258845A82DA36E1 /* Check Pods Manifest.lock */ = {
			isa = PBXShellScriptBuildPhase;
			buildActionMask = 2147483647;
			files = (
			);
			inputPaths = (
			);
			name = "Check Pods Manifest.lock";
			outputPaths = (
			);
			runOnlyForDeploymentPostprocessing = 0;
			shellPath = /bin/sh;
			shellScript = "diff \"${PODS_ROOT}/../Podfile.lock\" \"${PODS_ROOT}/Manifest.lock\" > /dev/null\nif [[ $? != 0 ]] ; then\n    cat << EOM\nerror: The sandbox is not in sync with the Podfile.lock. Run 'pod install' or update your CocoaPods installation.\nEOM\n    exit 1\nfi\n";
			showEnvVarsInLog = 0;
		};
		C3C638DB439B296F24C0C11D /* Copy Pods Resources */ = {
			isa = PBXShellScriptBuildPhase;
			buildActionMask = 2147483647;
			files = (
			);
			inputPaths = (
			);
			name = "Copy Pods Resources";
			outputPaths = (
			);
			runOnlyForDeploymentPostprocessing = 0;
			shellPath = /bin/sh;
			shellScript = "\"${SRCROOT}/../Pods/Target Support Files/Pods-VimeoNetworkingExample-iOS/Pods-VimeoNetworkingExample-iOS-resources.sh\"\n";
			showEnvVarsInLog = 0;
		};
		CA6E2119DFC5EFCAF0C431FA /* Embed Pods Frameworks */ = {
			isa = PBXShellScriptBuildPhase;
			buildActionMask = 2147483647;
			files = (
			);
			inputPaths = (
			);
			name = "Embed Pods Frameworks";
			outputPaths = (
			);
			runOnlyForDeploymentPostprocessing = 0;
			shellPath = /bin/sh;
			shellScript = "\"${SRCROOT}/../Pods/Target Support Files/Pods-VimeoNetworkingExample-iOS/Pods-VimeoNetworkingExample-iOS-frameworks.sh\"\n";
			showEnvVarsInLog = 0;
		};
		DC7C7B0F08A816A819896461 /* Check Pods Manifest.lock */ = {
			isa = PBXShellScriptBuildPhase;
			buildActionMask = 2147483647;
			files = (
			);
			inputPaths = (
			);
			name = "Check Pods Manifest.lock";
			outputPaths = (
			);
			runOnlyForDeploymentPostprocessing = 0;
			shellPath = /bin/sh;
			shellScript = "diff \"${PODS_ROOT}/../Podfile.lock\" \"${PODS_ROOT}/Manifest.lock\" > /dev/null\nif [[ $? != 0 ]] ; then\n    cat << EOM\nerror: The sandbox is not in sync with the Podfile.lock. Run 'pod install' or update your CocoaPods installation.\nEOM\n    exit 1\nfi\n";
			showEnvVarsInLog = 0;
		};
/* End PBXShellScriptBuildPhase section */

/* Begin PBXSourcesBuildPhase section */
		018B9F921C9B34050054650E /* Sources */ = {
			isa = PBXSourcesBuildPhase;
			buildActionMask = 2147483647;
			files = (
				0140F93A1CA2FAD1007FF547 /* Scope.swift in Sources */,
				01BAE9301CAB13CC004CB214 /* ResponseCache.swift in Sources */,
				0155A7191CC18FAD00DC01F5 /* VIMTag.m in Sources */,
				0155A7131CC18FAD00DC01F5 /* VIMPicture.m in Sources */,
				0155A7161CC18FAD00DC01F5 /* VIMPrivacy.m in Sources */,
				0155A7091CC18FAD00DC01F5 /* VIMAccountCredential.m in Sources */,
				01C630281CC010B70018734B /* Request+Cache.swift in Sources */,
				0155A7181CC18FAD00DC01F5 /* VIMSizeQuota.m in Sources */,
				0155A7111CC18FAD00DC01F5 /* VIMGroup.m in Sources */,
				01BAE92B1CAADA6F004CB214 /* VimeoSessionManager+Constructors.swift in Sources */,
				0155A70C1CC18FAD00DC01F5 /* VIMAppeal.m in Sources */,
				0155A70E1CC18FAD00DC01F5 /* VIMChannel.m in Sources */,
				0155A7081CC18FAD00DC01F5 /* VIMAccount.m in Sources */,
				0131B5221CB463DB0082812A /* Request+Video.swift in Sources */,
				013250D01C9C8D6A00ECB783 /* NSError+Extensions.swift in Sources */,
				0155A7151CC18FAD00DC01F5 /* VIMPreference.m in Sources */,
				0155A7221CC18FAD00DC01F5 /* VIMVideoUtils.m in Sources */,
				0197B6BF1CA1E329000A2901 /* Mappable.swift in Sources */,
				0155A71C1CC18FAD00DC01F5 /* VIMUploadTicket.m in Sources */,
				013250CC1C9C838700ECB783 /* VimeoRequestSerializer.swift in Sources */,
				01BAE92D1CAB00CB004CB214 /* String+Parameters.swift in Sources */,
				0155A70B1CC18FAD00DC01F5 /* VIMActivity.m in Sources */,
				0155A71F1CC18FAD00DC01F5 /* VIMVideoFile.m in Sources */,
				0155A7121CC18FAD00DC01F5 /* VIMInteraction.m in Sources */,
				0155A71E1CC18FAD00DC01F5 /* VIMVideo.m in Sources */,
				013250CD1C9C838700ECB783 /* VimeoResponseSerializer.swift in Sources */,
				013250DC1CA07EE800ECB783 /* VimeoClient.swift in Sources */,
				0155A71B1CC18FAD00DC01F5 /* VIMUploadQuota.m in Sources */,
				0155A71D1CC18FAD00DC01F5 /* VIMUser.m in Sources */,
				0155A70F1CC18FAD00DC01F5 /* VIMComment.m in Sources */,
				01BAE9291CA98507004CB214 /* AppConfiguration.swift in Sources */,
				0155A7141CC18FAD00DC01F5 /* VIMPictureCollection.m in Sources */,
				013250CB1C9C838700ECB783 /* Constants.swift in Sources */,
				0140F9381CA2F0FD007FF547 /* Request+Authentication.swift in Sources */,
				013250CE1C9C838700ECB783 /* VimeoSessionManager.swift in Sources */,
				018B9FD51C9B37380054650E /* VimeoNetworking.swift in Sources */,
				0155A7171CC18FAD00DC01F5 /* VIMQuantityQuota.m in Sources */,
				018B9F9E1C9B34050054650E /* DetailViewController.swift in Sources */,
				013250DA1CA0724900ECB783 /* AuthenticationController.swift in Sources */,
				0131B5201CB44BC90082812A /* Response.swift in Sources */,
				0197B6B81CA1E0F8000A2901 /* Request.swift in Sources */,
				0155A71A1CC18FAD00DC01F5 /* VIMTrigger.m in Sources */,
				0197B6BA1CA1E10E000A2901 /* Request+User.swift in Sources */,
				0155A70D1CC18FAD00DC01F5 /* VIMCategory.m in Sources */,
				0141C5501CA45ECC00B60639 /* KeychainStore.swift in Sources */,
				0140F93C1CA30A20007FF547 /* Result.swift in Sources */,
				0155A7101CC18FAD00DC01F5 /* VIMConnection.m in Sources */,
				01C630241CBD790F0018734B /* VIMObjectMapper+Generic.swift in Sources */,
				0141C54E1CA444C600B60639 /* AccountStore.swift in Sources */,
				0155A70A1CC18FAD00DC01F5 /* VIMAccountNew.m in Sources */,
				0155A7201CC18FAD00DC01F5 /* VIMVideoLog.m in Sources */,
				018B9F9C1C9B34050054650E /* MasterViewController.swift in Sources */,
				018B9F9A1C9B34050054650E /* AppDelegate.swift in Sources */,
				0155A7211CC18FAD00DC01F5 /* VIMVideoPreference.m in Sources */,
			);
			runOnlyForDeploymentPostprocessing = 0;
		};
		018B9FA81C9B34050054650E /* Sources */ = {
			isa = PBXSourcesBuildPhase;
			buildActionMask = 2147483647;
			files = (
				018B9FB11C9B34050054650E /* VimeoNetworkingExample_iOSTests.swift in Sources */,
			);
			runOnlyForDeploymentPostprocessing = 0;
		};
		018B9FB31C9B34050054650E /* Sources */ = {
			isa = PBXSourcesBuildPhase;
			buildActionMask = 2147483647;
			files = (
				018B9FBC1C9B34050054650E /* VimeoNetworkingExample_iOSUITests.swift in Sources */,
			);
			runOnlyForDeploymentPostprocessing = 0;
		};
/* End PBXSourcesBuildPhase section */

/* Begin PBXTargetDependency section */
		018B9FAE1C9B34050054650E /* PBXTargetDependency */ = {
			isa = PBXTargetDependency;
			target = 018B9F951C9B34050054650E /* VimeoNetworkingExample-iOS */;
			targetProxy = 018B9FAD1C9B34050054650E /* PBXContainerItemProxy */;
		};
		018B9FB91C9B34050054650E /* PBXTargetDependency */ = {
			isa = PBXTargetDependency;
			target = 018B9F951C9B34050054650E /* VimeoNetworkingExample-iOS */;
			targetProxy = 018B9FB81C9B34050054650E /* PBXContainerItemProxy */;
		};
/* End PBXTargetDependency section */

/* Begin PBXVariantGroup section */
		018B9F9F1C9B34050054650E /* Main.storyboard */ = {
			isa = PBXVariantGroup;
			children = (
				018B9FA01C9B34050054650E /* Base */,
			);
			name = Main.storyboard;
			sourceTree = "<group>";
		};
		018B9FA41C9B34050054650E /* LaunchScreen.storyboard */ = {
			isa = PBXVariantGroup;
			children = (
				018B9FA51C9B34050054650E /* Base */,
			);
			name = LaunchScreen.storyboard;
			sourceTree = "<group>";
		};
/* End PBXVariantGroup section */

/* Begin XCBuildConfiguration section */
		018B9FBE1C9B34050054650E /* Debug */ = {
			isa = XCBuildConfiguration;
			buildSettings = {
				ALWAYS_SEARCH_USER_PATHS = NO;
				CLANG_ANALYZER_NONNULL = YES;
				CLANG_CXX_LANGUAGE_STANDARD = "gnu++0x";
				CLANG_CXX_LIBRARY = "libc++";
				CLANG_ENABLE_MODULES = YES;
				CLANG_ENABLE_OBJC_ARC = YES;
				CLANG_WARN_BOOL_CONVERSION = YES;
				CLANG_WARN_CONSTANT_CONVERSION = YES;
				CLANG_WARN_DIRECT_OBJC_ISA_USAGE = YES_ERROR;
				CLANG_WARN_EMPTY_BODY = YES;
				CLANG_WARN_ENUM_CONVERSION = YES;
				CLANG_WARN_INT_CONVERSION = YES;
				CLANG_WARN_OBJC_ROOT_CLASS = YES_ERROR;
				CLANG_WARN_UNREACHABLE_CODE = YES;
				CLANG_WARN__DUPLICATE_METHOD_MATCH = YES;
				"CODE_SIGN_IDENTITY[sdk=iphoneos*]" = "iPhone Developer";
				COPY_PHASE_STRIP = NO;
				DEBUG_INFORMATION_FORMAT = dwarf;
				ENABLE_STRICT_OBJC_MSGSEND = YES;
				ENABLE_TESTABILITY = YES;
				GCC_C_LANGUAGE_STANDARD = gnu99;
				GCC_DYNAMIC_NO_PIC = NO;
				GCC_NO_COMMON_BLOCKS = YES;
				GCC_OPTIMIZATION_LEVEL = 0;
				GCC_PREPROCESSOR_DEFINITIONS = (
					"DEBUG=1",
					"$(inherited)",
				);
				GCC_WARN_64_TO_32_BIT_CONVERSION = YES;
				GCC_WARN_ABOUT_RETURN_TYPE = YES_ERROR;
				GCC_WARN_UNDECLARED_SELECTOR = YES;
				GCC_WARN_UNINITIALIZED_AUTOS = YES_AGGRESSIVE;
				GCC_WARN_UNUSED_FUNCTION = YES;
				GCC_WARN_UNUSED_VARIABLE = YES;
				IPHONEOS_DEPLOYMENT_TARGET = 9.3;
				MTL_ENABLE_DEBUG_INFO = YES;
				ONLY_ACTIVE_ARCH = YES;
				SDKROOT = iphoneos;
				SWIFT_OPTIMIZATION_LEVEL = "-Onone";
				TARGETED_DEVICE_FAMILY = "1,2";
			};
			name = Debug;
		};
		018B9FBF1C9B34050054650E /* Release */ = {
			isa = XCBuildConfiguration;
			buildSettings = {
				ALWAYS_SEARCH_USER_PATHS = NO;
				CLANG_ANALYZER_NONNULL = YES;
				CLANG_CXX_LANGUAGE_STANDARD = "gnu++0x";
				CLANG_CXX_LIBRARY = "libc++";
				CLANG_ENABLE_MODULES = YES;
				CLANG_ENABLE_OBJC_ARC = YES;
				CLANG_WARN_BOOL_CONVERSION = YES;
				CLANG_WARN_CONSTANT_CONVERSION = YES;
				CLANG_WARN_DIRECT_OBJC_ISA_USAGE = YES_ERROR;
				CLANG_WARN_EMPTY_BODY = YES;
				CLANG_WARN_ENUM_CONVERSION = YES;
				CLANG_WARN_INT_CONVERSION = YES;
				CLANG_WARN_OBJC_ROOT_CLASS = YES_ERROR;
				CLANG_WARN_UNREACHABLE_CODE = YES;
				CLANG_WARN__DUPLICATE_METHOD_MATCH = YES;
				"CODE_SIGN_IDENTITY[sdk=iphoneos*]" = "iPhone Developer";
				COPY_PHASE_STRIP = NO;
				DEBUG_INFORMATION_FORMAT = "dwarf-with-dsym";
				ENABLE_NS_ASSERTIONS = NO;
				ENABLE_STRICT_OBJC_MSGSEND = YES;
				GCC_C_LANGUAGE_STANDARD = gnu99;
				GCC_NO_COMMON_BLOCKS = YES;
				GCC_WARN_64_TO_32_BIT_CONVERSION = YES;
				GCC_WARN_ABOUT_RETURN_TYPE = YES_ERROR;
				GCC_WARN_UNDECLARED_SELECTOR = YES;
				GCC_WARN_UNINITIALIZED_AUTOS = YES_AGGRESSIVE;
				GCC_WARN_UNUSED_FUNCTION = YES;
				GCC_WARN_UNUSED_VARIABLE = YES;
				IPHONEOS_DEPLOYMENT_TARGET = 9.3;
				MTL_ENABLE_DEBUG_INFO = NO;
				SDKROOT = iphoneos;
				TARGETED_DEVICE_FAMILY = "1,2";
				VALIDATE_PRODUCT = YES;
			};
			name = Release;
		};
		018B9FC11C9B34050054650E /* Debug */ = {
			isa = XCBuildConfiguration;
			baseConfigurationReference = FC65466C3567E54B46169B9A /* Pods-VimeoNetworkingExample-iOS.debug.xcconfig */;
			buildSettings = {
				ASSETCATALOG_COMPILER_APPICON_NAME = AppIcon;
				CODE_SIGN_IDENTITY = "iPhone Developer";
				"CODE_SIGN_IDENTITY[sdk=iphoneos*]" = "iPhone Developer";
				INFOPLIST_FILE = "VimeoNetworkingExample-iOS/Info.plist";
				IPHONEOS_DEPLOYMENT_TARGET = 8.0;
				LD_RUNPATH_SEARCH_PATHS = "$(inherited) @executable_path/Frameworks";
				PRODUCT_BUNDLE_IDENTIFIER = "com.vimeo.VimeoNetworkingExample-iOS";
				PRODUCT_NAME = "$(TARGET_NAME)";
				PROVISIONING_PROFILE = "";
				SWIFT_OBJC_BRIDGING_HEADER = "VimeoNetworking-Bridging-Header.h";
			};
			name = Debug;
		};
		018B9FC21C9B34050054650E /* Release */ = {
			isa = XCBuildConfiguration;
			baseConfigurationReference = 128A8B3EE78B0F2F924E5E24 /* Pods-VimeoNetworkingExample-iOS.release.xcconfig */;
			buildSettings = {
				ASSETCATALOG_COMPILER_APPICON_NAME = AppIcon;
				CODE_SIGN_IDENTITY = "iPhone Developer";
				"CODE_SIGN_IDENTITY[sdk=iphoneos*]" = "iPhone Developer";
				INFOPLIST_FILE = "VimeoNetworkingExample-iOS/Info.plist";
				IPHONEOS_DEPLOYMENT_TARGET = 8.0;
				LD_RUNPATH_SEARCH_PATHS = "$(inherited) @executable_path/Frameworks";
				PRODUCT_BUNDLE_IDENTIFIER = "com.vimeo.VimeoNetworkingExample-iOS";
				PRODUCT_NAME = "$(TARGET_NAME)";
				PROVISIONING_PROFILE = "";
				SWIFT_OBJC_BRIDGING_HEADER = "VimeoNetworking-Bridging-Header.h";
			};
			name = Release;
		};
		018B9FC41C9B34050054650E /* Debug */ = {
			isa = XCBuildConfiguration;
			baseConfigurationReference = 7C94F08ECDA88F9FB4D6805A /* Pods-VimeoNetworkingExample-iOSTests.debug.xcconfig */;
			buildSettings = {
				BUNDLE_LOADER = "$(TEST_HOST)";
				INFOPLIST_FILE = "VimeoNetworkingExample-iOSTests/Info.plist";
				LD_RUNPATH_SEARCH_PATHS = "$(inherited) @executable_path/Frameworks @loader_path/Frameworks";
				PRODUCT_BUNDLE_IDENTIFIER = "com.vimeo.VimeoNetworkingExample-iOSTests";
				PRODUCT_NAME = "$(TARGET_NAME)";
				TEST_HOST = "$(BUILT_PRODUCTS_DIR)/VimeoNetworkingExample-iOS.app/VimeoNetworkingExample-iOS";
			};
			name = Debug;
		};
		018B9FC51C9B34050054650E /* Release */ = {
			isa = XCBuildConfiguration;
			baseConfigurationReference = 097D1643FEAE7486DB0CB7D6 /* Pods-VimeoNetworkingExample-iOSTests.release.xcconfig */;
			buildSettings = {
				BUNDLE_LOADER = "$(TEST_HOST)";
				INFOPLIST_FILE = "VimeoNetworkingExample-iOSTests/Info.plist";
				LD_RUNPATH_SEARCH_PATHS = "$(inherited) @executable_path/Frameworks @loader_path/Frameworks";
				PRODUCT_BUNDLE_IDENTIFIER = "com.vimeo.VimeoNetworkingExample-iOSTests";
				PRODUCT_NAME = "$(TARGET_NAME)";
				TEST_HOST = "$(BUILT_PRODUCTS_DIR)/VimeoNetworkingExample-iOS.app/VimeoNetworkingExample-iOS";
			};
			name = Release;
		};
		018B9FC71C9B34050054650E /* Debug */ = {
			isa = XCBuildConfiguration;
			baseConfigurationReference = 7D75E4A99C867B547C8DF8D5 /* Pods-VimeoNetworkingExample-iOSUITests.debug.xcconfig */;
			buildSettings = {
				INFOPLIST_FILE = "VimeoNetworkingExample-iOSUITests/Info.plist";
				LD_RUNPATH_SEARCH_PATHS = "$(inherited) @executable_path/Frameworks @loader_path/Frameworks";
				PRODUCT_BUNDLE_IDENTIFIER = "com.vimeo.VimeoNetworkingExample-iOSUITests";
				PRODUCT_NAME = "$(TARGET_NAME)";
				TEST_TARGET_NAME = "VimeoNetworkingExample-iOS";
			};
			name = Debug;
		};
		018B9FC81C9B34050054650E /* Release */ = {
			isa = XCBuildConfiguration;
			baseConfigurationReference = A76827E778C303147C297596 /* Pods-VimeoNetworkingExample-iOSUITests.release.xcconfig */;
			buildSettings = {
				INFOPLIST_FILE = "VimeoNetworkingExample-iOSUITests/Info.plist";
				LD_RUNPATH_SEARCH_PATHS = "$(inherited) @executable_path/Frameworks @loader_path/Frameworks";
				PRODUCT_BUNDLE_IDENTIFIER = "com.vimeo.VimeoNetworkingExample-iOSUITests";
				PRODUCT_NAME = "$(TARGET_NAME)";
				TEST_TARGET_NAME = "VimeoNetworkingExample-iOS";
			};
			name = Release;
		};
/* End XCBuildConfiguration section */

/* Begin XCConfigurationList section */
		018B9F911C9B34050054650E /* Build configuration list for PBXProject "VimeoNetworkingExample-iOS" */ = {
			isa = XCConfigurationList;
			buildConfigurations = (
				018B9FBE1C9B34050054650E /* Debug */,
				018B9FBF1C9B34050054650E /* Release */,
			);
			defaultConfigurationIsVisible = 0;
			defaultConfigurationName = Release;
		};
		018B9FC01C9B34050054650E /* Build configuration list for PBXNativeTarget "VimeoNetworkingExample-iOS" */ = {
			isa = XCConfigurationList;
			buildConfigurations = (
				018B9FC11C9B34050054650E /* Debug */,
				018B9FC21C9B34050054650E /* Release */,
			);
			defaultConfigurationIsVisible = 0;
			defaultConfigurationName = Release;
		};
		018B9FC31C9B34050054650E /* Build configuration list for PBXNativeTarget "VimeoNetworkingExample-iOSTests" */ = {
			isa = XCConfigurationList;
			buildConfigurations = (
				018B9FC41C9B34050054650E /* Debug */,
				018B9FC51C9B34050054650E /* Release */,
			);
			defaultConfigurationIsVisible = 0;
			defaultConfigurationName = Release;
		};
		018B9FC61C9B34050054650E /* Build configuration list for PBXNativeTarget "VimeoNetworkingExample-iOSUITests" */ = {
			isa = XCConfigurationList;
			buildConfigurations = (
				018B9FC71C9B34050054650E /* Debug */,
				018B9FC81C9B34050054650E /* Release */,
			);
			defaultConfigurationIsVisible = 0;
			defaultConfigurationName = Release;
		};
/* End XCConfigurationList section */
	};
	rootObject = 018B9F8E1C9B34050054650E /* Project object */;
}
